// !$*UTF8*$!
{
	archiveVersion = 1;
	classes = {
	};
	objectVersion = 50;
	objects = {

/* Begin PBXBuildFile section */
		04040BBD223682FB00DAFAC5 /* BCLSportsDietaryAddSportsListPickerView.m in Sources */ = {isa = PBXBuildFile; fileRef = 04040BBC223682FB00DAFAC5 /* BCLSportsDietaryAddSportsListPickerView.m */; };
		0408466C221460AB00E8F0DE /* BCLSportsDietaryRecordDietaryTableViewSectionView.m in Sources */ = {isa = PBXBuildFile; fileRef = 0408466B221460AB00E8F0DE /* BCLSportsDietaryRecordDietaryTableViewSectionView.m */; };
		0408467022158C0800E8F0DE /* bcl_ic_soprts_tableView_cellDeleteButton.png in Resources */ = {isa = PBXBuildFile; fileRef = 0408466F22158C0800E8F0DE /* bcl_ic_soprts_tableView_cellDeleteButton.png */; };
		042A8F08223E898600CE57AB /* BCLSportsDietaryDetailDietaryView.m in Sources */ = {isa = PBXBuildFile; fileRef = 042A8F07223E898600CE57AB /* BCLSportsDietaryDetailDietaryView.m */; };
		042A8F0E223FCBA300CE57AB /* BCLSportsDietaryAddSportsBounceView.m in Sources */ = {isa = PBXBuildFile; fileRef = 042A8F0D223FCBA300CE57AB /* BCLSportsDietaryAddSportsBounceView.m */; };
		042A8F12223FEDB700CE57AB /* BCLSportsDietaryDetailDietaryViewController.m in Sources */ = {isa = PBXBuildFile; fileRef = 042A8F11223FEDB700CE57AB /* BCLSportsDietaryDetailDietaryViewController.m */; };
		042A8F1A2241D0FE00CE57AB /* bcl_ic_dietary_detailDietary_testDietaryImage.png in Resources */ = {isa = PBXBuildFile; fileRef = 042A8F192241D0FD00CE57AB /* bcl_ic_dietary_detailDietary_testDietaryImage.png */; };
		043C543921FDB28B00F041D0 /* bcl_ic_soprts_tableView_bottomAddButton.png in Resources */ = {isa = PBXBuildFile; fileRef = 043C543821FDB28B00F041D0 /* bcl_ic_soprts_tableView_bottomAddButton.png */; };
		043C543B21FDD74700F041D0 /* bcl_ic_soprts_tableView_cellBackgroundImage.png in Resources */ = {isa = PBXBuildFile; fileRef = 043C543A21FDD74700F041D0 /* bcl_ic_soprts_tableView_cellBackgroundImage.png */; };
		0457FA2322015E6600176341 /* BCLSportsDietaryRecordSportsTableViewCellView.m in Sources */ = {isa = PBXBuildFile; fileRef = 0457FA2222015E6600176341 /* BCLSportsDietaryRecordSportsTableViewCellView.m */; };
		046496D621F7F9BE0093AC4E /* BCLBaseViewController.m in Sources */ = {isa = PBXBuildFile; fileRef = 046496D521F7F9BE0093AC4E /* BCLBaseViewController.m */; };
		046496D921F8038B0093AC4E /* BCLLogViewController.m in Sources */ = {isa = PBXBuildFile; fileRef = 046496D821F8038B0093AC4E /* BCLLogViewController.m */; };
		046496DC21F803B50093AC4E /* BCLSportsDietaryViewController.m in Sources */ = {isa = PBXBuildFile; fileRef = 046496DB21F803B50093AC4E /* BCLSportsDietaryViewController.m */; };
		046496DF21F803D70093AC4E /* BCLCommunityViewController.m in Sources */ = {isa = PBXBuildFile; fileRef = 046496DE21F803D70093AC4E /* BCLCommunityViewController.m */; };
		046496E921F9A2580093AC4E /* BCLSportsDietaryRecordView.m in Sources */ = {isa = PBXBuildFile; fileRef = 046496E821F9A2580093AC4E /* BCLSportsDietaryRecordView.m */; };
		046496EB21F9A8610093AC4E /* bcl_ic_soprts_segmentedControl_bottomSelected.png in Resources */ = {isa = PBXBuildFile; fileRef = 046496EA21F9A8610093AC4E /* bcl_ic_soprts_segmentedControl_bottomSelected.png */; };
		046496F121FB399F0093AC4E /* BCLSportsDietaryRecordSportsTableViewCell.m in Sources */ = {isa = PBXBuildFile; fileRef = 046496F021FB399F0093AC4E /* BCLSportsDietaryRecordSportsTableViewCell.m */; };
		046496F421FB46B50093AC4E /* BCLSportsDietaryRecordSportsHeadView.m in Sources */ = {isa = PBXBuildFile; fileRef = 046496F321FB46B50093AC4E /* BCLSportsDietaryRecordSportsHeadView.m */; };
		046496F721FB46DB0093AC4E /* BCLSportsDietaryRecordSportsBottomView.m in Sources */ = {isa = PBXBuildFile; fileRef = 046496F621FB46DB0093AC4E /* BCLSportsDietaryRecordSportsBottomView.m */; };
		046497D82225127A00D9AA0A /* BCLSportsDietaryAddSportsListViewController.m in Sources */ = {isa = PBXBuildFile; fileRef = 046497D72225127A00D9AA0A /* BCLSportsDietaryAddSportsListViewController.m */; };
		046497DC22251FB500D9AA0A /* BCLSportsDietaryAddSportsListView.m in Sources */ = {isa = PBXBuildFile; fileRef = 046497DB22251FB500D9AA0A /* BCLSportsDietaryAddSportsListView.m */; };
		048300B12219A4AD000DDE19 /* BCLSportsDietaryRecordDietaryRecipeView.m in Sources */ = {isa = PBXBuildFile; fileRef = 048300B02219A4AD000DDE19 /* BCLSportsDietaryRecordDietaryRecipeView.m */; };
		048300C0221AFB85000DDE19 /* bcl_ic_log_week_aixin_selected.png in Resources */ = {isa = PBXBuildFile; fileRef = 048300BF221AFB85000DDE19 /* bcl_ic_log_week_aixin_selected.png */; };
		048300C3221C3F7A000DDE19 /* bcl_ic_Dietary_tableView_sectionSetting.png in Resources */ = {isa = PBXBuildFile; fileRef = 048300C2221C3F7A000DDE19 /* bcl_ic_Dietary_tableView_sectionSetting.png */; };
		04D7519F222D48A1005D7027 /* BCLSportsDietaryAddSportsListTagView.m in Sources */ = {isa = PBXBuildFile; fileRef = 04D7519E222D48A1005D7027 /* BCLSportsDietaryAddSportsListTagView.m */; };
		04FE34B0222FC47200B9F1F0 /* bcl_ic_soprts_addSports_addButton.png in Resources */ = {isa = PBXBuildFile; fileRef = 04FE34AF222FC47200B9F1F0 /* bcl_ic_soprts_addSports_addButton.png */; };
		04FE34B6222FFB4E00B9F1F0 /* BCLSportsDietaryAddSportsListTableViewCell.m in Sources */ = {isa = PBXBuildFile; fileRef = 04FE34B5222FFB4E00B9F1F0 /* BCLSportsDietaryAddSportsListTableViewCell.m */; };
		5A46CE68DB97B13E78568515 /* libPods-Burning-calories-APP.a in Frameworks */ = {isa = PBXBuildFile; fileRef = 4A44AD2EE5AF1285FC01A860 /* libPods-Burning-calories-APP.a */; };
		9708E21F221995B2004BC766 /* bcl_bg_log_month_allCell.png in Resources */ = {isa = PBXBuildFile; fileRef = 9708E21E221995B2004BC766 /* bcl_bg_log_month_allCell.png */; };
		9708E946222419280037EA02 /* BCLImagePreviewView.m in Sources */ = {isa = PBXBuildFile; fileRef = 9708E945222419280037EA02 /* BCLImagePreviewView.m */; };
		9708E94922242F000037EA02 /* UIView+Geometry.m in Sources */ = {isa = PBXBuildFile; fileRef = 9708E94822242F000037EA02 /* UIView+Geometry.m */; };
		9709248F2276DB7D00DA25C0 /* BCLBaseTabBarController.m in Sources */ = {isa = PBXBuildFile; fileRef = 9709248E2276DB7C00DA25C0 /* BCLBaseTabBarController.m */; };
		97098B75226F4A96001C6A48 /* APIClient.m in Sources */ = {isa = PBXBuildFile; fileRef = 97098B74226F4A96001C6A48 /* APIClient.m */; };
		9709D7E422145D3300B1EF9F /* bcl_ic_log_week_share_selected.png in Resources */ = {isa = PBXBuildFile; fileRef = 9709D7E222145D3300B1EF9F /* bcl_ic_log_week_share_selected.png */; };
		970A718322032A6A00A9C999 /* BCLWeekTimeRecordView.m in Sources */ = {isa = PBXBuildFile; fileRef = 970A718222032A6A00A9C999 /* BCLWeekTimeRecordView.m */; };
		970C7630221706DA00DE5F88 /* bcl_ic_log_week_aixin.png in Resources */ = {isa = PBXBuildFile; fileRef = 970C762F221706DA00DE5F88 /* bcl_ic_log_week_aixin.png */; };
		970C7C1822808376002FC9A0 /* BCLMineViewController.m in Sources */ = {isa = PBXBuildFile; fileRef = 970C7C1722808376002FC9A0 /* BCLMineViewController.m */; };
		970C7C1B22808394002FC9A0 /* BCLMineView.m in Sources */ = {isa = PBXBuildFile; fileRef = 970C7C1A22808394002FC9A0 /* BCLMineView.m */; };
		970EBB41221857AB00025038 /* FSLineChart.m in Sources */ = {isa = PBXBuildFile; fileRef = 970EBB3E221857AB00025038 /* FSLineChart.m */; };
		970EBB42221857AB00025038 /* UIColor+FSPalette.m in Sources */ = {isa = PBXBuildFile; fileRef = 970EBB40221857AB00025038 /* UIColor+FSPalette.m */; };
		970EBB452218581900025038 /* BCLMonthLineChartView.m in Sources */ = {isa = PBXBuildFile; fileRef = 970EBB442218581900025038 /* BCLMonthLineChartView.m */; };
		97149C2B221D8C1D001454B0 /* BCLCommunityView.m in Sources */ = {isa = PBXBuildFile; fileRef = 97149C2A221D8C1D001454B0 /* BCLCommunityView.m */; };
		97149C2E221D8D2B001454B0 /* BCLCommunityCircleTableViewCell.m in Sources */ = {isa = PBXBuildFile; fileRef = 97149C2D221D8D2B001454B0 /* BCLCommunityCircleTableViewCell.m */; };
		9716B59B227F1DE7007B64A1 /* BCLSuspensionButton.m in Sources */ = {isa = PBXBuildFile; fileRef = 9716B59A227F1DE7007B64A1 /* BCLSuspensionButton.m */; };
		9716B5AD227F2703007B64A1 /* BCLSelectFinishViewController.m in Sources */ = {isa = PBXBuildFile; fileRef = 9716B5AC227F2703007B64A1 /* BCLSelectFinishViewController.m */; };
		9716EF1621F6F48C00583DBD /* AppDelegate.m in Sources */ = {isa = PBXBuildFile; fileRef = 9716EF1521F6F48C00583DBD /* AppDelegate.m */; };
		9716EF1C21F6F48C00583DBD /* Main.storyboard in Resources */ = {isa = PBXBuildFile; fileRef = 9716EF1A21F6F48C00583DBD /* Main.storyboard */; };
		9716EF1E21F6F48D00583DBD /* Assets.xcassets in Resources */ = {isa = PBXBuildFile; fileRef = 9716EF1D21F6F48D00583DBD /* Assets.xcassets */; };
		9716EF2121F6F48D00583DBD /* LaunchScreen.storyboard in Resources */ = {isa = PBXBuildFile; fileRef = 9716EF1F21F6F48D00583DBD /* LaunchScreen.storyboard */; };
		9716EF2421F6F48D00583DBD /* main.m in Sources */ = {isa = PBXBuildFile; fileRef = 9716EF2321F6F48D00583DBD /* main.m */; };
		9716EF2E21F6F48D00583DBD /* Burning_calories_APPTests.m in Sources */ = {isa = PBXBuildFile; fileRef = 9716EF2D21F6F48D00583DBD /* Burning_calories_APPTests.m */; };
		9716EF3921F6F48D00583DBD /* Burning_calories_APPUITests.m in Sources */ = {isa = PBXBuildFile; fileRef = 9716EF3821F6F48D00583DBD /* Burning_calories_APPUITests.m */; };
		9716EF5421F6FDAE00583DBD /* 开机.jpg in Resources */ = {isa = PBXBuildFile; fileRef = 9716EF5021F6FDAE00583DBD /* 开机.jpg */; };
		9716EF5521F6FDAE00583DBD /* 社区.png in Resources */ = {isa = PBXBuildFile; fileRef = 9716EF5121F6FDAE00583DBD /* 社区.png */; };
		9716EF5621F6FDAE00583DBD /* 运动.png in Resources */ = {isa = PBXBuildFile; fileRef = 9716EF5221F6FDAE00583DBD /* 运动.png */; };
		9716EF5721F6FDAF00583DBD /* 日志.png in Resources */ = {isa = PBXBuildFile; fileRef = 9716EF5321F6FDAE00583DBD /* 日志.png */; };
		9716EF6D21F74B0300583DBD /* BCLBaseTableViewCell.m in Sources */ = {isa = PBXBuildFile; fileRef = 9716EF6C21F74B0300583DBD /* BCLBaseTableViewCell.m */; };
		972AC2CA2226DCBE002A6172 /* bcl_ic_community_circleCell.png in Resources */ = {isa = PBXBuildFile; fileRef = 972AC2C92226DCBE002A6172 /* bcl_ic_community_circleCell.png */; };
		972AC2CC2226DEA3002A6172 /* bcl_ic_community_circleCell_share.png in Resources */ = {isa = PBXBuildFile; fileRef = 972AC2CB2226DEA3002A6172 /* bcl_ic_community_circleCell_share.png */; };
		972AC2CE2226DEF6002A6172 /* bcl_ic_community_circleCell_likes.png in Resources */ = {isa = PBXBuildFile; fileRef = 972AC2CD2226DEF6002A6172 /* bcl_ic_community_circleCell_likes.png */; };
		972AC2D02226DEFE002A6172 /* bcl_ic_community_circleCell_likes_selected.png in Resources */ = {isa = PBXBuildFile; fileRef = 972AC2CF2226DEFE002A6172 /* bcl_ic_community_circleCell_likes_selected.png */; };
		972AC2D22226DF05002A6172 /* bcl_ic_community_circleCell_commit.png in Resources */ = {isa = PBXBuildFile; fileRef = 972AC2D12226DF05002A6172 /* bcl_ic_community_circleCell_commit.png */; };
		97377F7022226C410077ED68 /* BCLImageListView.m in Sources */ = {isa = PBXBuildFile; fileRef = 97377F6F22226C410077ED68 /* BCLImageListView.m */; };
		97377F742222703B0077ED68 /* BCLCommunityMoment.m in Sources */ = {isa = PBXBuildFile; fileRef = 97377F732222703B0077ED68 /* BCLCommunityMoment.m */; };
		974BED372281D290004A8ABB /* bcl_ic_mine_tabBar.png in Resources */ = {isa = PBXBuildFile; fileRef = 974BED362281D290004A8ABB /* bcl_ic_mine_tabBar.png */; };
		974D421E221ECEBA00738D3A /* BCLCommunitySegmentView.m in Sources */ = {isa = PBXBuildFile; fileRef = 974D421D221ECEBA00738D3A /* BCLCommunitySegmentView.m */; };
		974D4220221ED1A600738D3A /* bcl_bg_community_segment_color_line.png in Resources */ = {isa = PBXBuildFile; fileRef = 974D421F221ED1A600738D3A /* bcl_bg_community_segment_color_line.png */; };
		974DDAFB223144220036FE8D /* BCLCommunityRecipesView.m in Sources */ = {isa = PBXBuildFile; fileRef = 974DDAFA223144220036FE8D /* BCLCommunityRecipesView.m */; };
		974E6FDD21FCA0CE005E85F2 /* bcl_log_month_arrow.png in Resources */ = {isa = PBXBuildFile; fileRef = 974E6FDC21FCA0CE005E85F2 /* bcl_log_month_arrow.png */; };
		97687AF421FB4DBA00E09F1F /* BCLLogMonthTableViewCell.m in Sources */ = {isa = PBXBuildFile; fileRef = 97687AF321FB4DBA00E09F1F /* BCLLogMonthTableViewCell.m */; };
		977601FB21FDE24D008B9F74 /* BCLLogHistogramView.m in Sources */ = {isa = PBXBuildFile; fileRef = 977601FA21FDE24D008B9F74 /* BCLLogHistogramView.m */; };
		977C88FD2204723A00313CBD /* BCLWeekTimeRecordCollectionViewCell.m in Sources */ = {isa = PBXBuildFile; fileRef = 977C88FC2204723A00313CBD /* BCLWeekTimeRecordCollectionViewCell.m */; };
		977C890022047ECA00313CBD /* BCLWeekTimeRecordViewController.m in Sources */ = {isa = PBXBuildFile; fileRef = 977C88FF22047ECA00313CBD /* BCLWeekTimeRecordViewController.m */; };
		977C89032204846400313CBD /* bcl_ic_log_week_share.png in Resources */ = {isa = PBXBuildFile; fileRef = 977C89012204846300313CBD /* bcl_ic_log_week_share.png */; };
		977C89072204893100313CBD /* BCLOtherWeekDayRecordCollectionViewCell.m in Sources */ = {isa = PBXBuildFile; fileRef = 977C89062204893100313CBD /* BCLOtherWeekDayRecordCollectionViewCell.m */; };
		977C9D9921FF450800898615 /* BCLDayTimeRecordCollectionViewCell.m in Sources */ = {isa = PBXBuildFile; fileRef = 977C9D9821FF450800898615 /* BCLDayTimeRecordCollectionViewCell.m */; };
		977C9D9B21FF470E00898615 /* bcl_bg_log_everyday.png in Resources */ = {isa = PBXBuildFile; fileRef = 977C9D9A21FF470E00898615 /* bcl_bg_log_everyday.png */; };
		977C9D9E21FF478500898615 /* BCLDayTimeRecordView.m in Sources */ = {isa = PBXBuildFile; fileRef = 977C9D9D21FF478500898615 /* BCLDayTimeRecordView.m */; };
		977C9DA121FF48AB00898615 /* BCLDayTimeRecordViewController.m in Sources */ = {isa = PBXBuildFile; fileRef = 977C9DA021FF48AB00898615 /* BCLDayTimeRecordViewController.m */; };
		9796BC0821F8582800294FE6 /* bcl_ic_log_tabBar.png in Resources */ = {isa = PBXBuildFile; fileRef = 9796BC0621F8582800294FE6 /* bcl_ic_log_tabBar.png */; };
		9796BC0B21F8585700294FE6 /* bcl_ic_soprts_tabBar.png in Resources */ = {isa = PBXBuildFile; fileRef = 9796BC0921F8585700294FE6 /* bcl_ic_soprts_tabBar.png */; };
		9796BC0C21F8585700294FE6 /* bcl_ic_soprts_tabBar_selected.png in Resources */ = {isa = PBXBuildFile; fileRef = 9796BC0A21F8585700294FE6 /* bcl_ic_soprts_tabBar_selected.png */; };
		9796BC0E21F8585E00294FE6 /* bcl_ic_community_tabBar_selected.png in Resources */ = {isa = PBXBuildFile; fileRef = 9796BC0D21F8585E00294FE6 /* bcl_ic_community_tabBar_selected.png */; };
		9796BC1021F8586300294FE6 /* bcl_ic_community_tabBar.png in Resources */ = {isa = PBXBuildFile; fileRef = 9796BC0F21F8586300294FE6 /* bcl_ic_community_tabBar.png */; };
		9796BC1821F8787900294FE6 /* bcl_ic_log_tabBar_selected.png in Resources */ = {isa = PBXBuildFile; fileRef = 9796BC1721F8787800294FE6 /* bcl_ic_log_tabBar_selected.png */; };
		9796BC2021F87ABF00294FE6 /* BCLLogView.m in Sources */ = {isa = PBXBuildFile; fileRef = 9796BC1F21F87ABF00294FE6 /* BCLLogView.m */; };
		9796BC2421F87AFB00294FE6 /* BCLLogModel.m in Sources */ = {isa = PBXBuildFile; fileRef = 9796BC2321F87AFB00294FE6 /* BCLLogModel.m */; };
		9796BC2721F8A52100294FE6 /* BCLLogHeaderView.m in Sources */ = {isa = PBXBuildFile; fileRef = 9796BC2621F8A52100294FE6 /* BCLLogHeaderView.m */; };
		97A3008F2225728000A37540 /* Utility.m in Sources */ = {isa = PBXBuildFile; fileRef = 97A3008E2225728000A37540 /* Utility.m */; };
		97B8F391220084AC00F66B85 /* bcl_bg_log_everyday2.png in Resources */ = {isa = PBXBuildFile; fileRef = 97B8F390220084AC00F66B85 /* bcl_bg_log_everyday2.png */; };
		97B8F39322008A6000F66B85 /* bcl_btn_log_everyday_cancel.png in Resources */ = {isa = PBXBuildFile; fileRef = 97B8F39222008A6000F66B85 /* bcl_btn_log_everyday_cancel.png */; };
		97B8F39622008DF100F66B85 /* bcl_bg_log_everyday_food2.png in Resources */ = {isa = PBXBuildFile; fileRef = 97B8F39422008DF100F66B85 /* bcl_bg_log_everyday_food2.png */; };
		97B8F39722008DF100F66B85 /* bcl_bg_log_everyday_food1.png in Resources */ = {isa = PBXBuildFile; fileRef = 97B8F39522008DF100F66B85 /* bcl_bg_log_everyday_food1.png */; };
		97BE2386220729B400284424 /* BCLMonthOfDayRecordCollectionViewCell.m in Sources */ = {isa = PBXBuildFile; fileRef = 97BE2385220729B400284424 /* BCLMonthOfDayRecordCollectionViewCell.m */; };
		97BE238922072CE800284424 /* BCLMonthAllCaloriesCollectionViewCell.m in Sources */ = {isa = PBXBuildFile; fileRef = 97BE238822072CE800284424 /* BCLMonthAllCaloriesCollectionViewCell.m */; };
		97BE238C22072E3500284424 /* BCLMonthTimeRecordView.m in Sources */ = {isa = PBXBuildFile; fileRef = 97BE238B22072E3500284424 /* BCLMonthTimeRecordView.m */; };
		97BE238F2207311000284424 /* BCLMonthTimeRecordViewController.m in Sources */ = {isa = PBXBuildFile; fileRef = 97BE238E2207311000284424 /* BCLMonthTimeRecordViewController.m */; };
		97E69607221D2BC500FB6316 /* bcl_btn_whole.png in Resources */ = {isa = PBXBuildFile; fileRef = 97E69606221D2BC500FB6316 /* bcl_btn_whole.png */; };
		97F608DA21F9F506004BC91E /* BCLLogDayWeekTableViewCell.m in Sources */ = {isa = PBXBuildFile; fileRef = 97F608D921F9F506004BC91E /* BCLLogDayWeekTableViewCell.m */; };
/* End PBXBuildFile section */

/* Begin PBXContainerItemProxy section */
		9716EF2A21F6F48D00583DBD /* PBXContainerItemProxy */ = {
			isa = PBXContainerItemProxy;
			containerPortal = 9716EF0921F6F48B00583DBD /* Project object */;
			proxyType = 1;
			remoteGlobalIDString = 9716EF1021F6F48B00583DBD;
			remoteInfo = "Burning-calories-APP";
		};
		9716EF3521F6F48D00583DBD /* PBXContainerItemProxy */ = {
			isa = PBXContainerItemProxy;
			containerPortal = 9716EF0921F6F48B00583DBD /* Project object */;
			proxyType = 1;
			remoteGlobalIDString = 9716EF1021F6F48B00583DBD;
			remoteInfo = "Burning-calories-APP";
		};
/* End PBXContainerItemProxy section */

/* Begin PBXFileReference section */
		04040BBB223682FB00DAFAC5 /* BCLSportsDietaryAddSportsListPickerView.h */ = {isa = PBXFileReference; lastKnownFileType = sourcecode.c.h; path = BCLSportsDietaryAddSportsListPickerView.h; sourceTree = "<group>"; };
		04040BBC223682FB00DAFAC5 /* BCLSportsDietaryAddSportsListPickerView.m */ = {isa = PBXFileReference; lastKnownFileType = sourcecode.c.objc; path = BCLSportsDietaryAddSportsListPickerView.m; sourceTree = "<group>"; };
		0408466A221460AB00E8F0DE /* BCLSportsDietaryRecordDietaryTableViewSectionView.h */ = {isa = PBXFileReference; lastKnownFileType = sourcecode.c.h; path = BCLSportsDietaryRecordDietaryTableViewSectionView.h; sourceTree = "<group>"; };
		0408466B221460AB00E8F0DE /* BCLSportsDietaryRecordDietaryTableViewSectionView.m */ = {isa = PBXFileReference; lastKnownFileType = sourcecode.c.objc; path = BCLSportsDietaryRecordDietaryTableViewSectionView.m; sourceTree = "<group>"; };
		0408466F22158C0800E8F0DE /* bcl_ic_soprts_tableView_cellDeleteButton.png */ = {isa = PBXFileReference; lastKnownFileType = image.png; path = bcl_ic_soprts_tableView_cellDeleteButton.png; sourceTree = "<group>"; };
		042A8F06223E898600CE57AB /* BCLSportsDietaryDetailDietaryView.h */ = {isa = PBXFileReference; lastKnownFileType = sourcecode.c.h; path = BCLSportsDietaryDetailDietaryView.h; sourceTree = "<group>"; };
		042A8F07223E898600CE57AB /* BCLSportsDietaryDetailDietaryView.m */ = {isa = PBXFileReference; lastKnownFileType = sourcecode.c.objc; path = BCLSportsDietaryDetailDietaryView.m; sourceTree = "<group>"; };
		042A8F0C223FCBA300CE57AB /* BCLSportsDietaryAddSportsBounceView.h */ = {isa = PBXFileReference; lastKnownFileType = sourcecode.c.h; path = BCLSportsDietaryAddSportsBounceView.h; sourceTree = "<group>"; };
		042A8F0D223FCBA300CE57AB /* BCLSportsDietaryAddSportsBounceView.m */ = {isa = PBXFileReference; lastKnownFileType = sourcecode.c.objc; path = BCLSportsDietaryAddSportsBounceView.m; sourceTree = "<group>"; };
		042A8F10223FEDB700CE57AB /* BCLSportsDietaryDetailDietaryViewController.h */ = {isa = PBXFileReference; lastKnownFileType = sourcecode.c.h; path = BCLSportsDietaryDetailDietaryViewController.h; sourceTree = "<group>"; };
		042A8F11223FEDB700CE57AB /* BCLSportsDietaryDetailDietaryViewController.m */ = {isa = PBXFileReference; lastKnownFileType = sourcecode.c.objc; path = BCLSportsDietaryDetailDietaryViewController.m; sourceTree = "<group>"; };
		042A8F192241D0FD00CE57AB /* bcl_ic_dietary_detailDietary_testDietaryImage.png */ = {isa = PBXFileReference; lastKnownFileType = image.png; path = bcl_ic_dietary_detailDietary_testDietaryImage.png; sourceTree = "<group>"; };
		043C543821FDB28B00F041D0 /* bcl_ic_soprts_tableView_bottomAddButton.png */ = {isa = PBXFileReference; lastKnownFileType = image.png; path = bcl_ic_soprts_tableView_bottomAddButton.png; sourceTree = "<group>"; };
		043C543A21FDD74700F041D0 /* bcl_ic_soprts_tableView_cellBackgroundImage.png */ = {isa = PBXFileReference; lastKnownFileType = image.png; path = bcl_ic_soprts_tableView_cellBackgroundImage.png; sourceTree = "<group>"; };
		0457FA2122015E6600176341 /* BCLSportsDietaryRecordSportsTableViewCellView.h */ = {isa = PBXFileReference; lastKnownFileType = sourcecode.c.h; path = BCLSportsDietaryRecordSportsTableViewCellView.h; sourceTree = "<group>"; };
		0457FA2222015E6600176341 /* BCLSportsDietaryRecordSportsTableViewCellView.m */ = {isa = PBXFileReference; lastKnownFileType = sourcecode.c.objc; path = BCLSportsDietaryRecordSportsTableViewCellView.m; sourceTree = "<group>"; };
		046496D421F7F9BE0093AC4E /* BCLBaseViewController.h */ = {isa = PBXFileReference; lastKnownFileType = sourcecode.c.h; path = BCLBaseViewController.h; sourceTree = "<group>"; };
		046496D521F7F9BE0093AC4E /* BCLBaseViewController.m */ = {isa = PBXFileReference; lastKnownFileType = sourcecode.c.objc; path = BCLBaseViewController.m; sourceTree = "<group>"; };
		046496D721F8038B0093AC4E /* BCLLogViewController.h */ = {isa = PBXFileReference; lastKnownFileType = sourcecode.c.h; path = BCLLogViewController.h; sourceTree = "<group>"; };
		046496D821F8038B0093AC4E /* BCLLogViewController.m */ = {isa = PBXFileReference; lastKnownFileType = sourcecode.c.objc; path = BCLLogViewController.m; sourceTree = "<group>"; };
		046496DA21F803B50093AC4E /* BCLSportsDietaryViewController.h */ = {isa = PBXFileReference; lastKnownFileType = sourcecode.c.h; path = BCLSportsDietaryViewController.h; sourceTree = "<group>"; };
		046496DB21F803B50093AC4E /* BCLSportsDietaryViewController.m */ = {isa = PBXFileReference; lastKnownFileType = sourcecode.c.objc; path = BCLSportsDietaryViewController.m; sourceTree = "<group>"; };
		046496DD21F803D70093AC4E /* BCLCommunityViewController.h */ = {isa = PBXFileReference; lastKnownFileType = sourcecode.c.h; path = BCLCommunityViewController.h; sourceTree = "<group>"; };
		046496DE21F803D70093AC4E /* BCLCommunityViewController.m */ = {isa = PBXFileReference; lastKnownFileType = sourcecode.c.objc; path = BCLCommunityViewController.m; sourceTree = "<group>"; };
		046496E721F9A2580093AC4E /* BCLSportsDietaryRecordView.h */ = {isa = PBXFileReference; lastKnownFileType = sourcecode.c.h; path = BCLSportsDietaryRecordView.h; sourceTree = "<group>"; };
		046496E821F9A2580093AC4E /* BCLSportsDietaryRecordView.m */ = {isa = PBXFileReference; lastKnownFileType = sourcecode.c.objc; path = BCLSportsDietaryRecordView.m; sourceTree = "<group>"; };
		046496EA21F9A8610093AC4E /* bcl_ic_soprts_segmentedControl_bottomSelected.png */ = {isa = PBXFileReference; lastKnownFileType = image.png; path = bcl_ic_soprts_segmentedControl_bottomSelected.png; sourceTree = "<group>"; };
		046496EF21FB399F0093AC4E /* BCLSportsDietaryRecordSportsTableViewCell.h */ = {isa = PBXFileReference; lastKnownFileType = sourcecode.c.h; path = BCLSportsDietaryRecordSportsTableViewCell.h; sourceTree = "<group>"; };
		046496F021FB399F0093AC4E /* BCLSportsDietaryRecordSportsTableViewCell.m */ = {isa = PBXFileReference; lastKnownFileType = sourcecode.c.objc; path = BCLSportsDietaryRecordSportsTableViewCell.m; sourceTree = "<group>"; };
		046496F221FB46B50093AC4E /* BCLSportsDietaryRecordSportsHeadView.h */ = {isa = PBXFileReference; lastKnownFileType = sourcecode.c.h; path = BCLSportsDietaryRecordSportsHeadView.h; sourceTree = "<group>"; };
		046496F321FB46B50093AC4E /* BCLSportsDietaryRecordSportsHeadView.m */ = {isa = PBXFileReference; lastKnownFileType = sourcecode.c.objc; path = BCLSportsDietaryRecordSportsHeadView.m; sourceTree = "<group>"; };
		046496F521FB46DB0093AC4E /* BCLSportsDietaryRecordSportsBottomView.h */ = {isa = PBXFileReference; lastKnownFileType = sourcecode.c.h; path = BCLSportsDietaryRecordSportsBottomView.h; sourceTree = "<group>"; };
		046496F621FB46DB0093AC4E /* BCLSportsDietaryRecordSportsBottomView.m */ = {isa = PBXFileReference; lastKnownFileType = sourcecode.c.objc; path = BCLSportsDietaryRecordSportsBottomView.m; sourceTree = "<group>"; };
		046497D62225127A00D9AA0A /* BCLSportsDietaryAddSportsListViewController.h */ = {isa = PBXFileReference; lastKnownFileType = sourcecode.c.h; path = BCLSportsDietaryAddSportsListViewController.h; sourceTree = "<group>"; };
		046497D72225127A00D9AA0A /* BCLSportsDietaryAddSportsListViewController.m */ = {isa = PBXFileReference; lastKnownFileType = sourcecode.c.objc; path = BCLSportsDietaryAddSportsListViewController.m; sourceTree = "<group>"; };
		046497DA22251FB500D9AA0A /* BCLSportsDietaryAddSportsListView.h */ = {isa = PBXFileReference; lastKnownFileType = sourcecode.c.h; path = BCLSportsDietaryAddSportsListView.h; sourceTree = "<group>"; };
		046497DB22251FB500D9AA0A /* BCLSportsDietaryAddSportsListView.m */ = {isa = PBXFileReference; lastKnownFileType = sourcecode.c.objc; path = BCLSportsDietaryAddSportsListView.m; sourceTree = "<group>"; };
		048300AF2219A4AD000DDE19 /* BCLSportsDietaryRecordDietaryRecipeView.h */ = {isa = PBXFileReference; lastKnownFileType = sourcecode.c.h; path = BCLSportsDietaryRecordDietaryRecipeView.h; sourceTree = "<group>"; };
		048300B02219A4AD000DDE19 /* BCLSportsDietaryRecordDietaryRecipeView.m */ = {isa = PBXFileReference; lastKnownFileType = sourcecode.c.objc; path = BCLSportsDietaryRecordDietaryRecipeView.m; sourceTree = "<group>"; };
		048300BF221AFB85000DDE19 /* bcl_ic_log_week_aixin_selected.png */ = {isa = PBXFileReference; lastKnownFileType = image.png; path = bcl_ic_log_week_aixin_selected.png; sourceTree = "<group>"; };
		048300C2221C3F7A000DDE19 /* bcl_ic_Dietary_tableView_sectionSetting.png */ = {isa = PBXFileReference; lastKnownFileType = image.png; path = bcl_ic_Dietary_tableView_sectionSetting.png; sourceTree = "<group>"; };
		04D7519D222D48A1005D7027 /* BCLSportsDietaryAddSportsListTagView.h */ = {isa = PBXFileReference; lastKnownFileType = sourcecode.c.h; path = BCLSportsDietaryAddSportsListTagView.h; sourceTree = "<group>"; };
		04D7519E222D48A1005D7027 /* BCLSportsDietaryAddSportsListTagView.m */ = {isa = PBXFileReference; lastKnownFileType = sourcecode.c.objc; path = BCLSportsDietaryAddSportsListTagView.m; sourceTree = "<group>"; };
		04FE34AF222FC47200B9F1F0 /* bcl_ic_soprts_addSports_addButton.png */ = {isa = PBXFileReference; lastKnownFileType = image.png; path = bcl_ic_soprts_addSports_addButton.png; sourceTree = "<group>"; };
		04FE34B4222FFB4E00B9F1F0 /* BCLSportsDietaryAddSportsListTableViewCell.h */ = {isa = PBXFileReference; lastKnownFileType = sourcecode.c.h; path = BCLSportsDietaryAddSportsListTableViewCell.h; sourceTree = "<group>"; };
		04FE34B5222FFB4E00B9F1F0 /* BCLSportsDietaryAddSportsListTableViewCell.m */ = {isa = PBXFileReference; lastKnownFileType = sourcecode.c.objc; path = BCLSportsDietaryAddSportsListTableViewCell.m; sourceTree = "<group>"; };
		3443BCC58C689AE448C1F455 /* Pods-Burning-calories-APP.release.xcconfig */ = {isa = PBXFileReference; includeInIndex = 1; lastKnownFileType = text.xcconfig; name = "Pods-Burning-calories-APP.release.xcconfig"; path = "Pods/Target Support Files/Pods-Burning-calories-APP/Pods-Burning-calories-APP.release.xcconfig"; sourceTree = "<group>"; };
		4A44AD2EE5AF1285FC01A860 /* libPods-Burning-calories-APP.a */ = {isa = PBXFileReference; explicitFileType = archive.ar; includeInIndex = 0; path = "libPods-Burning-calories-APP.a"; sourceTree = BUILT_PRODUCTS_DIR; };
		9708E21E221995B2004BC766 /* bcl_bg_log_month_allCell.png */ = {isa = PBXFileReference; lastKnownFileType = image.png; path = bcl_bg_log_month_allCell.png; sourceTree = "<group>"; };
		9708E944222419280037EA02 /* BCLImagePreviewView.h */ = {isa = PBXFileReference; lastKnownFileType = sourcecode.c.h; path = BCLImagePreviewView.h; sourceTree = "<group>"; };
		9708E945222419280037EA02 /* BCLImagePreviewView.m */ = {isa = PBXFileReference; lastKnownFileType = sourcecode.c.objc; path = BCLImagePreviewView.m; sourceTree = "<group>"; };
		9708E94722242EF90037EA02 /* UIView+Geometry.h */ = {isa = PBXFileReference; lastKnownFileType = sourcecode.c.h; path = "UIView+Geometry.h"; sourceTree = "<group>"; };
		9708E94822242F000037EA02 /* UIView+Geometry.m */ = {isa = PBXFileReference; fileEncoding = 4; lastKnownFileType = sourcecode.c.objc; path = "UIView+Geometry.m"; sourceTree = "<group>"; };
		9709248D2276DB6D00DA25C0 /* BCLBaseTabBarController.h */ = {isa = PBXFileReference; lastKnownFileType = sourcecode.c.h; path = BCLBaseTabBarController.h; sourceTree = "<group>"; };
		9709248E2276DB7C00DA25C0 /* BCLBaseTabBarController.m */ = {isa = PBXFileReference; fileEncoding = 4; lastKnownFileType = sourcecode.c.objc; path = BCLBaseTabBarController.m; sourceTree = "<group>"; };
		97098B72226F4A59001C6A48 /* Singleton.h */ = {isa = PBXFileReference; lastKnownFileType = sourcecode.c.h; path = Singleton.h; sourceTree = "<group>"; };
		97098B73226F4A96001C6A48 /* APIClient.h */ = {isa = PBXFileReference; lastKnownFileType = sourcecode.c.h; path = APIClient.h; sourceTree = "<group>"; };
		97098B74226F4A96001C6A48 /* APIClient.m */ = {isa = PBXFileReference; lastKnownFileType = sourcecode.c.objc; path = APIClient.m; sourceTree = "<group>"; };
		9709D7E222145D3300B1EF9F /* bcl_ic_log_week_share_selected.png */ = {isa = PBXFileReference; lastKnownFileType = image.png; path = bcl_ic_log_week_share_selected.png; sourceTree = "<group>"; };
		970A718122032A6A00A9C999 /* BCLWeekTimeRecordView.h */ = {isa = PBXFileReference; lastKnownFileType = sourcecode.c.h; path = BCLWeekTimeRecordView.h; sourceTree = "<group>"; };
		970A718222032A6A00A9C999 /* BCLWeekTimeRecordView.m */ = {isa = PBXFileReference; lastKnownFileType = sourcecode.c.objc; path = BCLWeekTimeRecordView.m; sourceTree = "<group>"; };
		970C762F221706DA00DE5F88 /* bcl_ic_log_week_aixin.png */ = {isa = PBXFileReference; lastKnownFileType = image.png; path = bcl_ic_log_week_aixin.png; sourceTree = "<group>"; };
		970C7C1622808376002FC9A0 /* BCLMineViewController.h */ = {isa = PBXFileReference; lastKnownFileType = sourcecode.c.h; path = BCLMineViewController.h; sourceTree = "<group>"; };
		970C7C1722808376002FC9A0 /* BCLMineViewController.m */ = {isa = PBXFileReference; lastKnownFileType = sourcecode.c.objc; path = BCLMineViewController.m; sourceTree = "<group>"; };
		970C7C1922808394002FC9A0 /* BCLMineView.h */ = {isa = PBXFileReference; lastKnownFileType = sourcecode.c.h; path = BCLMineView.h; sourceTree = "<group>"; };
		970C7C1A22808394002FC9A0 /* BCLMineView.m */ = {isa = PBXFileReference; lastKnownFileType = sourcecode.c.objc; path = BCLMineView.m; sourceTree = "<group>"; };
		970C7C1E22808509002FC9A0 /* bcl_ic_mine_tabBar.png */ = {isa = PBXFileReference; lastKnownFileType = image.png; path = bcl_ic_mine_tabBar.png; sourceTree = "<group>"; };
		970EBB3D221857AB00025038 /* FSLineChart.h */ = {isa = PBXFileReference; fileEncoding = 4; lastKnownFileType = sourcecode.c.h; path = FSLineChart.h; sourceTree = "<group>"; };
		970EBB3E221857AB00025038 /* FSLineChart.m */ = {isa = PBXFileReference; fileEncoding = 4; lastKnownFileType = sourcecode.c.objc; path = FSLineChart.m; sourceTree = "<group>"; };
		970EBB3F221857AB00025038 /* UIColor+FSPalette.h */ = {isa = PBXFileReference; fileEncoding = 4; lastKnownFileType = sourcecode.c.h; path = "UIColor+FSPalette.h"; sourceTree = "<group>"; };
		970EBB40221857AB00025038 /* UIColor+FSPalette.m */ = {isa = PBXFileReference; fileEncoding = 4; lastKnownFileType = sourcecode.c.objc; path = "UIColor+FSPalette.m"; sourceTree = "<group>"; };
		970EBB432218581900025038 /* BCLMonthLineChartView.h */ = {isa = PBXFileReference; lastKnownFileType = sourcecode.c.h; path = BCLMonthLineChartView.h; sourceTree = "<group>"; };
		970EBB442218581900025038 /* BCLMonthLineChartView.m */ = {isa = PBXFileReference; lastKnownFileType = sourcecode.c.objc; path = BCLMonthLineChartView.m; sourceTree = "<group>"; };
		97149C29221D8C1D001454B0 /* BCLCommunityView.h */ = {isa = PBXFileReference; lastKnownFileType = sourcecode.c.h; path = BCLCommunityView.h; sourceTree = "<group>"; };
		97149C2A221D8C1D001454B0 /* BCLCommunityView.m */ = {isa = PBXFileReference; lastKnownFileType = sourcecode.c.objc; path = BCLCommunityView.m; sourceTree = "<group>"; };
		97149C2C221D8D2B001454B0 /* BCLCommunityCircleTableViewCell.h */ = {isa = PBXFileReference; lastKnownFileType = sourcecode.c.h; path = BCLCommunityCircleTableViewCell.h; sourceTree = "<group>"; };
		97149C2D221D8D2B001454B0 /* BCLCommunityCircleTableViewCell.m */ = {isa = PBXFileReference; lastKnownFileType = sourcecode.c.objc; path = BCLCommunityCircleTableViewCell.m; sourceTree = "<group>"; };
		9716B599227F1DE7007B64A1 /* BCLSuspensionButton.h */ = {isa = PBXFileReference; lastKnownFileType = sourcecode.c.h; path = BCLSuspensionButton.h; sourceTree = "<group>"; };
		9716B59A227F1DE7007B64A1 /* BCLSuspensionButton.m */ = {isa = PBXFileReference; lastKnownFileType = sourcecode.c.objc; path = BCLSuspensionButton.m; sourceTree = "<group>"; };
		9716B5AB227F2703007B64A1 /* BCLSelectFinishViewController.h */ = {isa = PBXFileReference; lastKnownFileType = sourcecode.c.h; path = BCLSelectFinishViewController.h; sourceTree = "<group>"; };
		9716B5AC227F2703007B64A1 /* BCLSelectFinishViewController.m */ = {isa = PBXFileReference; lastKnownFileType = sourcecode.c.objc; path = BCLSelectFinishViewController.m; sourceTree = "<group>"; };
		9716EF1121F6F48B00583DBD /* Burning-calories-APP.app */ = {isa = PBXFileReference; explicitFileType = wrapper.application; includeInIndex = 0; path = "Burning-calories-APP.app"; sourceTree = BUILT_PRODUCTS_DIR; };
		9716EF1421F6F48C00583DBD /* AppDelegate.h */ = {isa = PBXFileReference; lastKnownFileType = sourcecode.c.h; path = AppDelegate.h; sourceTree = "<group>"; };
		9716EF1521F6F48C00583DBD /* AppDelegate.m */ = {isa = PBXFileReference; lastKnownFileType = sourcecode.c.objc; path = AppDelegate.m; sourceTree = "<group>"; };
		9716EF1B21F6F48C00583DBD /* Base */ = {isa = PBXFileReference; lastKnownFileType = file.storyboard; name = Base; path = Base.lproj/Main.storyboard; sourceTree = "<group>"; };
		9716EF1D21F6F48D00583DBD /* Assets.xcassets */ = {isa = PBXFileReference; lastKnownFileType = folder.assetcatalog; path = Assets.xcassets; sourceTree = "<group>"; };
		9716EF2021F6F48D00583DBD /* Base */ = {isa = PBXFileReference; lastKnownFileType = file.storyboard; name = Base; path = Base.lproj/LaunchScreen.storyboard; sourceTree = "<group>"; };
		9716EF2221F6F48D00583DBD /* Info.plist */ = {isa = PBXFileReference; lastKnownFileType = text.plist.xml; path = Info.plist; sourceTree = "<group>"; };
		9716EF2321F6F48D00583DBD /* main.m */ = {isa = PBXFileReference; lastKnownFileType = sourcecode.c.objc; path = main.m; sourceTree = "<group>"; };
		9716EF2921F6F48D00583DBD /* Burning-calories-APPTests.xctest */ = {isa = PBXFileReference; explicitFileType = wrapper.cfbundle; includeInIndex = 0; path = "Burning-calories-APPTests.xctest"; sourceTree = BUILT_PRODUCTS_DIR; };
		9716EF2D21F6F48D00583DBD /* Burning_calories_APPTests.m */ = {isa = PBXFileReference; lastKnownFileType = sourcecode.c.objc; path = Burning_calories_APPTests.m; sourceTree = "<group>"; };
		9716EF2F21F6F48D00583DBD /* Info.plist */ = {isa = PBXFileReference; lastKnownFileType = text.plist.xml; path = Info.plist; sourceTree = "<group>"; };
		9716EF3421F6F48D00583DBD /* Burning-calories-APPUITests.xctest */ = {isa = PBXFileReference; explicitFileType = wrapper.cfbundle; includeInIndex = 0; path = "Burning-calories-APPUITests.xctest"; sourceTree = BUILT_PRODUCTS_DIR; };
		9716EF3821F6F48D00583DBD /* Burning_calories_APPUITests.m */ = {isa = PBXFileReference; lastKnownFileType = sourcecode.c.objc; path = Burning_calories_APPUITests.m; sourceTree = "<group>"; };
		9716EF3A21F6F48D00583DBD /* Info.plist */ = {isa = PBXFileReference; lastKnownFileType = text.plist.xml; path = Info.plist; sourceTree = "<group>"; };
		9716EF5021F6FDAE00583DBD /* 开机.jpg */ = {isa = PBXFileReference; lastKnownFileType = image.jpeg; path = "开机.jpg"; sourceTree = "<group>"; };
		9716EF5121F6FDAE00583DBD /* 社区.png */ = {isa = PBXFileReference; lastKnownFileType = image.png; path = "社区.png"; sourceTree = "<group>"; };
		9716EF5221F6FDAE00583DBD /* 运动.png */ = {isa = PBXFileReference; lastKnownFileType = image.png; path = "运动.png"; sourceTree = "<group>"; };
		9716EF5321F6FDAE00583DBD /* 日志.png */ = {isa = PBXFileReference; lastKnownFileType = image.png; path = "日志.png"; sourceTree = "<group>"; };
		9716EF6B21F74B0300583DBD /* BCLBaseTableViewCell.h */ = {isa = PBXFileReference; lastKnownFileType = sourcecode.c.h; path = BCLBaseTableViewCell.h; sourceTree = "<group>"; };
		9716EF6C21F74B0300583DBD /* BCLBaseTableViewCell.m */ = {isa = PBXFileReference; lastKnownFileType = sourcecode.c.objc; path = BCLBaseTableViewCell.m; sourceTree = "<group>"; };
		972AC2C92226DCBE002A6172 /* bcl_ic_community_circleCell.png */ = {isa = PBXFileReference; lastKnownFileType = image.png; path = bcl_ic_community_circleCell.png; sourceTree = "<group>"; };
		972AC2CB2226DEA3002A6172 /* bcl_ic_community_circleCell_share.png */ = {isa = PBXFileReference; lastKnownFileType = image.png; path = bcl_ic_community_circleCell_share.png; sourceTree = "<group>"; };
		972AC2CD2226DEF6002A6172 /* bcl_ic_community_circleCell_likes.png */ = {isa = PBXFileReference; lastKnownFileType = image.png; path = bcl_ic_community_circleCell_likes.png; sourceTree = "<group>"; };
		972AC2CF2226DEFE002A6172 /* bcl_ic_community_circleCell_likes_selected.png */ = {isa = PBXFileReference; lastKnownFileType = image.png; path = bcl_ic_community_circleCell_likes_selected.png; sourceTree = "<group>"; };
		972AC2D12226DF05002A6172 /* bcl_ic_community_circleCell_commit.png */ = {isa = PBXFileReference; lastKnownFileType = image.png; path = bcl_ic_community_circleCell_commit.png; sourceTree = "<group>"; };
		97377F6E22226C410077ED68 /* BCLImageListView.h */ = {isa = PBXFileReference; lastKnownFileType = sourcecode.c.h; path = BCLImageListView.h; sourceTree = "<group>"; };
		97377F6F22226C410077ED68 /* BCLImageListView.m */ = {isa = PBXFileReference; lastKnownFileType = sourcecode.c.objc; path = BCLImageListView.m; sourceTree = "<group>"; };
		97377F722222703B0077ED68 /* BCLCommunityMoment.h */ = {isa = PBXFileReference; lastKnownFileType = sourcecode.c.h; path = BCLCommunityMoment.h; sourceTree = "<group>"; };
		97377F732222703B0077ED68 /* BCLCommunityMoment.m */ = {isa = PBXFileReference; lastKnownFileType = sourcecode.c.objc; path = BCLCommunityMoment.m; sourceTree = "<group>"; };
		974BED362281D290004A8ABB /* bcl_ic_mine_tabBar.png */ = {isa = PBXFileReference; lastKnownFileType = image.png; path = bcl_ic_mine_tabBar.png; sourceTree = "<group>"; };
		974D421C221ECEBA00738D3A /* BCLCommunitySegmentView.h */ = {isa = PBXFileReference; lastKnownFileType = sourcecode.c.h; path = BCLCommunitySegmentView.h; sourceTree = "<group>"; };
		974D421D221ECEBA00738D3A /* BCLCommunitySegmentView.m */ = {isa = PBXFileReference; lastKnownFileType = sourcecode.c.objc; path = BCLCommunitySegmentView.m; sourceTree = "<group>"; };
		974D421F221ED1A600738D3A /* bcl_bg_community_segment_color_line.png */ = {isa = PBXFileReference; lastKnownFileType = image.png; path = bcl_bg_community_segment_color_line.png; sourceTree = "<group>"; };
		974DDAF9223144220036FE8D /* BCLCommunityRecipesView.h */ = {isa = PBXFileReference; lastKnownFileType = sourcecode.c.h; path = BCLCommunityRecipesView.h; sourceTree = "<group>"; };
		974DDAFA223144220036FE8D /* BCLCommunityRecipesView.m */ = {isa = PBXFileReference; lastKnownFileType = sourcecode.c.objc; path = BCLCommunityRecipesView.m; sourceTree = "<group>"; };
		974E6FDC21FCA0CE005E85F2 /* bcl_log_month_arrow.png */ = {isa = PBXFileReference; lastKnownFileType = image.png; path = bcl_log_month_arrow.png; sourceTree = "<group>"; };
		97687AF221FB4DBA00E09F1F /* BCLLogMonthTableViewCell.h */ = {isa = PBXFileReference; lastKnownFileType = sourcecode.c.h; path = BCLLogMonthTableViewCell.h; sourceTree = "<group>"; };
		97687AF321FB4DBA00E09F1F /* BCLLogMonthTableViewCell.m */ = {isa = PBXFileReference; lastKnownFileType = sourcecode.c.objc; path = BCLLogMonthTableViewCell.m; sourceTree = "<group>"; };
		977601F921FDE244008B9F74 /* BCLLogHistogramView.h */ = {isa = PBXFileReference; lastKnownFileType = sourcecode.c.h; path = BCLLogHistogramView.h; sourceTree = "<group>"; };
		977601FA21FDE24D008B9F74 /* BCLLogHistogramView.m */ = {isa = PBXFileReference; fileEncoding = 4; lastKnownFileType = sourcecode.c.objc; path = BCLLogHistogramView.m; sourceTree = "<group>"; };
		977C88FB2204723A00313CBD /* BCLWeekTimeRecordCollectionViewCell.h */ = {isa = PBXFileReference; lastKnownFileType = sourcecode.c.h; path = BCLWeekTimeRecordCollectionViewCell.h; sourceTree = "<group>"; };
		977C88FC2204723A00313CBD /* BCLWeekTimeRecordCollectionViewCell.m */ = {isa = PBXFileReference; lastKnownFileType = sourcecode.c.objc; path = BCLWeekTimeRecordCollectionViewCell.m; sourceTree = "<group>"; };
		977C88FE22047ECA00313CBD /* BCLWeekTimeRecordViewController.h */ = {isa = PBXFileReference; lastKnownFileType = sourcecode.c.h; path = BCLWeekTimeRecordViewController.h; sourceTree = "<group>"; };
		977C88FF22047ECA00313CBD /* BCLWeekTimeRecordViewController.m */ = {isa = PBXFileReference; lastKnownFileType = sourcecode.c.objc; path = BCLWeekTimeRecordViewController.m; sourceTree = "<group>"; };
		977C89012204846300313CBD /* bcl_ic_log_week_share.png */ = {isa = PBXFileReference; lastKnownFileType = image.png; path = bcl_ic_log_week_share.png; sourceTree = "<group>"; };
		977C89052204893100313CBD /* BCLOtherWeekDayRecordCollectionViewCell.h */ = {isa = PBXFileReference; lastKnownFileType = sourcecode.c.h; path = BCLOtherWeekDayRecordCollectionViewCell.h; sourceTree = "<group>"; };
		977C89062204893100313CBD /* BCLOtherWeekDayRecordCollectionViewCell.m */ = {isa = PBXFileReference; lastKnownFileType = sourcecode.c.objc; path = BCLOtherWeekDayRecordCollectionViewCell.m; sourceTree = "<group>"; };
		977C9D9721FF450800898615 /* BCLDayTimeRecordCollectionViewCell.h */ = {isa = PBXFileReference; lastKnownFileType = sourcecode.c.h; path = BCLDayTimeRecordCollectionViewCell.h; sourceTree = "<group>"; };
		977C9D9821FF450800898615 /* BCLDayTimeRecordCollectionViewCell.m */ = {isa = PBXFileReference; lastKnownFileType = sourcecode.c.objc; path = BCLDayTimeRecordCollectionViewCell.m; sourceTree = "<group>"; };
		977C9D9A21FF470E00898615 /* bcl_bg_log_everyday.png */ = {isa = PBXFileReference; lastKnownFileType = image.png; path = bcl_bg_log_everyday.png; sourceTree = "<group>"; };
		977C9D9C21FF478500898615 /* BCLDayTimeRecordView.h */ = {isa = PBXFileReference; lastKnownFileType = sourcecode.c.h; path = BCLDayTimeRecordView.h; sourceTree = "<group>"; };
		977C9D9D21FF478500898615 /* BCLDayTimeRecordView.m */ = {isa = PBXFileReference; lastKnownFileType = sourcecode.c.objc; path = BCLDayTimeRecordView.m; sourceTree = "<group>"; };
		977C9D9F21FF48AB00898615 /* BCLDayTimeRecordViewController.h */ = {isa = PBXFileReference; lastKnownFileType = sourcecode.c.h; path = BCLDayTimeRecordViewController.h; sourceTree = "<group>"; };
		977C9DA021FF48AB00898615 /* BCLDayTimeRecordViewController.m */ = {isa = PBXFileReference; lastKnownFileType = sourcecode.c.objc; path = BCLDayTimeRecordViewController.m; sourceTree = "<group>"; };
		9796BC0621F8582800294FE6 /* bcl_ic_log_tabBar.png */ = {isa = PBXFileReference; lastKnownFileType = image.png; path = bcl_ic_log_tabBar.png; sourceTree = "<group>"; };
		9796BC0921F8585700294FE6 /* bcl_ic_soprts_tabBar.png */ = {isa = PBXFileReference; lastKnownFileType = image.png; path = bcl_ic_soprts_tabBar.png; sourceTree = "<group>"; };
		9796BC0A21F8585700294FE6 /* bcl_ic_soprts_tabBar_selected.png */ = {isa = PBXFileReference; lastKnownFileType = image.png; path = bcl_ic_soprts_tabBar_selected.png; sourceTree = "<group>"; };
		9796BC0D21F8585E00294FE6 /* bcl_ic_community_tabBar_selected.png */ = {isa = PBXFileReference; lastKnownFileType = image.png; path = bcl_ic_community_tabBar_selected.png; sourceTree = "<group>"; };
		9796BC0F21F8586300294FE6 /* bcl_ic_community_tabBar.png */ = {isa = PBXFileReference; lastKnownFileType = image.png; path = bcl_ic_community_tabBar.png; sourceTree = "<group>"; };
		9796BC1721F8787800294FE6 /* bcl_ic_log_tabBar_selected.png */ = {isa = PBXFileReference; lastKnownFileType = image.png; path = bcl_ic_log_tabBar_selected.png; sourceTree = "<group>"; };
		9796BC1E21F87ABF00294FE6 /* BCLLogView.h */ = {isa = PBXFileReference; lastKnownFileType = sourcecode.c.h; name = BCLLogView.h; path = "Burning-calories-APP/Classes/Log/Views/BCLLogView.h"; sourceTree = SOURCE_ROOT; };
		9796BC1F21F87ABF00294FE6 /* BCLLogView.m */ = {isa = PBXFileReference; lastKnownFileType = sourcecode.c.objc; name = BCLLogView.m; path = "Burning-calories-APP/Classes/Log/Views/BCLLogView.m"; sourceTree = SOURCE_ROOT; };
		9796BC2221F87AFB00294FE6 /* BCLLogModel.h */ = {isa = PBXFileReference; lastKnownFileType = sourcecode.c.h; path = BCLLogModel.h; sourceTree = "<group>"; };
		9796BC2321F87AFB00294FE6 /* BCLLogModel.m */ = {isa = PBXFileReference; lastKnownFileType = sourcecode.c.objc; path = BCLLogModel.m; sourceTree = "<group>"; };
		9796BC2521F8A52100294FE6 /* BCLLogHeaderView.h */ = {isa = PBXFileReference; lastKnownFileType = sourcecode.c.h; name = BCLLogHeaderView.h; path = "Burning-calories-APP/Classes/Log/Model/BCLLogHeaderView.h"; sourceTree = SOURCE_ROOT; };
		9796BC2621F8A52100294FE6 /* BCLLogHeaderView.m */ = {isa = PBXFileReference; lastKnownFileType = sourcecode.c.objc; name = BCLLogHeaderView.m; path = "Burning-calories-APP/Classes/Log/Model/BCLLogHeaderView.m"; sourceTree = SOURCE_ROOT; };
		97A3008D2225727900A37540 /* Utility.h */ = {isa = PBXFileReference; lastKnownFileType = sourcecode.c.h; path = Utility.h; sourceTree = "<group>"; };
		97A3008E2225728000A37540 /* Utility.m */ = {isa = PBXFileReference; fileEncoding = 4; lastKnownFileType = sourcecode.c.objc; path = Utility.m; sourceTree = "<group>"; };
		97A30090222574B500A37540 /* PrefixHeader.pch */ = {isa = PBXFileReference; lastKnownFileType = sourcecode.c.h; path = PrefixHeader.pch; sourceTree = "<group>"; };
		97A300912225844100A37540 /* MomentKit.h */ = {isa = PBXFileReference; lastKnownFileType = sourcecode.c.h; path = MomentKit.h; sourceTree = "<group>"; };
		97B8F390220084AC00F66B85 /* bcl_bg_log_everyday2.png */ = {isa = PBXFileReference; lastKnownFileType = image.png; path = bcl_bg_log_everyday2.png; sourceTree = "<group>"; };
		97B8F39222008A6000F66B85 /* bcl_btn_log_everyday_cancel.png */ = {isa = PBXFileReference; lastKnownFileType = image.png; path = bcl_btn_log_everyday_cancel.png; sourceTree = "<group>"; };
		97B8F39422008DF100F66B85 /* bcl_bg_log_everyday_food2.png */ = {isa = PBXFileReference; lastKnownFileType = image.png; path = bcl_bg_log_everyday_food2.png; sourceTree = "<group>"; };
		97B8F39522008DF100F66B85 /* bcl_bg_log_everyday_food1.png */ = {isa = PBXFileReference; lastKnownFileType = image.png; path = bcl_bg_log_everyday_food1.png; sourceTree = "<group>"; };
		97BE2384220729B400284424 /* BCLMonthOfDayRecordCollectionViewCell.h */ = {isa = PBXFileReference; lastKnownFileType = sourcecode.c.h; path = BCLMonthOfDayRecordCollectionViewCell.h; sourceTree = "<group>"; };
		97BE2385220729B400284424 /* BCLMonthOfDayRecordCollectionViewCell.m */ = {isa = PBXFileReference; lastKnownFileType = sourcecode.c.objc; path = BCLMonthOfDayRecordCollectionViewCell.m; sourceTree = "<group>"; };
		97BE238722072CE800284424 /* BCLMonthAllCaloriesCollectionViewCell.h */ = {isa = PBXFileReference; lastKnownFileType = sourcecode.c.h; path = BCLMonthAllCaloriesCollectionViewCell.h; sourceTree = "<group>"; };
		97BE238822072CE800284424 /* BCLMonthAllCaloriesCollectionViewCell.m */ = {isa = PBXFileReference; lastKnownFileType = sourcecode.c.objc; path = BCLMonthAllCaloriesCollectionViewCell.m; sourceTree = "<group>"; };
		97BE238A22072E3500284424 /* BCLMonthTimeRecordView.h */ = {isa = PBXFileReference; lastKnownFileType = sourcecode.c.h; path = BCLMonthTimeRecordView.h; sourceTree = "<group>"; };
		97BE238B22072E3500284424 /* BCLMonthTimeRecordView.m */ = {isa = PBXFileReference; lastKnownFileType = sourcecode.c.objc; path = BCLMonthTimeRecordView.m; sourceTree = "<group>"; };
		97BE238D2207311000284424 /* BCLMonthTimeRecordViewController.h */ = {isa = PBXFileReference; lastKnownFileType = sourcecode.c.h; path = BCLMonthTimeRecordViewController.h; sourceTree = "<group>"; };
		97BE238E2207311000284424 /* BCLMonthTimeRecordViewController.m */ = {isa = PBXFileReference; lastKnownFileType = sourcecode.c.objc; path = BCLMonthTimeRecordViewController.m; sourceTree = "<group>"; };
		97E69606221D2BC500FB6316 /* bcl_btn_whole.png */ = {isa = PBXFileReference; lastKnownFileType = image.png; path = bcl_btn_whole.png; sourceTree = "<group>"; };
		97F608D821F9F506004BC91E /* BCLLogDayWeekTableViewCell.h */ = {isa = PBXFileReference; lastKnownFileType = sourcecode.c.h; path = BCLLogDayWeekTableViewCell.h; sourceTree = "<group>"; };
		97F608D921F9F506004BC91E /* BCLLogDayWeekTableViewCell.m */ = {isa = PBXFileReference; lastKnownFileType = sourcecode.c.objc; path = BCLLogDayWeekTableViewCell.m; sourceTree = "<group>"; };
		A7D2E8A054CB5ACF8B87F104 /* Pods-Burning-calories-APP.debug.xcconfig */ = {isa = PBXFileReference; includeInIndex = 1; lastKnownFileType = text.xcconfig; name = "Pods-Burning-calories-APP.debug.xcconfig"; path = "Pods/Target Support Files/Pods-Burning-calories-APP/Pods-Burning-calories-APP.debug.xcconfig"; sourceTree = "<group>"; };
/* End PBXFileReference section */

/* Begin PBXFrameworksBuildPhase section */
		9716EF0E21F6F48B00583DBD /* Frameworks */ = {
			isa = PBXFrameworksBuildPhase;
			buildActionMask = 2147483647;
			files = (
				5A46CE68DB97B13E78568515 /* libPods-Burning-calories-APP.a in Frameworks */,
			);
			runOnlyForDeploymentPostprocessing = 0;
		};
		9716EF2621F6F48D00583DBD /* Frameworks */ = {
			isa = PBXFrameworksBuildPhase;
			buildActionMask = 2147483647;
			files = (
			);
			runOnlyForDeploymentPostprocessing = 0;
		};
		9716EF3121F6F48D00583DBD /* Frameworks */ = {
			isa = PBXFrameworksBuildPhase;
			buildActionMask = 2147483647;
			files = (
			);
			runOnlyForDeploymentPostprocessing = 0;
		};
/* End PBXFrameworksBuildPhase section */

/* Begin PBXGroup section */
		0408466822145F1800E8F0DE /* Sports */ = {
			isa = PBXGroup;
			children = (
				046496EF21FB399F0093AC4E /* BCLSportsDietaryRecordSportsTableViewCell.h */,
				046496F021FB399F0093AC4E /* BCLSportsDietaryRecordSportsTableViewCell.m */,
				046496F221FB46B50093AC4E /* BCLSportsDietaryRecordSportsHeadView.h */,
				046496F321FB46B50093AC4E /* BCLSportsDietaryRecordSportsHeadView.m */,
				046496F521FB46DB0093AC4E /* BCLSportsDietaryRecordSportsBottomView.h */,
				046496F621FB46DB0093AC4E /* BCLSportsDietaryRecordSportsBottomView.m */,
				0457FA2122015E6600176341 /* BCLSportsDietaryRecordSportsTableViewCellView.h */,
				0457FA2222015E6600176341 /* BCLSportsDietaryRecordSportsTableViewCellView.m */,
				046497D922251D0E00D9AA0A /* AddSports */,
			);
			path = Sports;
			sourceTree = "<group>";
		};
		0408466922145F2F00E8F0DE /* Dietary */ = {
			isa = PBXGroup;
			children = (
				0408466A221460AB00E8F0DE /* BCLSportsDietaryRecordDietaryTableViewSectionView.h */,
				0408466B221460AB00E8F0DE /* BCLSportsDietaryRecordDietaryTableViewSectionView.m */,
				048300AF2219A4AD000DDE19 /* BCLSportsDietaryRecordDietaryRecipeView.h */,
				048300B02219A4AD000DDE19 /* BCLSportsDietaryRecordDietaryRecipeView.m */,
				042A8F05223E785300CE57AB /* DetailDietary */,
			);
			path = Dietary;
			sourceTree = "<group>";
		};
		042A8F05223E785300CE57AB /* DetailDietary */ = {
			isa = PBXGroup;
			children = (
				042A8F06223E898600CE57AB /* BCLSportsDietaryDetailDietaryView.h */,
				042A8F07223E898600CE57AB /* BCLSportsDietaryDetailDietaryView.m */,
			);
			path = DetailDietary;
			sourceTree = "<group>";
		};
		042A8F0F223FED8C00CE57AB /* DetailDietary */ = {
			isa = PBXGroup;
			children = (
				042A8F10223FEDB700CE57AB /* BCLSportsDietaryDetailDietaryViewController.h */,
				042A8F11223FEDB700CE57AB /* BCLSportsDietaryDetailDietaryViewController.m */,
			);
			path = DetailDietary;
			sourceTree = "<group>";
		};
		042A8F13223FEE3900CE57AB /* Dietary */ = {
			isa = PBXGroup;
			children = (
				042A8F0F223FED8C00CE57AB /* DetailDietary */,
			);
			path = Dietary;
			sourceTree = "<group>";
		};
		042A8F14223FEE4C00CE57AB /* Sports */ = {
			isa = PBXGroup;
			children = (
				046497D52225122F00D9AA0A /* AddSports */,
			);
			path = Sports;
			sourceTree = "<group>";
		};
		046496B521F736AF0093AC4E /* Base */ = {
			isa = PBXGroup;
			children = (
				9709248D2276DB6D00DA25C0 /* BCLBaseTabBarController.h */,
				9709248E2276DB7C00DA25C0 /* BCLBaseTabBarController.m */,
				9716EF6B21F74B0300583DBD /* BCLBaseTableViewCell.h */,
				9716EF6C21F74B0300583DBD /* BCLBaseTableViewCell.m */,
				046496D421F7F9BE0093AC4E /* BCLBaseViewController.h */,
				046496D521F7F9BE0093AC4E /* BCLBaseViewController.m */,
			);
			path = Base;
			sourceTree = "<group>";
		};
		046496E021F804820093AC4E /* Main */ = {
			isa = PBXGroup;
			children = (
				9716EF1421F6F48C00583DBD /* AppDelegate.h */,
				9716EF1521F6F48C00583DBD /* AppDelegate.m */,
				9716B599227F1DE7007B64A1 /* BCLSuspensionButton.h */,
				9716B59A227F1DE7007B64A1 /* BCLSuspensionButton.m */,
			);
			path = Main;
			sourceTree = "<group>";
		};
		046496E121F8049E0093AC4E /* Classes */ = {
			isa = PBXGroup;
			children = (
				970C7C122280819C002FC9A0 /* Mine */,
				9716B5A7227F2675007B64A1 /* imageRecognition */,
				9716EF5A21F6FF2300583DBD /* Community */,
				9716EF5921F6FF0B00583DBD /* SportsDietary */,
				9716EF5821F6FED900583DBD /* Log */,
			);
			path = Classes;
			sourceTree = "<group>";
		};
		046496E221F807C40093AC4E /* Community */ = {
			isa = PBXGroup;
			children = (
				972AC2D12226DF05002A6172 /* bcl_ic_community_circleCell_commit.png */,
				972AC2CF2226DEFE002A6172 /* bcl_ic_community_circleCell_likes_selected.png */,
				972AC2CD2226DEF6002A6172 /* bcl_ic_community_circleCell_likes.png */,
				972AC2CB2226DEA3002A6172 /* bcl_ic_community_circleCell_share.png */,
				972AC2C92226DCBE002A6172 /* bcl_ic_community_circleCell.png */,
				974D421F221ED1A600738D3A /* bcl_bg_community_segment_color_line.png */,
				9796BC0F21F8586300294FE6 /* bcl_ic_community_tabBar.png */,
				9796BC0D21F8585E00294FE6 /* bcl_ic_community_tabBar_selected.png */,
				9716EF5121F6FDAE00583DBD /* 社区.png */,
			);
			path = Community;
			sourceTree = "<group>";
		};
		046496E321F807C80093AC4E /* SportsDietary */ = {
			isa = PBXGroup;
			children = (
				048300C2221C3F7A000DDE19 /* bcl_ic_Dietary_tableView_sectionSetting.png */,
				0408466F22158C0800E8F0DE /* bcl_ic_soprts_tableView_cellDeleteButton.png */,
				043C543A21FDD74700F041D0 /* bcl_ic_soprts_tableView_cellBackgroundImage.png */,
				043C543821FDB28B00F041D0 /* bcl_ic_soprts_tableView_bottomAddButton.png */,
				046496EA21F9A8610093AC4E /* bcl_ic_soprts_segmentedControl_bottomSelected.png */,
				9796BC0A21F8585700294FE6 /* bcl_ic_soprts_tabBar_selected.png */,
				9796BC0921F8585700294FE6 /* bcl_ic_soprts_tabBar.png */,
				04FE34AF222FC47200B9F1F0 /* bcl_ic_soprts_addSports_addButton.png */,
				042A8F192241D0FD00CE57AB /* bcl_ic_dietary_detailDietary_testDietaryImage.png */,
				9716EF5221F6FDAE00583DBD /* 运动.png */,
			);
			path = SportsDietary;
			sourceTree = "<group>";
		};
		046496E421F807CB0093AC4E /* Log */ = {
			isa = PBXGroup;
			children = (
				970C7C1E22808509002FC9A0 /* bcl_ic_mine_tabBar.png */,
				048300BF221AFB85000DDE19 /* bcl_ic_log_week_aixin_selected.png */,
				9708E21E221995B2004BC766 /* bcl_bg_log_month_allCell.png */,
				970C762F221706DA00DE5F88 /* bcl_ic_log_week_aixin.png */,
				9709D7E222145D3300B1EF9F /* bcl_ic_log_week_share_selected.png */,
				977C89012204846300313CBD /* bcl_ic_log_week_share.png */,
				97B8F39522008DF100F66B85 /* bcl_bg_log_everyday_food1.png */,
				97B8F39422008DF100F66B85 /* bcl_bg_log_everyday_food2.png */,
				97B8F39222008A6000F66B85 /* bcl_btn_log_everyday_cancel.png */,
				97B8F390220084AC00F66B85 /* bcl_bg_log_everyday2.png */,
				977C9D9A21FF470E00898615 /* bcl_bg_log_everyday.png */,
				974E6FDC21FCA0CE005E85F2 /* bcl_log_month_arrow.png */,
				9796BC1721F8787800294FE6 /* bcl_ic_log_tabBar_selected.png */,
				9796BC0621F8582800294FE6 /* bcl_ic_log_tabBar.png */,
				9716EF5321F6FDAE00583DBD /* 日志.png */,
			);
			path = Log;
			sourceTree = "<group>";
		};
		046496E521F807D00093AC4E /* Welcome */ = {
			isa = PBXGroup;
			children = (
				97E69606221D2BC500FB6316 /* bcl_btn_whole.png */,
				9716EF5021F6FDAE00583DBD /* 开机.jpg */,
			);
			path = Welcome;
			sourceTree = "<group>";
		};
		046496E621F9A1440093AC4E /* View */ = {
			isa = PBXGroup;
			children = (
				046496E721F9A2580093AC4E /* BCLSportsDietaryRecordView.h */,
				046496E821F9A2580093AC4E /* BCLSportsDietaryRecordView.m */,
				0408466922145F2F00E8F0DE /* Dietary */,
				0408466822145F1800E8F0DE /* Sports */,
			);
			path = View;
			sourceTree = "<group>";
		};
		046497D52225122F00D9AA0A /* AddSports */ = {
			isa = PBXGroup;
			children = (
				046497D62225127A00D9AA0A /* BCLSportsDietaryAddSportsListViewController.h */,
				046497D72225127A00D9AA0A /* BCLSportsDietaryAddSportsListViewController.m */,
			);
			path = AddSports;
			sourceTree = "<group>";
		};
		046497D922251D0E00D9AA0A /* AddSports */ = {
			isa = PBXGroup;
			children = (
				046497DA22251FB500D9AA0A /* BCLSportsDietaryAddSportsListView.h */,
				046497DB22251FB500D9AA0A /* BCLSportsDietaryAddSportsListView.m */,
				04D7519D222D48A1005D7027 /* BCLSportsDietaryAddSportsListTagView.h */,
				04D7519E222D48A1005D7027 /* BCLSportsDietaryAddSportsListTagView.m */,
				04FE34B4222FFB4E00B9F1F0 /* BCLSportsDietaryAddSportsListTableViewCell.h */,
				04FE34B5222FFB4E00B9F1F0 /* BCLSportsDietaryAddSportsListTableViewCell.m */,
				04040BBB223682FB00DAFAC5 /* BCLSportsDietaryAddSportsListPickerView.h */,
				04040BBC223682FB00DAFAC5 /* BCLSportsDietaryAddSportsListPickerView.m */,
				042A8F0C223FCBA300CE57AB /* BCLSportsDietaryAddSportsBounceView.h */,
				042A8F0D223FCBA300CE57AB /* BCLSportsDietaryAddSportsBounceView.m */,
			);
			path = AddSports;
			sourceTree = "<group>";
		};
		853A7B615FC2989979A8E8B9 /* Pods */ = {
			isa = PBXGroup;
			children = (
				A7D2E8A054CB5ACF8B87F104 /* Pods-Burning-calories-APP.debug.xcconfig */,
				3443BCC58C689AE448C1F455 /* Pods-Burning-calories-APP.release.xcconfig */,
			);
			name = Pods;
			sourceTree = "<group>";
		};
		97098B71226F4897001C6A48 /* Manag */ = {
			isa = PBXGroup;
			children = (
				97098B72226F4A59001C6A48 /* Singleton.h */,
				97098B73226F4A96001C6A48 /* APIClient.h */,
				97098B74226F4A96001C6A48 /* APIClient.m */,
			);
			path = Manag;
			sourceTree = "<group>";
		};
		970A7180220329F400A9C999 /* WeekLogView */ = {
			isa = PBXGroup;
			children = (
				970A718122032A6A00A9C999 /* BCLWeekTimeRecordView.h */,
				970A718222032A6A00A9C999 /* BCLWeekTimeRecordView.m */,
				977C88FB2204723A00313CBD /* BCLWeekTimeRecordCollectionViewCell.h */,
				977C88FC2204723A00313CBD /* BCLWeekTimeRecordCollectionViewCell.m */,
				977C89052204893100313CBD /* BCLOtherWeekDayRecordCollectionViewCell.h */,
				977C89062204893100313CBD /* BCLOtherWeekDayRecordCollectionViewCell.m */,
			);
			path = WeekLogView;
			sourceTree = "<group>";
		};
		970C7C122280819C002FC9A0 /* Mine */ = {
			isa = PBXGroup;
			children = (
				970C7C1522808214002FC9A0 /* Controllers */,
				970C7C142280820B002FC9A0 /* Views */,
				970C7C1322808204002FC9A0 /* Model */,
			);
			path = Mine;
			sourceTree = "<group>";
		};
		970C7C1322808204002FC9A0 /* Model */ = {
			isa = PBXGroup;
			children = (
			);
			path = Model;
			sourceTree = "<group>";
		};
		970C7C142280820B002FC9A0 /* Views */ = {
			isa = PBXGroup;
			children = (
				970C7C1922808394002FC9A0 /* BCLMineView.h */,
				970C7C1A22808394002FC9A0 /* BCLMineView.m */,
			);
			path = Views;
			sourceTree = "<group>";
		};
		970C7C1522808214002FC9A0 /* Controllers */ = {
			isa = PBXGroup;
			children = (
				970C7C1622808376002FC9A0 /* BCLMineViewController.h */,
				970C7C1722808376002FC9A0 /* BCLMineViewController.m */,
			);
			path = Controllers;
			sourceTree = "<group>";
		};
		970EBB3C221857AB00025038 /* LineChart */ = {
			isa = PBXGroup;
			children = (
				970EBB3D221857AB00025038 /* FSLineChart.h */,
				970EBB3E221857AB00025038 /* FSLineChart.m */,
				970EBB3F221857AB00025038 /* UIColor+FSPalette.h */,
				970EBB40221857AB00025038 /* UIColor+FSPalette.m */,
			);
			path = LineChart;
			sourceTree = "<group>";
		};
		97149C28221D8BE9001454B0 /* Views */ = {
			isa = PBXGroup;
			children = (
				97A300912225844100A37540 /* MomentKit.h */,
				97A3008D2225727900A37540 /* Utility.h */,
				97A3008E2225728000A37540 /* Utility.m */,
				9708E94722242EF90037EA02 /* UIView+Geometry.h */,
				9708E94822242F000037EA02 /* UIView+Geometry.m */,
				97149C29221D8C1D001454B0 /* BCLCommunityView.h */,
				97149C2A221D8C1D001454B0 /* BCLCommunityView.m */,
				97149C2C221D8D2B001454B0 /* BCLCommunityCircleTableViewCell.h */,
				97149C2D221D8D2B001454B0 /* BCLCommunityCircleTableViewCell.m */,
				974D421C221ECEBA00738D3A /* BCLCommunitySegmentView.h */,
				974D421D221ECEBA00738D3A /* BCLCommunitySegmentView.m */,
				97377F6E22226C410077ED68 /* BCLImageListView.h */,
				97377F6F22226C410077ED68 /* BCLImageListView.m */,
				9708E944222419280037EA02 /* BCLImagePreviewView.h */,
				9708E945222419280037EA02 /* BCLImagePreviewView.m */,
				974DDAF9223144220036FE8D /* BCLCommunityRecipesView.h */,
				974DDAFA223144220036FE8D /* BCLCommunityRecipesView.m */,
			);
			path = Views;
			sourceTree = "<group>";
		};
		9716B5A7227F2675007B64A1 /* imageRecognition */ = {
			isa = PBXGroup;
			children = (
				9716B5AA227F26BE007B64A1 /* ViewControllers */,
				9716B5A9227F26B8007B64A1 /* Views */,
				9716B5A8227F26B0007B64A1 /* Model */,
			);
			path = imageRecognition;
			sourceTree = "<group>";
		};
		9716B5A8227F26B0007B64A1 /* Model */ = {
			isa = PBXGroup;
			children = (
			);
			path = Model;
			sourceTree = "<group>";
		};
		9716B5A9227F26B8007B64A1 /* Views */ = {
			isa = PBXGroup;
			children = (
			);
			path = Views;
			sourceTree = "<group>";
		};
		9716B5AA227F26BE007B64A1 /* ViewControllers */ = {
			isa = PBXGroup;
			children = (
				9716B5AB227F2703007B64A1 /* BCLSelectFinishViewController.h */,
				9716B5AC227F2703007B64A1 /* BCLSelectFinishViewController.m */,
			);
			path = ViewControllers;
			sourceTree = "<group>";
		};
		9716EF0821F6F48B00583DBD = {
			isa = PBXGroup;
			children = (
				9716EF2C21F6F48D00583DBD /* Burning-calories-APPTests */,
				9716EF1321F6F48B00583DBD /* Burning-calories-APP */,
				9716EF3721F6F48D00583DBD /* Burning-calories-APPUITests */,
				9716EF1221F6F48B00583DBD /* Products */,
				853A7B615FC2989979A8E8B9 /* Pods */,
				B02E9C8892945B6E9BF1C9BE /* Frameworks */,
			);
			sourceTree = "<group>";
		};
		9716EF1221F6F48B00583DBD /* Products */ = {
			isa = PBXGroup;
			children = (
				9716EF1121F6F48B00583DBD /* Burning-calories-APP.app */,
				9716EF2921F6F48D00583DBD /* Burning-calories-APPTests.xctest */,
				9716EF3421F6F48D00583DBD /* Burning-calories-APPUITests.xctest */,
			);
			name = Products;
			sourceTree = "<group>";
		};
		9716EF1321F6F48B00583DBD /* Burning-calories-APP */ = {
			isa = PBXGroup;
			children = (
				97098B71226F4897001C6A48 /* Manag */,
				9716EF4F21F6FDAE00583DBD /* Resource */,
				046496B521F736AF0093AC4E /* Base */,
				046496E121F8049E0093AC4E /* Classes */,
				046496E021F804820093AC4E /* Main */,
				9716EF1A21F6F48C00583DBD /* Main.storyboard */,
				9716EF1D21F6F48D00583DBD /* Assets.xcassets */,
				9716EF1F21F6F48D00583DBD /* LaunchScreen.storyboard */,
				9716EF2221F6F48D00583DBD /* Info.plist */,
				97A30090222574B500A37540 /* PrefixHeader.pch */,
				9716EF2321F6F48D00583DBD /* main.m */,
			);
			path = "Burning-calories-APP";
			sourceTree = "<group>";
		};
		9716EF2C21F6F48D00583DBD /* Burning-calories-APPTests */ = {
			isa = PBXGroup;
			children = (
				9716EF2D21F6F48D00583DBD /* Burning_calories_APPTests.m */,
				9716EF2F21F6F48D00583DBD /* Info.plist */,
			);
			path = "Burning-calories-APPTests";
			sourceTree = "<group>";
		};
		9716EF3721F6F48D00583DBD /* Burning-calories-APPUITests */ = {
			isa = PBXGroup;
			children = (
				9716EF3821F6F48D00583DBD /* Burning_calories_APPUITests.m */,
				9716EF3A21F6F48D00583DBD /* Info.plist */,
			);
			path = "Burning-calories-APPUITests";
			sourceTree = "<group>";
		};
		9716EF4F21F6FDAE00583DBD /* Resource */ = {
			isa = PBXGroup;
			children = (
				974BED362281D290004A8ABB /* bcl_ic_mine_tabBar.png */,
				046496E521F807D00093AC4E /* Welcome */,
				046496E421F807CB0093AC4E /* Log */,
				046496E321F807C80093AC4E /* SportsDietary */,
				046496E221F807C40093AC4E /* Community */,
			);
			path = Resource;
			sourceTree = "<group>";
		};
		9716EF5821F6FED900583DBD /* Log */ = {
			isa = PBXGroup;
			children = (
				9796BC2121F87AD000294FE6 /* Model */,
				9796BC1D21F87A8600294FE6 /* Views */,
				9716EF5D21F6FF5300583DBD /* Controllers */,
			);
			path = Log;
			sourceTree = "<group>";
		};
		9716EF5921F6FF0B00583DBD /* SportsDietary */ = {
			isa = PBXGroup;
			children = (
				046496E621F9A1440093AC4E /* View */,
				9716EF6021F6FF6B00583DBD /* Controller */,
			);
			path = SportsDietary;
			sourceTree = "<group>";
		};
		9716EF5A21F6FF2300583DBD /* Community */ = {
			isa = PBXGroup;
			children = (
				97377F7122226FE60077ED68 /* Model */,
				97149C28221D8BE9001454B0 /* Views */,
				9716EF6121F6FF7500583DBD /* Controller */,
			);
			path = Community;
			sourceTree = "<group>";
		};
		9716EF5D21F6FF5300583DBD /* Controllers */ = {
			isa = PBXGroup;
			children = (
				046496D721F8038B0093AC4E /* BCLLogViewController.h */,
				046496D821F8038B0093AC4E /* BCLLogViewController.m */,
				977C9D9F21FF48AB00898615 /* BCLDayTimeRecordViewController.h */,
				977C9DA021FF48AB00898615 /* BCLDayTimeRecordViewController.m */,
				977C88FE22047ECA00313CBD /* BCLWeekTimeRecordViewController.h */,
				977C88FF22047ECA00313CBD /* BCLWeekTimeRecordViewController.m */,
				97BE238D2207311000284424 /* BCLMonthTimeRecordViewController.h */,
				97BE238E2207311000284424 /* BCLMonthTimeRecordViewController.m */,
			);
			path = Controllers;
			sourceTree = "<group>";
		};
		9716EF6021F6FF6B00583DBD /* Controller */ = {
			isa = PBXGroup;
			children = (
				046496DA21F803B50093AC4E /* BCLSportsDietaryViewController.h */,
				046496DB21F803B50093AC4E /* BCLSportsDietaryViewController.m */,
				042A8F14223FEE4C00CE57AB /* Sports */,
				042A8F13223FEE3900CE57AB /* Dietary */,
			);
			path = Controller;
			sourceTree = "<group>";
		};
		9716EF6121F6FF7500583DBD /* Controller */ = {
			isa = PBXGroup;
			children = (
				046496DD21F803D70093AC4E /* BCLCommunityViewController.h */,
				046496DE21F803D70093AC4E /* BCLCommunityViewController.m */,
			);
			path = Controller;
			sourceTree = "<group>";
		};
		97377F7122226FE60077ED68 /* Model */ = {
			isa = PBXGroup;
			children = (
				97377F722222703B0077ED68 /* BCLCommunityMoment.h */,
				97377F732222703B0077ED68 /* BCLCommunityMoment.m */,
			);
			path = Model;
			sourceTree = "<group>";
		};
		977C9D9621FF43E900898615 /* EveryDayLogView */ = {
			isa = PBXGroup;
			children = (
				977C9D9721FF450800898615 /* BCLDayTimeRecordCollectionViewCell.h */,
				977C9D9821FF450800898615 /* BCLDayTimeRecordCollectionViewCell.m */,
				977C9D9C21FF478500898615 /* BCLDayTimeRecordView.h */,
				977C9D9D21FF478500898615 /* BCLDayTimeRecordView.m */,
			);
			path = EveryDayLogView;
			sourceTree = "<group>";
		};
		9796BC1D21F87A8600294FE6 /* Views */ = {
			isa = PBXGroup;
			children = (
				97BE23832207280800284424 /* MonthLogView */,
				970A7180220329F400A9C999 /* WeekLogView */,
				977C9D9621FF43E900898615 /* EveryDayLogView */,
				977601F921FDE244008B9F74 /* BCLLogHistogramView.h */,
				977601FA21FDE24D008B9F74 /* BCLLogHistogramView.m */,
				9796BC1E21F87ABF00294FE6 /* BCLLogView.h */,
				9796BC1F21F87ABF00294FE6 /* BCLLogView.m */,
				9796BC2521F8A52100294FE6 /* BCLLogHeaderView.h */,
				9796BC2621F8A52100294FE6 /* BCLLogHeaderView.m */,
				97F608D821F9F506004BC91E /* BCLLogDayWeekTableViewCell.h */,
				97F608D921F9F506004BC91E /* BCLLogDayWeekTableViewCell.m */,
				97687AF221FB4DBA00E09F1F /* BCLLogMonthTableViewCell.h */,
				97687AF321FB4DBA00E09F1F /* BCLLogMonthTableViewCell.m */,
			);
			path = Views;
			sourceTree = "<group>";
		};
		9796BC2121F87AD000294FE6 /* Model */ = {
			isa = PBXGroup;
			children = (
				9796BC2221F87AFB00294FE6 /* BCLLogModel.h */,
				9796BC2321F87AFB00294FE6 /* BCLLogModel.m */,
			);
			path = Model;
			sourceTree = "<group>";
		};
		97BE23832207280800284424 /* MonthLogView */ = {
			isa = PBXGroup;
			children = (
				970EBB3C221857AB00025038 /* LineChart */,
				97BE2384220729B400284424 /* BCLMonthOfDayRecordCollectionViewCell.h */,
				97BE2385220729B400284424 /* BCLMonthOfDayRecordCollectionViewCell.m */,
				97BE238722072CE800284424 /* BCLMonthAllCaloriesCollectionViewCell.h */,
				97BE238822072CE800284424 /* BCLMonthAllCaloriesCollectionViewCell.m */,
				97BE238A22072E3500284424 /* BCLMonthTimeRecordView.h */,
				97BE238B22072E3500284424 /* BCLMonthTimeRecordView.m */,
				970EBB432218581900025038 /* BCLMonthLineChartView.h */,
				970EBB442218581900025038 /* BCLMonthLineChartView.m */,
			);
			path = MonthLogView;
			sourceTree = "<group>";
		};
		B02E9C8892945B6E9BF1C9BE /* Frameworks */ = {
			isa = PBXGroup;
			children = (
				4A44AD2EE5AF1285FC01A860 /* libPods-Burning-calories-APP.a */,
			);
			name = Frameworks;
			sourceTree = "<group>";
		};
/* End PBXGroup section */

/* Begin PBXNativeTarget section */
		9716EF1021F6F48B00583DBD /* Burning-calories-APP */ = {
			isa = PBXNativeTarget;
			buildConfigurationList = 9716EF3D21F6F48D00583DBD /* Build configuration list for PBXNativeTarget "Burning-calories-APP" */;
			buildPhases = (
				4F958E279E76004C150E80FA /* [CP] Check Pods Manifest.lock */,
				9716EF0D21F6F48B00583DBD /* Sources */,
				9716EF0E21F6F48B00583DBD /* Frameworks */,
				9716EF0F21F6F48B00583DBD /* Resources */,
			);
			buildRules = (
			);
			dependencies = (
			);
			name = "Burning-calories-APP";
			productName = "Burning-calories-APP";
			productReference = 9716EF1121F6F48B00583DBD /* Burning-calories-APP.app */;
			productType = "com.apple.product-type.application";
		};
		9716EF2821F6F48D00583DBD /* Burning-calories-APPTests */ = {
			isa = PBXNativeTarget;
			buildConfigurationList = 9716EF4021F6F48D00583DBD /* Build configuration list for PBXNativeTarget "Burning-calories-APPTests" */;
			buildPhases = (
				9716EF2521F6F48D00583DBD /* Sources */,
				9716EF2621F6F48D00583DBD /* Frameworks */,
				9716EF2721F6F48D00583DBD /* Resources */,
			);
			buildRules = (
			);
			dependencies = (
				9716EF2B21F6F48D00583DBD /* PBXTargetDependency */,
			);
			name = "Burning-calories-APPTests";
			productName = "Burning-calories-APPTests";
			productReference = 9716EF2921F6F48D00583DBD /* Burning-calories-APPTests.xctest */;
			productType = "com.apple.product-type.bundle.unit-test";
		};
		9716EF3321F6F48D00583DBD /* Burning-calories-APPUITests */ = {
			isa = PBXNativeTarget;
			buildConfigurationList = 9716EF4321F6F48D00583DBD /* Build configuration list for PBXNativeTarget "Burning-calories-APPUITests" */;
			buildPhases = (
				9716EF3021F6F48D00583DBD /* Sources */,
				9716EF3121F6F48D00583DBD /* Frameworks */,
				9716EF3221F6F48D00583DBD /* Resources */,
			);
			buildRules = (
			);
			dependencies = (
				9716EF3621F6F48D00583DBD /* PBXTargetDependency */,
			);
			name = "Burning-calories-APPUITests";
			productName = "Burning-calories-APPUITests";
			productReference = 9716EF3421F6F48D00583DBD /* Burning-calories-APPUITests.xctest */;
			productType = "com.apple.product-type.bundle.ui-testing";
		};
/* End PBXNativeTarget section */

/* Begin PBXProject section */
		9716EF0921F6F48B00583DBD /* Project object */ = {
			isa = PBXProject;
			attributes = {
				LastUpgradeCheck = 0940;
				ORGANIZATIONNAME = "J&Q";
				TargetAttributes = {
					9716EF1021F6F48B00583DBD = {
						CreatedOnToolsVersion = 9.4;
					};
					9716EF2821F6F48D00583DBD = {
						CreatedOnToolsVersion = 9.4;
						TestTargetID = 9716EF1021F6F48B00583DBD;
					};
					9716EF3321F6F48D00583DBD = {
						CreatedOnToolsVersion = 9.4;
						TestTargetID = 9716EF1021F6F48B00583DBD;
					};
				};
			};
			buildConfigurationList = 9716EF0C21F6F48B00583DBD /* Build configuration list for PBXProject "Burning-calories-APP" */;
			compatibilityVersion = "Xcode 9.3";
			developmentRegion = en;
			hasScannedForEncodings = 0;
			knownRegions = (
				en,
				Base,
			);
			mainGroup = 9716EF0821F6F48B00583DBD;
			productRefGroup = 9716EF1221F6F48B00583DBD /* Products */;
			projectDirPath = "";
			projectRoot = "";
			targets = (
				9716EF1021F6F48B00583DBD /* Burning-calories-APP */,
				9716EF2821F6F48D00583DBD /* Burning-calories-APPTests */,
				9716EF3321F6F48D00583DBD /* Burning-calories-APPUITests */,
			);
		};
/* End PBXProject section */

/* Begin PBXResourcesBuildPhase section */
		9716EF0F21F6F48B00583DBD /* Resources */ = {
			isa = PBXResourcesBuildPhase;
			buildActionMask = 2147483647;
			files = (
				048300C3221C3F7A000DDE19 /* bcl_ic_Dietary_tableView_sectionSetting.png in Resources */,
				9708E21F221995B2004BC766 /* bcl_bg_log_month_allCell.png in Resources */,
				972AC2CE2226DEF6002A6172 /* bcl_ic_community_circleCell_likes.png in Resources */,
				9716EF5521F6FDAE00583DBD /* 社区.png in Resources */,
				972AC2CA2226DCBE002A6172 /* bcl_ic_community_circleCell.png in Resources */,
				04FE34B0222FC47200B9F1F0 /* bcl_ic_soprts_addSports_addButton.png in Resources */,
				9796BC0821F8582800294FE6 /* bcl_ic_log_tabBar.png in Resources */,
				043C543B21FDD74700F041D0 /* bcl_ic_soprts_tableView_cellBackgroundImage.png in Resources */,
				97B8F391220084AC00F66B85 /* bcl_bg_log_everyday2.png in Resources */,
				048300C0221AFB85000DDE19 /* bcl_ic_log_week_aixin_selected.png in Resources */,
				97B8F39322008A6000F66B85 /* bcl_btn_log_everyday_cancel.png in Resources */,
				9709D7E422145D3300B1EF9F /* bcl_ic_log_week_share_selected.png in Resources */,
				974D4220221ED1A600738D3A /* bcl_bg_community_segment_color_line.png in Resources */,
				972AC2CC2226DEA3002A6172 /* bcl_ic_community_circleCell_share.png in Resources */,
				9796BC1021F8586300294FE6 /* bcl_ic_community_tabBar.png in Resources */,
				9796BC0B21F8585700294FE6 /* bcl_ic_soprts_tabBar.png in Resources */,
				9716EF5621F6FDAE00583DBD /* 运动.png in Resources */,
				972AC2D02226DEFE002A6172 /* bcl_ic_community_circleCell_likes_selected.png in Resources */,
				9716EF2121F6F48D00583DBD /* LaunchScreen.storyboard in Resources */,
				9716EF1E21F6F48D00583DBD /* Assets.xcassets in Resources */,
				974E6FDD21FCA0CE005E85F2 /* bcl_log_month_arrow.png in Resources */,
				0408467022158C0800E8F0DE /* bcl_ic_soprts_tableView_cellDeleteButton.png in Resources */,
				042A8F1A2241D0FE00CE57AB /* bcl_ic_dietary_detailDietary_testDietaryImage.png in Resources */,
				9796BC0C21F8585700294FE6 /* bcl_ic_soprts_tabBar_selected.png in Resources */,
				972AC2D22226DF05002A6172 /* bcl_ic_community_circleCell_commit.png in Resources */,
				9716EF5721F6FDAF00583DBD /* 日志.png in Resources */,
				977C89032204846400313CBD /* bcl_ic_log_week_share.png in Resources */,
				9796BC1821F8787900294FE6 /* bcl_ic_log_tabBar_selected.png in Resources */,
				97E69607221D2BC500FB6316 /* bcl_btn_whole.png in Resources */,
				9716EF1C21F6F48C00583DBD /* Main.storyboard in Resources */,
				970C7630221706DA00DE5F88 /* bcl_ic_log_week_aixin.png in Resources */,
				974BED372281D290004A8ABB /* bcl_ic_mine_tabBar.png in Resources */,
				977C9D9B21FF470E00898615 /* bcl_bg_log_everyday.png in Resources */,
				97B8F39622008DF100F66B85 /* bcl_bg_log_everyday_food2.png in Resources */,
				9716EF5421F6FDAE00583DBD /* 开机.jpg in Resources */,
				9796BC0E21F8585E00294FE6 /* bcl_ic_community_tabBar_selected.png in Resources */,
				043C543921FDB28B00F041D0 /* bcl_ic_soprts_tableView_bottomAddButton.png in Resources */,
				046496EB21F9A8610093AC4E /* bcl_ic_soprts_segmentedControl_bottomSelected.png in Resources */,
				97B8F39722008DF100F66B85 /* bcl_bg_log_everyday_food1.png in Resources */,
			);
			runOnlyForDeploymentPostprocessing = 0;
		};
		9716EF2721F6F48D00583DBD /* Resources */ = {
			isa = PBXResourcesBuildPhase;
			buildActionMask = 2147483647;
			files = (
			);
			runOnlyForDeploymentPostprocessing = 0;
		};
		9716EF3221F6F48D00583DBD /* Resources */ = {
			isa = PBXResourcesBuildPhase;
			buildActionMask = 2147483647;
			files = (
			);
			runOnlyForDeploymentPostprocessing = 0;
		};
/* End PBXResourcesBuildPhase section */

/* Begin PBXShellScriptBuildPhase section */
		4F958E279E76004C150E80FA /* [CP] Check Pods Manifest.lock */ = {
			isa = PBXShellScriptBuildPhase;
			buildActionMask = 2147483647;
			files = (
			);
			inputPaths = (
				"${PODS_PODFILE_DIR_PATH}/Podfile.lock",
				"${PODS_ROOT}/Manifest.lock",
			);
			name = "[CP] Check Pods Manifest.lock";
			outputPaths = (
				"$(DERIVED_FILE_DIR)/Pods-Burning-calories-APP-checkManifestLockResult.txt",
			);
			runOnlyForDeploymentPostprocessing = 0;
			shellPath = /bin/sh;
			shellScript = "diff \"${PODS_PODFILE_DIR_PATH}/Podfile.lock\" \"${PODS_ROOT}/Manifest.lock\" > /dev/null\nif [ $? != 0 ] ; then\n    # print error to STDERR\n    echo \"error: The sandbox is not in sync with the Podfile.lock. Run 'pod install' or update your CocoaPods installation.\" >&2\n    exit 1\nfi\n# This output is used by Xcode 'outputs' to avoid re-running this script phase.\necho \"SUCCESS\" > \"${SCRIPT_OUTPUT_FILE_0}\"\n";
			showEnvVarsInLog = 0;
		};
/* End PBXShellScriptBuildPhase section */

/* Begin PBXSourcesBuildPhase section */
		9716EF0D21F6F48B00583DBD /* Sources */ = {
			isa = PBXSourcesBuildPhase;
			buildActionMask = 2147483647;
			files = (
				974D421E221ECEBA00738D3A /* BCLCommunitySegmentView.m in Sources */,
				97BE2386220729B400284424 /* BCLMonthOfDayRecordCollectionViewCell.m in Sources */,
				042A8F12223FEDB700CE57AB /* BCLSportsDietaryDetailDietaryViewController.m in Sources */,
				970C7C1822808376002FC9A0 /* BCLMineViewController.m in Sources */,
				977C88FD2204723A00313CBD /* BCLWeekTimeRecordCollectionViewCell.m in Sources */,
				97377F7022226C410077ED68 /* BCLImageListView.m in Sources */,
				046497D82225127A00D9AA0A /* BCLSportsDietaryAddSportsListViewController.m in Sources */,
				046496F121FB399F0093AC4E /* BCLSportsDietaryRecordSportsTableViewCell.m in Sources */,
				97098B75226F4A96001C6A48 /* APIClient.m in Sources */,
				046496DC21F803B50093AC4E /* BCLSportsDietaryViewController.m in Sources */,
				0408466C221460AB00E8F0DE /* BCLSportsDietaryRecordDietaryTableViewSectionView.m in Sources */,
				9716EF2421F6F48D00583DBD /* main.m in Sources */,
				977C9DA121FF48AB00898615 /* BCLDayTimeRecordViewController.m in Sources */,
				97F608DA21F9F506004BC91E /* BCLLogDayWeekTableViewCell.m in Sources */,
				9796BC2721F8A52100294FE6 /* BCLLogHeaderView.m in Sources */,
				977601FB21FDE24D008B9F74 /* BCLLogHistogramView.m in Sources */,
				04D7519F222D48A1005D7027 /* BCLSportsDietaryAddSportsListTagView.m in Sources */,
				9716EF1621F6F48C00583DBD /* AppDelegate.m in Sources */,
				97BE238F2207311000284424 /* BCLMonthTimeRecordViewController.m in Sources */,
				9796BC2421F87AFB00294FE6 /* BCLLogModel.m in Sources */,
				9716EF6D21F74B0300583DBD /* BCLBaseTableViewCell.m in Sources */,
				046496DF21F803D70093AC4E /* BCLCommunityViewController.m in Sources */,
				0457FA2322015E6600176341 /* BCLSportsDietaryRecordSportsTableViewCellView.m in Sources */,
				046496F421FB46B50093AC4E /* BCLSportsDietaryRecordSportsHeadView.m in Sources */,
				046496F721FB46DB0093AC4E /* BCLSportsDietaryRecordSportsBottomView.m in Sources */,
				97377F742222703B0077ED68 /* BCLCommunityMoment.m in Sources */,
				970A718322032A6A00A9C999 /* BCLWeekTimeRecordView.m in Sources */,
				9716B5AD227F2703007B64A1 /* BCLSelectFinishViewController.m in Sources */,
				977C9D9E21FF478500898615 /* BCLDayTimeRecordView.m in Sources */,
				977C89072204893100313CBD /* BCLOtherWeekDayRecordCollectionViewCell.m in Sources */,
				9716B59B227F1DE7007B64A1 /* BCLSuspensionButton.m in Sources */,
				04FE34B6222FFB4E00B9F1F0 /* BCLSportsDietaryAddSportsListTableViewCell.m in Sources */,
				977C9D9921FF450800898615 /* BCLDayTimeRecordCollectionViewCell.m in Sources */,
				977C890022047ECA00313CBD /* BCLWeekTimeRecordViewController.m in Sources */,
				046496D921F8038B0093AC4E /* BCLLogViewController.m in Sources */,
				974DDAFB223144220036FE8D /* BCLCommunityRecipesView.m in Sources */,
				9708E94922242F000037EA02 /* UIView+Geometry.m in Sources */,
				048300B12219A4AD000DDE19 /* BCLSportsDietaryRecordDietaryRecipeView.m in Sources */,
				97BE238922072CE800284424 /* BCLMonthAllCaloriesCollectionViewCell.m in Sources */,
				9796BC2021F87ABF00294FE6 /* BCLLogView.m in Sources */,
				970EBB41221857AB00025038 /* FSLineChart.m in Sources */,
				9708E946222419280037EA02 /* BCLImagePreviewView.m in Sources */,
				042A8F08223E898600CE57AB /* BCLSportsDietaryDetailDietaryView.m in Sources */,
				046497DC22251FB500D9AA0A /* BCLSportsDietaryAddSportsListView.m in Sources */,
				970EBB452218581900025038 /* BCLMonthLineChartView.m in Sources */,
				04040BBD223682FB00DAFAC5 /* BCLSportsDietaryAddSportsListPickerView.m in Sources */,
				970C7C1B22808394002FC9A0 /* BCLMineView.m in Sources */,
				97149C2B221D8C1D001454B0 /* BCLCommunityView.m in Sources */,
				042A8F0E223FCBA300CE57AB /* BCLSportsDietaryAddSportsBounceView.m in Sources */,
				9709248F2276DB7D00DA25C0 /* BCLBaseTabBarController.m in Sources */,
				970EBB42221857AB00025038 /* UIColor+FSPalette.m in Sources */,
				046496D621F7F9BE0093AC4E /* BCLBaseViewController.m in Sources */,
				046496E921F9A2580093AC4E /* BCLSportsDietaryRecordView.m in Sources */,
				97A3008F2225728000A37540 /* Utility.m in Sources */,
				97BE238C22072E3500284424 /* BCLMonthTimeRecordView.m in Sources */,
				97687AF421FB4DBA00E09F1F /* BCLLogMonthTableViewCell.m in Sources */,
				97149C2E221D8D2B001454B0 /* BCLCommunityCircleTableViewCell.m in Sources */,
			);
			runOnlyForDeploymentPostprocessing = 0;
		};
		9716EF2521F6F48D00583DBD /* Sources */ = {
			isa = PBXSourcesBuildPhase;
			buildActionMask = 2147483647;
			files = (
				9716EF2E21F6F48D00583DBD /* Burning_calories_APPTests.m in Sources */,
			);
			runOnlyForDeploymentPostprocessing = 0;
		};
		9716EF3021F6F48D00583DBD /* Sources */ = {
			isa = PBXSourcesBuildPhase;
			buildActionMask = 2147483647;
			files = (
				9716EF3921F6F48D00583DBD /* Burning_calories_APPUITests.m in Sources */,
			);
			runOnlyForDeploymentPostprocessing = 0;
		};
/* End PBXSourcesBuildPhase section */

/* Begin PBXTargetDependency section */
		9716EF2B21F6F48D00583DBD /* PBXTargetDependency */ = {
			isa = PBXTargetDependency;
			target = 9716EF1021F6F48B00583DBD /* Burning-calories-APP */;
			targetProxy = 9716EF2A21F6F48D00583DBD /* PBXContainerItemProxy */;
		};
		9716EF3621F6F48D00583DBD /* PBXTargetDependency */ = {
			isa = PBXTargetDependency;
			target = 9716EF1021F6F48B00583DBD /* Burning-calories-APP */;
			targetProxy = 9716EF3521F6F48D00583DBD /* PBXContainerItemProxy */;
		};
/* End PBXTargetDependency section */

/* Begin PBXVariantGroup section */
		9716EF1A21F6F48C00583DBD /* Main.storyboard */ = {
			isa = PBXVariantGroup;
			children = (
				9716EF1B21F6F48C00583DBD /* Base */,
			);
			name = Main.storyboard;
			sourceTree = "<group>";
		};
		9716EF1F21F6F48D00583DBD /* LaunchScreen.storyboard */ = {
			isa = PBXVariantGroup;
			children = (
				9716EF2021F6F48D00583DBD /* Base */,
			);
			name = LaunchScreen.storyboard;
			sourceTree = "<group>";
		};
/* End PBXVariantGroup section */

/* Begin XCBuildConfiguration section */
		9716EF3B21F6F48D00583DBD /* Debug */ = {
			isa = XCBuildConfiguration;
			buildSettings = {
				ALWAYS_SEARCH_USER_PATHS = NO;
				CLANG_ANALYZER_NONNULL = YES;
				CLANG_ANALYZER_NUMBER_OBJECT_CONVERSION = YES_AGGRESSIVE;
				CLANG_CXX_LANGUAGE_STANDARD = "gnu++14";
				CLANG_CXX_LIBRARY = "libc++";
				CLANG_ENABLE_MODULES = YES;
				CLANG_ENABLE_OBJC_ARC = YES;
				CLANG_ENABLE_OBJC_WEAK = YES;
				CLANG_WARN_BLOCK_CAPTURE_AUTORELEASING = YES;
				CLANG_WARN_BOOL_CONVERSION = YES;
				CLANG_WARN_COMMA = YES;
				CLANG_WARN_CONSTANT_CONVERSION = YES;
				CLANG_WARN_DEPRECATED_OBJC_IMPLEMENTATIONS = YES;
				CLANG_WARN_DIRECT_OBJC_ISA_USAGE = YES_ERROR;
				CLANG_WARN_DOCUMENTATION_COMMENTS = YES;
				CLANG_WARN_EMPTY_BODY = YES;
				CLANG_WARN_ENUM_CONVERSION = YES;
				CLANG_WARN_INFINITE_RECURSION = YES;
				CLANG_WARN_INT_CONVERSION = YES;
				CLANG_WARN_NON_LITERAL_NULL_CONVERSION = YES;
				CLANG_WARN_OBJC_IMPLICIT_RETAIN_SELF = YES;
				CLANG_WARN_OBJC_LITERAL_CONVERSION = YES;
				CLANG_WARN_OBJC_ROOT_CLASS = YES_ERROR;
				CLANG_WARN_RANGE_LOOP_ANALYSIS = YES;
				CLANG_WARN_STRICT_PROTOTYPES = YES;
				CLANG_WARN_SUSPICIOUS_MOVE = YES;
				CLANG_WARN_UNGUARDED_AVAILABILITY = YES_AGGRESSIVE;
				CLANG_WARN_UNREACHABLE_CODE = YES;
				CLANG_WARN__DUPLICATE_METHOD_MATCH = YES;
				CODE_SIGN_IDENTITY = "iPhone Developer";
				COPY_PHASE_STRIP = NO;
				DEBUG_INFORMATION_FORMAT = dwarf;
				ENABLE_STRICT_OBJC_MSGSEND = YES;
				ENABLE_TESTABILITY = YES;
				GCC_C_LANGUAGE_STANDARD = gnu11;
				GCC_DYNAMIC_NO_PIC = NO;
				GCC_NO_COMMON_BLOCKS = YES;
				GCC_OPTIMIZATION_LEVEL = 0;
				GCC_PREPROCESSOR_DEFINITIONS = (
					"DEBUG=1",
					"$(inherited)",
				);
				GCC_WARN_64_TO_32_BIT_CONVERSION = YES;
				GCC_WARN_ABOUT_RETURN_TYPE = YES_ERROR;
				GCC_WARN_UNDECLARED_SELECTOR = YES;
				GCC_WARN_UNINITIALIZED_AUTOS = YES_AGGRESSIVE;
				GCC_WARN_UNUSED_FUNCTION = YES;
				GCC_WARN_UNUSED_VARIABLE = YES;
				IPHONEOS_DEPLOYMENT_TARGET = 11.4;
				MTL_ENABLE_DEBUG_INFO = YES;
				ONLY_ACTIVE_ARCH = YES;
				SDKROOT = iphoneos;
			};
			name = Debug;
		};
		9716EF3C21F6F48D00583DBD /* Release */ = {
			isa = XCBuildConfiguration;
			buildSettings = {
				ALWAYS_SEARCH_USER_PATHS = NO;
				CLANG_ANALYZER_NONNULL = YES;
				CLANG_ANALYZER_NUMBER_OBJECT_CONVERSION = YES_AGGRESSIVE;
				CLANG_CXX_LANGUAGE_STANDARD = "gnu++14";
				CLANG_CXX_LIBRARY = "libc++";
				CLANG_ENABLE_MODULES = YES;
				CLANG_ENABLE_OBJC_ARC = YES;
				CLANG_ENABLE_OBJC_WEAK = YES;
				CLANG_WARN_BLOCK_CAPTURE_AUTORELEASING = YES;
				CLANG_WARN_BOOL_CONVERSION = YES;
				CLANG_WARN_COMMA = YES;
				CLANG_WARN_CONSTANT_CONVERSION = YES;
				CLANG_WARN_DEPRECATED_OBJC_IMPLEMENTATIONS = YES;
				CLANG_WARN_DIRECT_OBJC_ISA_USAGE = YES_ERROR;
				CLANG_WARN_DOCUMENTATION_COMMENTS = YES;
				CLANG_WARN_EMPTY_BODY = YES;
				CLANG_WARN_ENUM_CONVERSION = YES;
				CLANG_WARN_INFINITE_RECURSION = YES;
				CLANG_WARN_INT_CONVERSION = YES;
				CLANG_WARN_NON_LITERAL_NULL_CONVERSION = YES;
				CLANG_WARN_OBJC_IMPLICIT_RETAIN_SELF = YES;
				CLANG_WARN_OBJC_LITERAL_CONVERSION = YES;
				CLANG_WARN_OBJC_ROOT_CLASS = YES_ERROR;
				CLANG_WARN_RANGE_LOOP_ANALYSIS = YES;
				CLANG_WARN_STRICT_PROTOTYPES = YES;
				CLANG_WARN_SUSPICIOUS_MOVE = YES;
				CLANG_WARN_UNGUARDED_AVAILABILITY = YES_AGGRESSIVE;
				CLANG_WARN_UNREACHABLE_CODE = YES;
				CLANG_WARN__DUPLICATE_METHOD_MATCH = YES;
				CODE_SIGN_IDENTITY = "iPhone Developer";
				COPY_PHASE_STRIP = NO;
				DEBUG_INFORMATION_FORMAT = "dwarf-with-dsym";
				ENABLE_NS_ASSERTIONS = NO;
				ENABLE_STRICT_OBJC_MSGSEND = YES;
				GCC_C_LANGUAGE_STANDARD = gnu11;
				GCC_NO_COMMON_BLOCKS = YES;
				GCC_WARN_64_TO_32_BIT_CONVERSION = YES;
				GCC_WARN_ABOUT_RETURN_TYPE = YES_ERROR;
				GCC_WARN_UNDECLARED_SELECTOR = YES;
				GCC_WARN_UNINITIALIZED_AUTOS = YES_AGGRESSIVE;
				GCC_WARN_UNUSED_FUNCTION = YES;
				GCC_WARN_UNUSED_VARIABLE = YES;
				IPHONEOS_DEPLOYMENT_TARGET = 11.4;
				MTL_ENABLE_DEBUG_INFO = NO;
				SDKROOT = iphoneos;
				VALIDATE_PRODUCT = YES;
			};
			name = Release;
		};
		9716EF3E21F6F48D00583DBD /* Debug */ = {
			isa = XCBuildConfiguration;
			baseConfigurationReference = A7D2E8A054CB5ACF8B87F104 /* Pods-Burning-calories-APP.debug.xcconfig */;
			buildSettings = {
				ASSETCATALOG_COMPILER_APPICON_NAME = AppIcon;
				CODE_SIGN_STYLE = Automatic;
				DEVELOPMENT_TEAM = R4CRLLJSKR;
				GCC_PRECOMPILE_PREFIX_HEADER = YES;
				GCC_PREFIX_HEADER = "$(SRCROOT)/Burning-calories-APP/PrefixHeader.pch";
				INFOPLIST_FILE = "Burning-calories-APP/Info.plist";
				LD_RUNPATH_SEARCH_PATHS = (
					"$(inherited)",
					"@executable_path/Frameworks",
				);
				PRODUCT_BUNDLE_IDENTIFIER = qst;
				PRODUCT_NAME = "$(TARGET_NAME)";
				TARGETED_DEVICE_FAMILY = "1,2";
			};
			name = Debug;
		};
		9716EF3F21F6F48D00583DBD /* Release */ = {
			isa = XCBuildConfiguration;
			baseConfigurationReference = 3443BCC58C689AE448C1F455 /* Pods-Burning-calories-APP.release.xcconfig */;
			buildSettings = {
				ASSETCATALOG_COMPILER_APPICON_NAME = AppIcon;
				CODE_SIGN_STYLE = Automatic;
				DEVELOPMENT_TEAM = R4CRLLJSKR;
				GCC_PRECOMPILE_PREFIX_HEADER = YES;
				GCC_PREFIX_HEADER = "$(SRCROOT)/Burning-calories-APP/PrefixHeader.pch";
				INFOPLIST_FILE = "Burning-calories-APP/Info.plist";
				LD_RUNPATH_SEARCH_PATHS = (
					"$(inherited)",
					"@executable_path/Frameworks",
				);
				PRODUCT_BUNDLE_IDENTIFIER = qst;
				PRODUCT_NAME = "$(TARGET_NAME)";
				TARGETED_DEVICE_FAMILY = "1,2";
			};
			name = Release;
		};
		9716EF4121F6F48D00583DBD /* Debug */ = {
			isa = XCBuildConfiguration;
			buildSettings = {
				BUNDLE_LOADER = "$(TEST_HOST)";
				CODE_SIGN_STYLE = Automatic;
				INFOPLIST_FILE = "Burning-calories-APPTests/Info.plist";
				LD_RUNPATH_SEARCH_PATHS = (
					"$(inherited)",
					"@executable_path/Frameworks",
					"@loader_path/Frameworks",
				);
				PRODUCT_BUNDLE_IDENTIFIER = "-.Burning-calories-APPTests";
				PRODUCT_NAME = "$(TARGET_NAME)";
				TARGETED_DEVICE_FAMILY = "1,2";
				TEST_HOST = "$(BUILT_PRODUCTS_DIR)/Burning-calories-APP.app/Burning-calories-APP";
			};
			name = Debug;
		};
		9716EF4221F6F48D00583DBD /* Release */ = {
			isa = XCBuildConfiguration;
			buildSettings = {
				BUNDLE_LOADER = "$(TEST_HOST)";
				CODE_SIGN_STYLE = Automatic;
				INFOPLIST_FILE = "Burning-calories-APPTests/Info.plist";
				LD_RUNPATH_SEARCH_PATHS = (
					"$(inherited)",
					"@executable_path/Frameworks",
					"@loader_path/Frameworks",
				);
				PRODUCT_BUNDLE_IDENTIFIER = "-.Burning-calories-APPTests";
				PRODUCT_NAME = "$(TARGET_NAME)";
				TARGETED_DEVICE_FAMILY = "1,2";
				TEST_HOST = "$(BUILT_PRODUCTS_DIR)/Burning-calories-APP.app/Burning-calories-APP";
			};
			name = Release;
		};
		9716EF4421F6F48D00583DBD /* Debug */ = {
			isa = XCBuildConfiguration;
			buildSettings = {
				CODE_SIGN_STYLE = Automatic;
				INFOPLIST_FILE = "Burning-calories-APPUITests/Info.plist";
				LD_RUNPATH_SEARCH_PATHS = (
					"$(inherited)",
					"@executable_path/Frameworks",
					"@loader_path/Frameworks",
				);
				PRODUCT_BUNDLE_IDENTIFIER = "-.Burning-calories-APPUITests";
				PRODUCT_NAME = "$(TARGET_NAME)";
				TARGETED_DEVICE_FAMILY = "1,2";
				TEST_TARGET_NAME = "Burning-calories-APP";
			};
			name = Debug;
		};
		9716EF4521F6F48D00583DBD /* Release */ = {
			isa = XCBuildConfiguration;
			buildSettings = {
				CODE_SIGN_STYLE = Automatic;
				INFOPLIST_FILE = "Burning-calories-APPUITests/Info.plist";
				LD_RUNPATH_SEARCH_PATHS = (
					"$(inherited)",
					"@executable_path/Frameworks",
					"@loader_path/Frameworks",
				);
				PRODUCT_BUNDLE_IDENTIFIER = "-.Burning-calories-APPUITests";
				PRODUCT_NAME = "$(TARGET_NAME)";
				TARGETED_DEVICE_FAMILY = "1,2";
				TEST_TARGET_NAME = "Burning-calories-APP";
			};
			name = Release;
		};
/* End XCBuildConfiguration section */

/* Begin XCConfigurationList section */
		9716EF0C21F6F48B00583DBD /* Build configuration list for PBXProject "Burning-calories-APP" */ = {
			isa = XCConfigurationList;
			buildConfigurations = (
				9716EF3B21F6F48D00583DBD /* Debug */,
				9716EF3C21F6F48D00583DBD /* Release */,
			);
			defaultConfigurationIsVisible = 0;
			defaultConfigurationName = Release;
		};
		9716EF3D21F6F48D00583DBD /* Build configuration list for PBXNativeTarget "Burning-calories-APP" */ = {
			isa = XCConfigurationList;
			buildConfigurations = (
				9716EF3E21F6F48D00583DBD /* Debug */,
				9716EF3F21F6F48D00583DBD /* Release */,
			);
			defaultConfigurationIsVisible = 0;
			defaultConfigurationName = Release;
		};
		9716EF4021F6F48D00583DBD /* Build configuration list for PBXNativeTarget "Burning-calories-APPTests" */ = {
			isa = XCConfigurationList;
			buildConfigurations = (
				9716EF4121F6F48D00583DBD /* Debug */,
				9716EF4221F6F48D00583DBD /* Release */,
			);
			defaultConfigurationIsVisible = 0;
			defaultConfigurationName = Release;
		};
		9716EF4321F6F48D00583DBD /* Build configuration list for PBXNativeTarget "Burning-calories-APPUITests" */ = {
			isa = XCConfigurationList;
			buildConfigurations = (
				9716EF4421F6F48D00583DBD /* Debug */,
				9716EF4521F6F48D00583DBD /* Release */,
			);
			defaultConfigurationIsVisible = 0;
			defaultConfigurationName = Release;
		};
/* End XCConfigurationList section */
	};
	rootObject = 9716EF0921F6F48B00583DBD /* Project object */;
}
