// !$*UTF8*$!
{
	archiveVersion = 1;
	classes = {
	};
	objectVersion = 50;
	objects = {

/* Begin PBXBuildFile section */
		043C543921FDB28B00F041D0 /* bcl_ic_soprts_tableView_bottomAddButton.png in Resources */ = {isa = PBXBuildFile; fileRef = 043C543821FDB28B00F041D0 /* bcl_ic_soprts_tableView_bottomAddButton.png */; };
		043C543B21FDD74700F041D0 /* bcl_ic_soprts_tableView_cellBackgroundImage.png in Resources */ = {isa = PBXBuildFile; fileRef = 043C543A21FDD74700F041D0 /* bcl_ic_soprts_tableView_cellBackgroundImage.png */; };
		043C543D21FDDFE300F041D0 /* QQ20190127-0.png in Resources */ = {isa = PBXBuildFile; fileRef = 043C543C21FDDFE300F041D0 /* QQ20190127-0.png */; };
		0457FA2322015E6600176341 /* BCLSportsDietaryRecordSportsTableViewCellView.m in Sources */ = {isa = PBXBuildFile; fileRef = 0457FA2222015E6600176341 /* BCLSportsDietaryRecordSportsTableViewCellView.m */; };
		046496D621F7F9BE0093AC4E /* BCLBaseViewController.m in Sources */ = {isa = PBXBuildFile; fileRef = 046496D521F7F9BE0093AC4E /* BCLBaseViewController.m */; };
		046496D921F8038B0093AC4E /* BCLLogViewController.m in Sources */ = {isa = PBXBuildFile; fileRef = 046496D821F8038B0093AC4E /* BCLLogViewController.m */; };
		046496DC21F803B50093AC4E /* BCLSportsDietaryViewController.m in Sources */ = {isa = PBXBuildFile; fileRef = 046496DB21F803B50093AC4E /* BCLSportsDietaryViewController.m */; };
		046496DF21F803D70093AC4E /* BCLCommunityViewController.m in Sources */ = {isa = PBXBuildFile; fileRef = 046496DE21F803D70093AC4E /* BCLCommunityViewController.m */; };
		046496E921F9A2580093AC4E /* BCLSportsDietaryRecordView.m in Sources */ = {isa = PBXBuildFile; fileRef = 046496E821F9A2580093AC4E /* BCLSportsDietaryRecordView.m */; };
		046496EB21F9A8610093AC4E /* bcl_ic_soprts_segmentedControl_bottomSelected.png in Resources */ = {isa = PBXBuildFile; fileRef = 046496EA21F9A8610093AC4E /* bcl_ic_soprts_segmentedControl_bottomSelected.png */; };
		046496F121FB399F0093AC4E /* BCLSportsDietaryRecordSportsTableViewCell.m in Sources */ = {isa = PBXBuildFile; fileRef = 046496F021FB399F0093AC4E /* BCLSportsDietaryRecordSportsTableViewCell.m */; };
		046496F421FB46B50093AC4E /* BCLSportsDietaryRecordSportsHeadView.m in Sources */ = {isa = PBXBuildFile; fileRef = 046496F321FB46B50093AC4E /* BCLSportsDietaryRecordSportsHeadView.m */; };
		046496F721FB46DB0093AC4E /* BCLSportsDietaryRecordSportsBottomView.m in Sources */ = {isa = PBXBuildFile; fileRef = 046496F621FB46DB0093AC4E /* BCLSportsDietaryRecordSportsBottomView.m */; };
		5A46CE68DB97B13E78568515 /* libPods-Burning-calories-APP.a in Frameworks */ = {isa = PBXBuildFile; fileRef = 4A44AD2EE5AF1285FC01A860 /* libPods-Burning-calories-APP.a */; };
		970A718322032A6A00A9C999 /* BCLWeekTimeRecordView.m in Sources */ = {isa = PBXBuildFile; fileRef = 970A718222032A6A00A9C999 /* BCLWeekTimeRecordView.m */; };
		9716EF1621F6F48C00583DBD /* AppDelegate.m in Sources */ = {isa = PBXBuildFile; fileRef = 9716EF1521F6F48C00583DBD /* AppDelegate.m */; };
		9716EF1C21F6F48C00583DBD /* Main.storyboard in Resources */ = {isa = PBXBuildFile; fileRef = 9716EF1A21F6F48C00583DBD /* Main.storyboard */; };
		9716EF1E21F6F48D00583DBD /* Assets.xcassets in Resources */ = {isa = PBXBuildFile; fileRef = 9716EF1D21F6F48D00583DBD /* Assets.xcassets */; };
		9716EF2121F6F48D00583DBD /* LaunchScreen.storyboard in Resources */ = {isa = PBXBuildFile; fileRef = 9716EF1F21F6F48D00583DBD /* LaunchScreen.storyboard */; };
		9716EF2421F6F48D00583DBD /* main.m in Sources */ = {isa = PBXBuildFile; fileRef = 9716EF2321F6F48D00583DBD /* main.m */; };
		9716EF2E21F6F48D00583DBD /* Burning_calories_APPTests.m in Sources */ = {isa = PBXBuildFile; fileRef = 9716EF2D21F6F48D00583DBD /* Burning_calories_APPTests.m */; };
		9716EF3921F6F48D00583DBD /* Burning_calories_APPUITests.m in Sources */ = {isa = PBXBuildFile; fileRef = 9716EF3821F6F48D00583DBD /* Burning_calories_APPUITests.m */; };
		9716EF5421F6FDAE00583DBD /* 开机.jpg in Resources */ = {isa = PBXBuildFile; fileRef = 9716EF5021F6FDAE00583DBD /* 开机.jpg */; };
		9716EF5521F6FDAE00583DBD /* 社区.png in Resources */ = {isa = PBXBuildFile; fileRef = 9716EF5121F6FDAE00583DBD /* 社区.png */; };
		9716EF5621F6FDAE00583DBD /* 运动.png in Resources */ = {isa = PBXBuildFile; fileRef = 9716EF5221F6FDAE00583DBD /* 运动.png */; };
		9716EF5721F6FDAF00583DBD /* 日志.png in Resources */ = {isa = PBXBuildFile; fileRef = 9716EF5321F6FDAE00583DBD /* 日志.png */; };
		9716EF6A21F743EB00583DBD /* BCLBaseTabBarController.m in Sources */ = {isa = PBXBuildFile; fileRef = 9716EF6921F743EB00583DBD /* BCLBaseTabBarController.m */; };
		9716EF6D21F74B0300583DBD /* BCLBaseTableViewCell.m in Sources */ = {isa = PBXBuildFile; fileRef = 9716EF6C21F74B0300583DBD /* BCLBaseTableViewCell.m */; };
		974E6FDD21FCA0CE005E85F2 /* bcl_log_month_arrow.png in Resources */ = {isa = PBXBuildFile; fileRef = 974E6FDC21FCA0CE005E85F2 /* bcl_log_month_arrow.png */; };
		97687AF421FB4DBA00E09F1F /* BCLLogMonthTableViewCell.m in Sources */ = {isa = PBXBuildFile; fileRef = 97687AF321FB4DBA00E09F1F /* BCLLogMonthTableViewCell.m */; };
		977601FB21FDE24D008B9F74 /* BCLLogHistogramView.m in Sources */ = {isa = PBXBuildFile; fileRef = 977601FA21FDE24D008B9F74 /* BCLLogHistogramView.m */; };
		977C88FD2204723A00313CBD /* BCLWeekTimeRecordCollectionViewCell.m in Sources */ = {isa = PBXBuildFile; fileRef = 977C88FC2204723A00313CBD /* BCLWeekTimeRecordCollectionViewCell.m */; };
		977C890022047ECA00313CBD /* BCLWeekTimeRecordViewController.m in Sources */ = {isa = PBXBuildFile; fileRef = 977C88FF22047ECA00313CBD /* BCLWeekTimeRecordViewController.m */; };
		977C89032204846400313CBD /* bcl_ic_log_week_share.png in Resources */ = {isa = PBXBuildFile; fileRef = 977C89012204846300313CBD /* bcl_ic_log_week_share.png */; };
		977C89042204846400313CBD /* bcl_ic_log_week_aixin.png in Resources */ = {isa = PBXBuildFile; fileRef = 977C89022204846300313CBD /* bcl_ic_log_week_aixin.png */; };
		977C89072204893100313CBD /* BCLOtherWeekDayRecordCollectionViewCell.m in Sources */ = {isa = PBXBuildFile; fileRef = 977C89062204893100313CBD /* BCLOtherWeekDayRecordCollectionViewCell.m */; };
		977C9D9921FF450800898615 /* BCLDayTimeRecordCollectionViewCell.m in Sources */ = {isa = PBXBuildFile; fileRef = 977C9D9821FF450800898615 /* BCLDayTimeRecordCollectionViewCell.m */; };
		977C9D9B21FF470E00898615 /* bcl_bg_log_everyday.png in Resources */ = {isa = PBXBuildFile; fileRef = 977C9D9A21FF470E00898615 /* bcl_bg_log_everyday.png */; };
		977C9D9E21FF478500898615 /* BCLDayTimeRecordView.m in Sources */ = {isa = PBXBuildFile; fileRef = 977C9D9D21FF478500898615 /* BCLDayTimeRecordView.m */; };
		977C9DA121FF48AB00898615 /* BCLDayTimeRecordViewController.m in Sources */ = {isa = PBXBuildFile; fileRef = 977C9DA021FF48AB00898615 /* BCLDayTimeRecordViewController.m */; };
		9796BC0821F8582800294FE6 /* bcl_ic_log_tabBar.png in Resources */ = {isa = PBXBuildFile; fileRef = 9796BC0621F8582800294FE6 /* bcl_ic_log_tabBar.png */; };
		9796BC0B21F8585700294FE6 /* bcl_ic_soprts_tabBar.png in Resources */ = {isa = PBXBuildFile; fileRef = 9796BC0921F8585700294FE6 /* bcl_ic_soprts_tabBar.png */; };
		9796BC0C21F8585700294FE6 /* bcl_ic_soprts_tabBar_selected.png in Resources */ = {isa = PBXBuildFile; fileRef = 9796BC0A21F8585700294FE6 /* bcl_ic_soprts_tabBar_selected.png */; };
		9796BC0E21F8585E00294FE6 /* bcl_ic_community_tabBar_selected.png in Resources */ = {isa = PBXBuildFile; fileRef = 9796BC0D21F8585E00294FE6 /* bcl_ic_community_tabBar_selected.png */; };
		9796BC1021F8586300294FE6 /* bcl_ic_community_tabBar.png in Resources */ = {isa = PBXBuildFile; fileRef = 9796BC0F21F8586300294FE6 /* bcl_ic_community_tabBar.png */; };
		9796BC1821F8787900294FE6 /* bcl_ic_log_tabBar_selected.png in Resources */ = {isa = PBXBuildFile; fileRef = 9796BC1721F8787800294FE6 /* bcl_ic_log_tabBar_selected.png */; };
		9796BC2021F87ABF00294FE6 /* BCLLogView.m in Sources */ = {isa = PBXBuildFile; fileRef = 9796BC1F21F87ABF00294FE6 /* BCLLogView.m */; };
		9796BC2421F87AFB00294FE6 /* BCLLogModel.m in Sources */ = {isa = PBXBuildFile; fileRef = 9796BC2321F87AFB00294FE6 /* BCLLogModel.m */; };
		9796BC2721F8A52100294FE6 /* BCLLogHeaderView.m in Sources */ = {isa = PBXBuildFile; fileRef = 9796BC2621F8A52100294FE6 /* BCLLogHeaderView.m */; };
		97B8F391220084AC00F66B85 /* bcl_bg_log_everyday2.png in Resources */ = {isa = PBXBuildFile; fileRef = 97B8F390220084AC00F66B85 /* bcl_bg_log_everyday2.png */; };
		97B8F39322008A6000F66B85 /* bcl_btn_log_everyday_cancel.png in Resources */ = {isa = PBXBuildFile; fileRef = 97B8F39222008A6000F66B85 /* bcl_btn_log_everyday_cancel.png */; };
		97B8F39622008DF100F66B85 /* bcl_bg_log_everyday_food2.png in Resources */ = {isa = PBXBuildFile; fileRef = 97B8F39422008DF100F66B85 /* bcl_bg_log_everyday_food2.png */; };
		97B8F39722008DF100F66B85 /* bcl_bg_log_everyday_food1.png in Resources */ = {isa = PBXBuildFile; fileRef = 97B8F39522008DF100F66B85 /* bcl_bg_log_everyday_food1.png */; };
		97BE2386220729B400284424 /* BCLMonthOfDayRecordCollectionViewCell.m in Sources */ = {isa = PBXBuildFile; fileRef = 97BE2385220729B400284424 /* BCLMonthOfDayRecordCollectionViewCell.m */; };
		97BE238922072CE800284424 /* BCLMonthAllCaloriesCollectionViewCell.m in Sources */ = {isa = PBXBuildFile; fileRef = 97BE238822072CE800284424 /* BCLMonthAllCaloriesCollectionViewCell.m */; };
		97BE238C22072E3500284424 /* BCLMonthTimeRecordView.m in Sources */ = {isa = PBXBuildFile; fileRef = 97BE238B22072E3500284424 /* BCLMonthTimeRecordView.m */; };
		97BE238F2207311000284424 /* BCLMonthTimeRecordViewController.m in Sources */ = {isa = PBXBuildFile; fileRef = 97BE238E2207311000284424 /* BCLMonthTimeRecordViewController.m */; };
		97F608DA21F9F506004BC91E /* BCLLogDayWeekTableViewCell.m in Sources */ = {isa = PBXBuildFile; fileRef = 97F608D921F9F506004BC91E /* BCLLogDayWeekTableViewCell.m */; };
/* End PBXBuildFile section */

/* Begin PBXContainerItemProxy section */
		9716EF2A21F6F48D00583DBD /* PBXContainerItemProxy */ = {
			isa = PBXContainerItemProxy;
			containerPortal = 9716EF0921F6F48B00583DBD /* Project object */;
			proxyType = 1;
			remoteGlobalIDString = 9716EF1021F6F48B00583DBD;
			remoteInfo = "Burning-calories-APP";
		};
		9716EF3521F6F48D00583DBD /* PBXContainerItemProxy */ = {
			isa = PBXContainerItemProxy;
			containerPortal = 9716EF0921F6F48B00583DBD /* Project object */;
			proxyType = 1;
			remoteGlobalIDString = 9716EF1021F6F48B00583DBD;
			remoteInfo = "Burning-calories-APP";
		};
/* End PBXContainerItemProxy section */

/* Begin PBXFileReference section */
		043C543821FDB28B00F041D0 /* bcl_ic_soprts_tableView_bottomAddButton.png */ = {isa = PBXFileReference; lastKnownFileType = image.png; path = bcl_ic_soprts_tableView_bottomAddButton.png; sourceTree = "<group>"; };
		043C543A21FDD74700F041D0 /* bcl_ic_soprts_tableView_cellBackgroundImage.png */ = {isa = PBXFileReference; lastKnownFileType = image.png; path = bcl_ic_soprts_tableView_cellBackgroundImage.png; sourceTree = "<group>"; };
		043C543C21FDDFE300F041D0 /* QQ20190127-0.png */ = {isa = PBXFileReference; lastKnownFileType = image.png; path = "QQ20190127-0.png"; sourceTree = "<group>"; };
		0457FA2122015E6600176341 /* BCLSportsDietaryRecordSportsTableViewCellView.h */ = {isa = PBXFileReference; lastKnownFileType = sourcecode.c.h; path = BCLSportsDietaryRecordSportsTableViewCellView.h; sourceTree = "<group>"; };
		0457FA2222015E6600176341 /* BCLSportsDietaryRecordSportsTableViewCellView.m */ = {isa = PBXFileReference; lastKnownFileType = sourcecode.c.objc; path = BCLSportsDietaryRecordSportsTableViewCellView.m; sourceTree = "<group>"; };
		046496D421F7F9BE0093AC4E /* BCLBaseViewController.h */ = {isa = PBXFileReference; lastKnownFileType = sourcecode.c.h; path = BCLBaseViewController.h; sourceTree = "<group>"; };
		046496D521F7F9BE0093AC4E /* BCLBaseViewController.m */ = {isa = PBXFileReference; lastKnownFileType = sourcecode.c.objc; path = BCLBaseViewController.m; sourceTree = "<group>"; };
		046496D721F8038B0093AC4E /* BCLLogViewController.h */ = {isa = PBXFileReference; lastKnownFileType = sourcecode.c.h; path = BCLLogViewController.h; sourceTree = "<group>"; };
		046496D821F8038B0093AC4E /* BCLLogViewController.m */ = {isa = PBXFileReference; lastKnownFileType = sourcecode.c.objc; path = BCLLogViewController.m; sourceTree = "<group>"; };
		046496DA21F803B50093AC4E /* BCLSportsDietaryViewController.h */ = {isa = PBXFileReference; lastKnownFileType = sourcecode.c.h; path = BCLSportsDietaryViewController.h; sourceTree = "<group>"; };
		046496DB21F803B50093AC4E /* BCLSportsDietaryViewController.m */ = {isa = PBXFileReference; lastKnownFileType = sourcecode.c.objc; path = BCLSportsDietaryViewController.m; sourceTree = "<group>"; };
		046496DD21F803D70093AC4E /* BCLCommunityViewController.h */ = {isa = PBXFileReference; lastKnownFileType = sourcecode.c.h; path = BCLCommunityViewController.h; sourceTree = "<group>"; };
		046496DE21F803D70093AC4E /* BCLCommunityViewController.m */ = {isa = PBXFileReference; lastKnownFileType = sourcecode.c.objc; path = BCLCommunityViewController.m; sourceTree = "<group>"; };
		046496E721F9A2580093AC4E /* BCLSportsDietaryRecordView.h */ = {isa = PBXFileReference; lastKnownFileType = sourcecode.c.h; path = BCLSportsDietaryRecordView.h; sourceTree = "<group>"; };
		046496E821F9A2580093AC4E /* BCLSportsDietaryRecordView.m */ = {isa = PBXFileReference; lastKnownFileType = sourcecode.c.objc; path = BCLSportsDietaryRecordView.m; sourceTree = "<group>"; };
		046496EA21F9A8610093AC4E /* bcl_ic_soprts_segmentedControl_bottomSelected.png */ = {isa = PBXFileReference; lastKnownFileType = image.png; path = bcl_ic_soprts_segmentedControl_bottomSelected.png; sourceTree = "<group>"; };
		046496EF21FB399F0093AC4E /* BCLSportsDietaryRecordSportsTableViewCell.h */ = {isa = PBXFileReference; lastKnownFileType = sourcecode.c.h; path = BCLSportsDietaryRecordSportsTableViewCell.h; sourceTree = "<group>"; };
		046496F021FB399F0093AC4E /* BCLSportsDietaryRecordSportsTableViewCell.m */ = {isa = PBXFileReference; lastKnownFileType = sourcecode.c.objc; path = BCLSportsDietaryRecordSportsTableViewCell.m; sourceTree = "<group>"; };
		046496F221FB46B50093AC4E /* BCLSportsDietaryRecordSportsHeadView.h */ = {isa = PBXFileReference; lastKnownFileType = sourcecode.c.h; path = BCLSportsDietaryRecordSportsHeadView.h; sourceTree = "<group>"; };
		046496F321FB46B50093AC4E /* BCLSportsDietaryRecordSportsHeadView.m */ = {isa = PBXFileReference; lastKnownFileType = sourcecode.c.objc; path = BCLSportsDietaryRecordSportsHeadView.m; sourceTree = "<group>"; };
		046496F521FB46DB0093AC4E /* BCLSportsDietaryRecordSportsBottomView.h */ = {isa = PBXFileReference; lastKnownFileType = sourcecode.c.h; path = BCLSportsDietaryRecordSportsBottomView.h; sourceTree = "<group>"; };
		046496F621FB46DB0093AC4E /* BCLSportsDietaryRecordSportsBottomView.m */ = {isa = PBXFileReference; lastKnownFileType = sourcecode.c.objc; path = BCLSportsDietaryRecordSportsBottomView.m; sourceTree = "<group>"; };
		3443BCC58C689AE448C1F455 /* Pods-Burning-calories-APP.release.xcconfig */ = {isa = PBXFileReference; includeInIndex = 1; lastKnownFileType = text.xcconfig; name = "Pods-Burning-calories-APP.release.xcconfig"; path = "Pods/Target Support Files/Pods-Burning-calories-APP/Pods-Burning-calories-APP.release.xcconfig"; sourceTree = "<group>"; };
		4A44AD2EE5AF1285FC01A860 /* libPods-Burning-calories-APP.a */ = {isa = PBXFileReference; explicitFileType = archive.ar; includeInIndex = 0; path = "libPods-Burning-calories-APP.a"; sourceTree = BUILT_PRODUCTS_DIR; };
		970A718122032A6A00A9C999 /* BCLWeekTimeRecordView.h */ = {isa = PBXFileReference; lastKnownFileType = sourcecode.c.h; path = BCLWeekTimeRecordView.h; sourceTree = "<group>"; };
		970A718222032A6A00A9C999 /* BCLWeekTimeRecordView.m */ = {isa = PBXFileReference; lastKnownFileType = sourcecode.c.objc; path = BCLWeekTimeRecordView.m; sourceTree = "<group>"; };
		9716EF1121F6F48B00583DBD /* Burning-calories-APP.app */ = {isa = PBXFileReference; explicitFileType = wrapper.application; includeInIndex = 0; path = "Burning-calories-APP.app"; sourceTree = BUILT_PRODUCTS_DIR; };
		9716EF1421F6F48C00583DBD /* AppDelegate.h */ = {isa = PBXFileReference; lastKnownFileType = sourcecode.c.h; path = AppDelegate.h; sourceTree = "<group>"; };
		9716EF1521F6F48C00583DBD /* AppDelegate.m */ = {isa = PBXFileReference; lastKnownFileType = sourcecode.c.objc; path = AppDelegate.m; sourceTree = "<group>"; };
		9716EF1B21F6F48C00583DBD /* Base */ = {isa = PBXFileReference; lastKnownFileType = file.storyboard; name = Base; path = Base.lproj/Main.storyboard; sourceTree = "<group>"; };
		9716EF1D21F6F48D00583DBD /* Assets.xcassets */ = {isa = PBXFileReference; lastKnownFileType = folder.assetcatalog; path = Assets.xcassets; sourceTree = "<group>"; };
		9716EF2021F6F48D00583DBD /* Base */ = {isa = PBXFileReference; lastKnownFileType = file.storyboard; name = Base; path = Base.lproj/LaunchScreen.storyboard; sourceTree = "<group>"; };
		9716EF2221F6F48D00583DBD /* Info.plist */ = {isa = PBXFileReference; lastKnownFileType = text.plist.xml; path = Info.plist; sourceTree = "<group>"; };
		9716EF2321F6F48D00583DBD /* main.m */ = {isa = PBXFileReference; lastKnownFileType = sourcecode.c.objc; path = main.m; sourceTree = "<group>"; };
		9716EF2921F6F48D00583DBD /* Burning-calories-APPTests.xctest */ = {isa = PBXFileReference; explicitFileType = wrapper.cfbundle; includeInIndex = 0; path = "Burning-calories-APPTests.xctest"; sourceTree = BUILT_PRODUCTS_DIR; };
		9716EF2D21F6F48D00583DBD /* Burning_calories_APPTests.m */ = {isa = PBXFileReference; lastKnownFileType = sourcecode.c.objc; path = Burning_calories_APPTests.m; sourceTree = "<group>"; };
		9716EF2F21F6F48D00583DBD /* Info.plist */ = {isa = PBXFileReference; lastKnownFileType = text.plist.xml; path = Info.plist; sourceTree = "<group>"; };
		9716EF3421F6F48D00583DBD /* Burning-calories-APPUITests.xctest */ = {isa = PBXFileReference; explicitFileType = wrapper.cfbundle; includeInIndex = 0; path = "Burning-calories-APPUITests.xctest"; sourceTree = BUILT_PRODUCTS_DIR; };
		9716EF3821F6F48D00583DBD /* Burning_calories_APPUITests.m */ = {isa = PBXFileReference; lastKnownFileType = sourcecode.c.objc; path = Burning_calories_APPUITests.m; sourceTree = "<group>"; };
		9716EF3A21F6F48D00583DBD /* Info.plist */ = {isa = PBXFileReference; lastKnownFileType = text.plist.xml; path = Info.plist; sourceTree = "<group>"; };
		9716EF5021F6FDAE00583DBD /* 开机.jpg */ = {isa = PBXFileReference; lastKnownFileType = image.jpeg; path = "开机.jpg"; sourceTree = "<group>"; };
		9716EF5121F6FDAE00583DBD /* 社区.png */ = {isa = PBXFileReference; lastKnownFileType = image.png; path = "社区.png"; sourceTree = "<group>"; };
		9716EF5221F6FDAE00583DBD /* 运动.png */ = {isa = PBXFileReference; lastKnownFileType = image.png; path = "运动.png"; sourceTree = "<group>"; };
		9716EF5321F6FDAE00583DBD /* 日志.png */ = {isa = PBXFileReference; lastKnownFileType = image.png; path = "日志.png"; sourceTree = "<group>"; };
		9716EF6821F743EB00583DBD /* BCLBaseTabBarController.h */ = {isa = PBXFileReference; lastKnownFileType = sourcecode.c.h; path = BCLBaseTabBarController.h; sourceTree = "<group>"; };
		9716EF6921F743EB00583DBD /* BCLBaseTabBarController.m */ = {isa = PBXFileReference; lastKnownFileType = sourcecode.c.objc; path = BCLBaseTabBarController.m; sourceTree = "<group>"; };
		9716EF6B21F74B0300583DBD /* BCLBaseTableViewCell.h */ = {isa = PBXFileReference; lastKnownFileType = sourcecode.c.h; path = BCLBaseTableViewCell.h; sourceTree = "<group>"; };
		9716EF6C21F74B0300583DBD /* BCLBaseTableViewCell.m */ = {isa = PBXFileReference; lastKnownFileType = sourcecode.c.objc; path = BCLBaseTableViewCell.m; sourceTree = "<group>"; };
		974E6FDC21FCA0CE005E85F2 /* bcl_log_month_arrow.png */ = {isa = PBXFileReference; lastKnownFileType = image.png; path = bcl_log_month_arrow.png; sourceTree = "<group>"; };
		97687AF221FB4DBA00E09F1F /* BCLLogMonthTableViewCell.h */ = {isa = PBXFileReference; lastKnownFileType = sourcecode.c.h; path = BCLLogMonthTableViewCell.h; sourceTree = "<group>"; };
		97687AF321FB4DBA00E09F1F /* BCLLogMonthTableViewCell.m */ = {isa = PBXFileReference; lastKnownFileType = sourcecode.c.objc; path = BCLLogMonthTableViewCell.m; sourceTree = "<group>"; };
		977601F921FDE244008B9F74 /* BCLLogHistogramView.h */ = {isa = PBXFileReference; lastKnownFileType = sourcecode.c.h; path = BCLLogHistogramView.h; sourceTree = "<group>"; };
		977601FA21FDE24D008B9F74 /* BCLLogHistogramView.m */ = {isa = PBXFileReference; fileEncoding = 4; lastKnownFileType = sourcecode.c.objc; path = BCLLogHistogramView.m; sourceTree = "<group>"; };
		977C88FB2204723A00313CBD /* BCLWeekTimeRecordCollectionViewCell.h */ = {isa = PBXFileReference; lastKnownFileType = sourcecode.c.h; path = BCLWeekTimeRecordCollectionViewCell.h; sourceTree = "<group>"; };
		977C88FC2204723A00313CBD /* BCLWeekTimeRecordCollectionViewCell.m */ = {isa = PBXFileReference; lastKnownFileType = sourcecode.c.objc; path = BCLWeekTimeRecordCollectionViewCell.m; sourceTree = "<group>"; };
		977C88FE22047ECA00313CBD /* BCLWeekTimeRecordViewController.h */ = {isa = PBXFileReference; lastKnownFileType = sourcecode.c.h; path = BCLWeekTimeRecordViewController.h; sourceTree = "<group>"; };
		977C88FF22047ECA00313CBD /* BCLWeekTimeRecordViewController.m */ = {isa = PBXFileReference; lastKnownFileType = sourcecode.c.objc; path = BCLWeekTimeRecordViewController.m; sourceTree = "<group>"; };
		977C89012204846300313CBD /* bcl_ic_log_week_share.png */ = {isa = PBXFileReference; lastKnownFileType = image.png; path = bcl_ic_log_week_share.png; sourceTree = "<group>"; };
		977C89022204846300313CBD /* bcl_ic_log_week_aixin.png */ = {isa = PBXFileReference; lastKnownFileType = image.png; path = bcl_ic_log_week_aixin.png; sourceTree = "<group>"; };
		977C89052204893100313CBD /* BCLOtherWeekDayRecordCollectionViewCell.h */ = {isa = PBXFileReference; lastKnownFileType = sourcecode.c.h; path = BCLOtherWeekDayRecordCollectionViewCell.h; sourceTree = "<group>"; };
		977C89062204893100313CBD /* BCLOtherWeekDayRecordCollectionViewCell.m */ = {isa = PBXFileReference; lastKnownFileType = sourcecode.c.objc; path = BCLOtherWeekDayRecordCollectionViewCell.m; sourceTree = "<group>"; };
		977C9D9721FF450800898615 /* BCLDayTimeRecordCollectionViewCell.h */ = {isa = PBXFileReference; lastKnownFileType = sourcecode.c.h; path = BCLDayTimeRecordCollectionViewCell.h; sourceTree = "<group>"; };
		977C9D9821FF450800898615 /* BCLDayTimeRecordCollectionViewCell.m */ = {isa = PBXFileReference; lastKnownFileType = sourcecode.c.objc; path = BCLDayTimeRecordCollectionViewCell.m; sourceTree = "<group>"; };
		977C9D9A21FF470E00898615 /* bcl_bg_log_everyday.png */ = {isa = PBXFileReference; lastKnownFileType = image.png; path = bcl_bg_log_everyday.png; sourceTree = "<group>"; };
		977C9D9C21FF478500898615 /* BCLDayTimeRecordView.h */ = {isa = PBXFileReference; lastKnownFileType = sourcecode.c.h; path = BCLDayTimeRecordView.h; sourceTree = "<group>"; };
		977C9D9D21FF478500898615 /* BCLDayTimeRecordView.m */ = {isa = PBXFileReference; lastKnownFileType = sourcecode.c.objc; path = BCLDayTimeRecordView.m; sourceTree = "<group>"; };
		977C9D9F21FF48AB00898615 /* BCLDayTimeRecordViewController.h */ = {isa = PBXFileReference; lastKnownFileType = sourcecode.c.h; path = BCLDayTimeRecordViewController.h; sourceTree = "<group>"; };
		977C9DA021FF48AB00898615 /* BCLDayTimeRecordViewController.m */ = {isa = PBXFileReference; lastKnownFileType = sourcecode.c.objc; path = BCLDayTimeRecordViewController.m; sourceTree = "<group>"; };
		9796BC0621F8582800294FE6 /* bcl_ic_log_tabBar.png */ = {isa = PBXFileReference; lastKnownFileType = image.png; path = bcl_ic_log_tabBar.png; sourceTree = "<group>"; };
		9796BC0921F8585700294FE6 /* bcl_ic_soprts_tabBar.png */ = {isa = PBXFileReference; lastKnownFileType = image.png; path = bcl_ic_soprts_tabBar.png; sourceTree = "<group>"; };
		9796BC0A21F8585700294FE6 /* bcl_ic_soprts_tabBar_selected.png */ = {isa = PBXFileReference; lastKnownFileType = image.png; path = bcl_ic_soprts_tabBar_selected.png; sourceTree = "<group>"; };
		9796BC0D21F8585E00294FE6 /* bcl_ic_community_tabBar_selected.png */ = {isa = PBXFileReference; lastKnownFileType = image.png; path = bcl_ic_community_tabBar_selected.png; sourceTree = "<group>"; };
		9796BC0F21F8586300294FE6 /* bcl_ic_community_tabBar.png */ = {isa = PBXFileReference; lastKnownFileType = image.png; path = bcl_ic_community_tabBar.png; sourceTree = "<group>"; };
		9796BC1721F8787800294FE6 /* bcl_ic_log_tabBar_selected.png */ = {isa = PBXFileReference; lastKnownFileType = image.png; path = bcl_ic_log_tabBar_selected.png; sourceTree = "<group>"; };
		9796BC1E21F87ABF00294FE6 /* BCLLogView.h */ = {isa = PBXFileReference; lastKnownFileType = sourcecode.c.h; name = BCLLogView.h; path = "Burning-calories-APP/Classes/Log/Views/BCLLogView.h"; sourceTree = SOURCE_ROOT; };
		9796BC1F21F87ABF00294FE6 /* BCLLogView.m */ = {isa = PBXFileReference; lastKnownFileType = sourcecode.c.objc; name = BCLLogView.m; path = "Burning-calories-APP/Classes/Log/Views/BCLLogView.m"; sourceTree = SOURCE_ROOT; };
		9796BC2221F87AFB00294FE6 /* BCLLogModel.h */ = {isa = PBXFileReference; lastKnownFileType = sourcecode.c.h; path = BCLLogModel.h; sourceTree = "<group>"; };
		9796BC2321F87AFB00294FE6 /* BCLLogModel.m */ = {isa = PBXFileReference; lastKnownFileType = sourcecode.c.objc; path = BCLLogModel.m; sourceTree = "<group>"; };
		9796BC2521F8A52100294FE6 /* BCLLogHeaderView.h */ = {isa = PBXFileReference; lastKnownFileType = sourcecode.c.h; name = BCLLogHeaderView.h; path = "Burning-calories-APP/Classes/Log/Model/BCLLogHeaderView.h"; sourceTree = SOURCE_ROOT; };
		9796BC2621F8A52100294FE6 /* BCLLogHeaderView.m */ = {isa = PBXFileReference; lastKnownFileType = sourcecode.c.objc; name = BCLLogHeaderView.m; path = "Burning-calories-APP/Classes/Log/Model/BCLLogHeaderView.m"; sourceTree = SOURCE_ROOT; };
		97B8F390220084AC00F66B85 /* bcl_bg_log_everyday2.png */ = {isa = PBXFileReference; lastKnownFileType = image.png; path = bcl_bg_log_everyday2.png; sourceTree = "<group>"; };
		97B8F39222008A6000F66B85 /* bcl_btn_log_everyday_cancel.png */ = {isa = PBXFileReference; lastKnownFileType = image.png; path = bcl_btn_log_everyday_cancel.png; sourceTree = "<group>"; };
		97B8F39422008DF100F66B85 /* bcl_bg_log_everyday_food2.png */ = {isa = PBXFileReference; lastKnownFileType = image.png; path = bcl_bg_log_everyday_food2.png; sourceTree = "<group>"; };
		97B8F39522008DF100F66B85 /* bcl_bg_log_everyday_food1.png */ = {isa = PBXFileReference; lastKnownFileType = image.png; path = bcl_bg_log_everyday_food1.png; sourceTree = "<group>"; };
		97BE2384220729B400284424 /* BCLMonthOfDayRecordCollectionViewCell.h */ = {isa = PBXFileReference; lastKnownFileType = sourcecode.c.h; path = BCLMonthOfDayRecordCollectionViewCell.h; sourceTree = "<group>"; };
		97BE2385220729B400284424 /* BCLMonthOfDayRecordCollectionViewCell.m */ = {isa = PBXFileReference; lastKnownFileType = sourcecode.c.objc; path = BCLMonthOfDayRecordCollectionViewCell.m; sourceTree = "<group>"; };
		97BE238722072CE800284424 /* BCLMonthAllCaloriesCollectionViewCell.h */ = {isa = PBXFileReference; lastKnownFileType = sourcecode.c.h; path = BCLMonthAllCaloriesCollectionViewCell.h; sourceTree = "<group>"; };
		97BE238822072CE800284424 /* BCLMonthAllCaloriesCollectionViewCell.m */ = {isa = PBXFileReference; lastKnownFileType = sourcecode.c.objc; path = BCLMonthAllCaloriesCollectionViewCell.m; sourceTree = "<group>"; };
		97BE238A22072E3500284424 /* BCLMonthTimeRecordView.h */ = {isa = PBXFileReference; lastKnownFileType = sourcecode.c.h; path = BCLMonthTimeRecordView.h; sourceTree = "<group>"; };
		97BE238B22072E3500284424 /* BCLMonthTimeRecordView.m */ = {isa = PBXFileReference; lastKnownFileType = sourcecode.c.objc; path = BCLMonthTimeRecordView.m; sourceTree = "<group>"; };
		97BE238D2207311000284424 /* BCLMonthTimeRecordViewController.h */ = {isa = PBXFileReference; lastKnownFileType = sourcecode.c.h; path = BCLMonthTimeRecordViewController.h; sourceTree = "<group>"; };
		97BE238E2207311000284424 /* BCLMonthTimeRecordViewController.m */ = {isa = PBXFileReference; lastKnownFileType = sourcecode.c.objc; path = BCLMonthTimeRecordViewController.m; sourceTree = "<group>"; };
		97F608D821F9F506004BC91E /* BCLLogDayWeekTableViewCell.h */ = {isa = PBXFileReference; lastKnownFileType = sourcecode.c.h; path = BCLLogDayWeekTableViewCell.h; sourceTree = "<group>"; };
		97F608D921F9F506004BC91E /* BCLLogDayWeekTableViewCell.m */ = {isa = PBXFileReference; lastKnownFileType = sourcecode.c.objc; path = BCLLogDayWeekTableViewCell.m; sourceTree = "<group>"; };
		A7D2E8A054CB5ACF8B87F104 /* Pods-Burning-calories-APP.debug.xcconfig */ = {isa = PBXFileReference; includeInIndex = 1; lastKnownFileType = text.xcconfig; name = "Pods-Burning-calories-APP.debug.xcconfig"; path = "Pods/Target Support Files/Pods-Burning-calories-APP/Pods-Burning-calories-APP.debug.xcconfig"; sourceTree = "<group>"; };
/* End PBXFileReference section */

/* Begin PBXFrameworksBuildPhase section */
		9716EF0E21F6F48B00583DBD /* Frameworks */ = {
			isa = PBXFrameworksBuildPhase;
			buildActionMask = 2147483647;
			files = (
				5A46CE68DB97B13E78568515 /* libPods-Burning-calories-APP.a in Frameworks */,
			);
			runOnlyForDeploymentPostprocessing = 0;
		};
		9716EF2621F6F48D00583DBD /* Frameworks */ = {
			isa = PBXFrameworksBuildPhase;
			buildActionMask = 2147483647;
			files = (
			);
			runOnlyForDeploymentPostprocessing = 0;
		};
		9716EF3121F6F48D00583DBD /* Frameworks */ = {
			isa = PBXFrameworksBuildPhase;
			buildActionMask = 2147483647;
			files = (
			);
			runOnlyForDeploymentPostprocessing = 0;
		};
/* End PBXFrameworksBuildPhase section */

/* Begin PBXGroup section */
		046496B521F736AF0093AC4E /* Base */ = {
			isa = PBXGroup;
			children = (
				9716EF6821F743EB00583DBD /* BCLBaseTabBarController.h */,
				9716EF6921F743EB00583DBD /* BCLBaseTabBarController.m */,
				9716EF6B21F74B0300583DBD /* BCLBaseTableViewCell.h */,
				9716EF6C21F74B0300583DBD /* BCLBaseTableViewCell.m */,
				046496D421F7F9BE0093AC4E /* BCLBaseViewController.h */,
				046496D521F7F9BE0093AC4E /* BCLBaseViewController.m */,
			);
			path = Base;
			sourceTree = "<group>";
		};
		046496E021F804820093AC4E /* Main */ = {
			isa = PBXGroup;
			children = (
				9716EF1421F6F48C00583DBD /* AppDelegate.h */,
				9716EF1521F6F48C00583DBD /* AppDelegate.m */,
			);
			path = Main;
			sourceTree = "<group>";
		};
		046496E121F8049E0093AC4E /* Classes */ = {
			isa = PBXGroup;
			children = (
				9716EF5A21F6FF2300583DBD /* Community */,
				9716EF5921F6FF0B00583DBD /* SportsDietary */,
				9716EF5821F6FED900583DBD /* Log */,
			);
			path = Classes;
			sourceTree = "<group>";
		};
		046496E221F807C40093AC4E /* Community */ = {
			isa = PBXGroup;
			children = (
				9796BC0F21F8586300294FE6 /* bcl_ic_community_tabBar.png */,
				9796BC0D21F8585E00294FE6 /* bcl_ic_community_tabBar_selected.png */,
				9716EF5121F6FDAE00583DBD /* 社区.png */,
			);
			path = Community;
			sourceTree = "<group>";
		};
		046496E321F807C80093AC4E /* SportsDietary */ = {
			isa = PBXGroup;
			children = (
				043C543C21FDDFE300F041D0 /* QQ20190127-0.png */,
				043C543A21FDD74700F041D0 /* bcl_ic_soprts_tableView_cellBackgroundImage.png */,
				043C543821FDB28B00F041D0 /* bcl_ic_soprts_tableView_bottomAddButton.png */,
				046496EA21F9A8610093AC4E /* bcl_ic_soprts_segmentedControl_bottomSelected.png */,
				9796BC0A21F8585700294FE6 /* bcl_ic_soprts_tabBar_selected.png */,
				9796BC0921F8585700294FE6 /* bcl_ic_soprts_tabBar.png */,
				9716EF5221F6FDAE00583DBD /* 运动.png */,
			);
			path = SportsDietary;
			sourceTree = "<group>";
		};
		046496E421F807CB0093AC4E /* Log */ = {
			isa = PBXGroup;
			children = (
				977C89022204846300313CBD /* bcl_ic_log_week_aixin.png */,
				977C89012204846300313CBD /* bcl_ic_log_week_share.png */,
				97B8F39522008DF100F66B85 /* bcl_bg_log_everyday_food1.png */,
				97B8F39422008DF100F66B85 /* bcl_bg_log_everyday_food2.png */,
				97B8F39222008A6000F66B85 /* bcl_btn_log_everyday_cancel.png */,
				97B8F390220084AC00F66B85 /* bcl_bg_log_everyday2.png */,
				977C9D9A21FF470E00898615 /* bcl_bg_log_everyday.png */,
				974E6FDC21FCA0CE005E85F2 /* bcl_log_month_arrow.png */,
				9796BC1721F8787800294FE6 /* bcl_ic_log_tabBar_selected.png */,
				9796BC0621F8582800294FE6 /* bcl_ic_log_tabBar.png */,
				9716EF5321F6FDAE00583DBD /* 日志.png */,
			);
			path = Log;
			sourceTree = "<group>";
		};
		046496E521F807D00093AC4E /* Welcome */ = {
			isa = PBXGroup;
			children = (
				9716EF5021F6FDAE00583DBD /* 开机.jpg */,
			);
			path = Welcome;
			sourceTree = "<group>";
		};
		046496E621F9A1440093AC4E /* View */ = {
			isa = PBXGroup;
			children = (
				046496E721F9A2580093AC4E /* BCLSportsDietaryRecordView.h */,
				046496E821F9A2580093AC4E /* BCLSportsDietaryRecordView.m */,
				046496EF21FB399F0093AC4E /* BCLSportsDietaryRecordSportsTableViewCell.h */,
				046496F021FB399F0093AC4E /* BCLSportsDietaryRecordSportsTableViewCell.m */,
				046496F221FB46B50093AC4E /* BCLSportsDietaryRecordSportsHeadView.h */,
				046496F321FB46B50093AC4E /* BCLSportsDietaryRecordSportsHeadView.m */,
				046496F521FB46DB0093AC4E /* BCLSportsDietaryRecordSportsBottomView.h */,
				046496F621FB46DB0093AC4E /* BCLSportsDietaryRecordSportsBottomView.m */,
				0457FA2122015E6600176341 /* BCLSportsDietaryRecordSportsTableViewCellView.h */,
				0457FA2222015E6600176341 /* BCLSportsDietaryRecordSportsTableViewCellView.m */,
			);
			path = View;
			sourceTree = "<group>";
		};
		853A7B615FC2989979A8E8B9 /* Pods */ = {
			isa = PBXGroup;
			children = (
				A7D2E8A054CB5ACF8B87F104 /* Pods-Burning-calories-APP.debug.xcconfig */,
				3443BCC58C689AE448C1F455 /* Pods-Burning-calories-APP.release.xcconfig */,
			);
			name = Pods;
			sourceTree = "<group>";
		};
		970A7180220329F400A9C999 /* WeekLogView */ = {
			isa = PBXGroup;
			children = (
				970A718122032A6A00A9C999 /* BCLWeekTimeRecordView.h */,
				970A718222032A6A00A9C999 /* BCLWeekTimeRecordView.m */,
				977C88FB2204723A00313CBD /* BCLWeekTimeRecordCollectionViewCell.h */,
				977C88FC2204723A00313CBD /* BCLWeekTimeRecordCollectionViewCell.m */,
				977C89052204893100313CBD /* BCLOtherWeekDayRecordCollectionViewCell.h */,
				977C89062204893100313CBD /* BCLOtherWeekDayRecordCollectionViewCell.m */,
			);
			path = WeekLogView;
			sourceTree = "<group>";
		};
		9716EF0821F6F48B00583DBD = {
			isa = PBXGroup;
			children = (
				9716EF2C21F6F48D00583DBD /* Burning-calories-APPTests */,
				9716EF1321F6F48B00583DBD /* Burning-calories-APP */,
				9716EF3721F6F48D00583DBD /* Burning-calories-APPUITests */,
				9716EF1221F6F48B00583DBD /* Products */,
				853A7B615FC2989979A8E8B9 /* Pods */,
				B02E9C8892945B6E9BF1C9BE /* Frameworks */,
			);
			sourceTree = "<group>";
		};
		9716EF1221F6F48B00583DBD /* Products */ = {
			isa = PBXGroup;
			children = (
				9716EF1121F6F48B00583DBD /* Burning-calories-APP.app */,
				9716EF2921F6F48D00583DBD /* Burning-calories-APPTests.xctest */,
				9716EF3421F6F48D00583DBD /* Burning-calories-APPUITests.xctest */,
			);
			name = Products;
			sourceTree = "<group>";
		};
		9716EF1321F6F48B00583DBD /* Burning-calories-APP */ = {
			isa = PBXGroup;
			children = (
				9716EF4F21F6FDAE00583DBD /* Resource */,
				046496B521F736AF0093AC4E /* Base */,
				046496E121F8049E0093AC4E /* Classes */,
				046496E021F804820093AC4E /* Main */,
				9716EF1A21F6F48C00583DBD /* Main.storyboard */,
				9716EF1D21F6F48D00583DBD /* Assets.xcassets */,
				9716EF1F21F6F48D00583DBD /* LaunchScreen.storyboard */,
				9716EF2221F6F48D00583DBD /* Info.plist */,
				9716EF2321F6F48D00583DBD /* main.m */,
			);
			path = "Burning-calories-APP";
			sourceTree = "<group>";
		};
		9716EF2C21F6F48D00583DBD /* Burning-calories-APPTests */ = {
			isa = PBXGroup;
			children = (
				9716EF2D21F6F48D00583DBD /* Burning_calories_APPTests.m */,
				9716EF2F21F6F48D00583DBD /* Info.plist */,
			);
			path = "Burning-calories-APPTests";
			sourceTree = "<group>";
		};
		9716EF3721F6F48D00583DBD /* Burning-calories-APPUITests */ = {
			isa = PBXGroup;
			children = (
				9716EF3821F6F48D00583DBD /* Burning_calories_APPUITests.m */,
				9716EF3A21F6F48D00583DBD /* Info.plist */,
			);
			path = "Burning-calories-APPUITests";
			sourceTree = "<group>";
		};
		9716EF4F21F6FDAE00583DBD /* Resource */ = {
			isa = PBXGroup;
			children = (
				046496E521F807D00093AC4E /* Welcome */,
				046496E421F807CB0093AC4E /* Log */,
				046496E321F807C80093AC4E /* SportsDietary */,
				046496E221F807C40093AC4E /* Community */,
			);
			path = Resource;
			sourceTree = "<group>";
		};
		9716EF5821F6FED900583DBD /* Log */ = {
			isa = PBXGroup;
			children = (
				9796BC2121F87AD000294FE6 /* Model */,
				9796BC1D21F87A8600294FE6 /* Views */,
				9716EF5D21F6FF5300583DBD /* Controllers */,
			);
			path = Log;
			sourceTree = "<group>";
		};
		9716EF5921F6FF0B00583DBD /* SportsDietary */ = {
			isa = PBXGroup;
			children = (
				046496E621F9A1440093AC4E /* View */,
				9716EF6021F6FF6B00583DBD /* Controller */,
			);
			path = SportsDietary;
			sourceTree = "<group>";
		};
		9716EF5A21F6FF2300583DBD /* Community */ = {
			isa = PBXGroup;
			children = (
				9716EF6321F6FF8400583DBD /* View */,
				9716EF6221F6FF7F00583DBD /* Model */,
				9716EF6121F6FF7500583DBD /* Controller */,
			);
			path = Community;
			sourceTree = "<group>";
		};
		9716EF5D21F6FF5300583DBD /* Controllers */ = {
			isa = PBXGroup;
			children = (
				046496D721F8038B0093AC4E /* BCLLogViewController.h */,
				046496D821F8038B0093AC4E /* BCLLogViewController.m */,
				977C9D9F21FF48AB00898615 /* BCLDayTimeRecordViewController.h */,
				977C9DA021FF48AB00898615 /* BCLDayTimeRecordViewController.m */,
				977C88FE22047ECA00313CBD /* BCLWeekTimeRecordViewController.h */,
				977C88FF22047ECA00313CBD /* BCLWeekTimeRecordViewController.m */,
				97BE238D2207311000284424 /* BCLMonthTimeRecordViewController.h */,
				97BE238E2207311000284424 /* BCLMonthTimeRecordViewController.m */,
			);
			path = Controllers;
			sourceTree = "<group>";
		};
		9716EF6021F6FF6B00583DBD /* Controller */ = {
			isa = PBXGroup;
			children = (
				046496DA21F803B50093AC4E /* BCLSportsDietaryViewController.h */,
				046496DB21F803B50093AC4E /* BCLSportsDietaryViewController.m */,
			);
			path = Controller;
			sourceTree = "<group>";
		};
		9716EF6121F6FF7500583DBD /* Controller */ = {
			isa = PBXGroup;
			children = (
				046496DD21F803D70093AC4E /* BCLCommunityViewController.h */,
				046496DE21F803D70093AC4E /* BCLCommunityViewController.m */,
			);
			path = Controller;
			sourceTree = "<group>";
		};
		9716EF6221F6FF7F00583DBD /* Model */ = {
			isa = PBXGroup;
			children = (
			);
			path = Model;
			sourceTree = "<group>";
		};
		9716EF6321F6FF8400583DBD /* View */ = {
			isa = PBXGroup;
			children = (
			);
			path = View;
			sourceTree = "<group>";
		};
		977C9D9621FF43E900898615 /* EveryDayLogView */ = {
			isa = PBXGroup;
			children = (
				977C9D9721FF450800898615 /* BCLDayTimeRecordCollectionViewCell.h */,
				977C9D9821FF450800898615 /* BCLDayTimeRecordCollectionViewCell.m */,
				977C9D9C21FF478500898615 /* BCLDayTimeRecordView.h */,
				977C9D9D21FF478500898615 /* BCLDayTimeRecordView.m */,
			);
			path = EveryDayLogView;
			sourceTree = "<group>";
		};
		9796BC1D21F87A8600294FE6 /* Views */ = {
			isa = PBXGroup;
			children = (
				97BE23832207280800284424 /* MonthLogView */,
				970A7180220329F400A9C999 /* WeekLogView */,
				977C9D9621FF43E900898615 /* EveryDayLogView */,
				977601F921FDE244008B9F74 /* BCLLogHistogramView.h */,
				977601FA21FDE24D008B9F74 /* BCLLogHistogramView.m */,
				9796BC1E21F87ABF00294FE6 /* BCLLogView.h */,
				9796BC1F21F87ABF00294FE6 /* BCLLogView.m */,
				9796BC2521F8A52100294FE6 /* BCLLogHeaderView.h */,
				9796BC2621F8A52100294FE6 /* BCLLogHeaderView.m */,
				97F608D821F9F506004BC91E /* BCLLogDayWeekTableViewCell.h */,
				97F608D921F9F506004BC91E /* BCLLogDayWeekTableViewCell.m */,
				97687AF221FB4DBA00E09F1F /* BCLLogMonthTableViewCell.h */,
				97687AF321FB4DBA00E09F1F /* BCLLogMonthTableViewCell.m */,
			);
			path = Views;
			sourceTree = "<group>";
		};
		9796BC2121F87AD000294FE6 /* Model */ = {
			isa = PBXGroup;
			children = (
				9796BC2221F87AFB00294FE6 /* BCLLogModel.h */,
				9796BC2321F87AFB00294FE6 /* BCLLogModel.m */,
			);
			path = Model;
			sourceTree = "<group>";
		};
		97BE23832207280800284424 /* MonthLogView */ = {
			isa = PBXGroup;
			children = (
				97BE2384220729B400284424 /* BCLMonthOfDayRecordCollectionViewCell.h */,
				97BE2385220729B400284424 /* BCLMonthOfDayRecordCollectionViewCell.m */,
				97BE238722072CE800284424 /* BCLMonthAllCaloriesCollectionViewCell.h */,
				97BE238822072CE800284424 /* BCLMonthAllCaloriesCollectionViewCell.m */,
				97BE238A22072E3500284424 /* BCLMonthTimeRecordView.h */,
				97BE238B22072E3500284424 /* BCLMonthTimeRecordView.m */,
			);
			path = MonthLogView;
			sourceTree = "<group>";
		};
		B02E9C8892945B6E9BF1C9BE /* Frameworks */ = {
			isa = PBXGroup;
			children = (
				4A44AD2EE5AF1285FC01A860 /* libPods-Burning-calories-APP.a */,
			);
			name = Frameworks;
			sourceTree = "<group>";
		};
/* End PBXGroup section */

/* Begin PBXNativeTarget section */
		9716EF1021F6F48B00583DBD /* Burning-calories-APP */ = {
			isa = PBXNativeTarget;
			buildConfigurationList = 9716EF3D21F6F48D00583DBD /* Build configuration list for PBXNativeTarget "Burning-calories-APP" */;
			buildPhases = (
				4F958E279E76004C150E80FA /* [CP] Check Pods Manifest.lock */,
				9716EF0D21F6F48B00583DBD /* Sources */,
				9716EF0E21F6F48B00583DBD /* Frameworks */,
				9716EF0F21F6F48B00583DBD /* Resources */,
			);
			buildRules = (
			);
			dependencies = (
			);
			name = "Burning-calories-APP";
			productName = "Burning-calories-APP";
			productReference = 9716EF1121F6F48B00583DBD /* Burning-calories-APP.app */;
			productType = "com.apple.product-type.application";
		};
		9716EF2821F6F48D00583DBD /* Burning-calories-APPTests */ = {
			isa = PBXNativeTarget;
			buildConfigurationList = 9716EF4021F6F48D00583DBD /* Build configuration list for PBXNativeTarget "Burning-calories-APPTests" */;
			buildPhases = (
				9716EF2521F6F48D00583DBD /* Sources */,
				9716EF2621F6F48D00583DBD /* Frameworks */,
				9716EF2721F6F48D00583DBD /* Resources */,
			);
			buildRules = (
			);
			dependencies = (
				9716EF2B21F6F48D00583DBD /* PBXTargetDependency */,
			);
			name = "Burning-calories-APPTests";
			productName = "Burning-calories-APPTests";
			productReference = 9716EF2921F6F48D00583DBD /* Burning-calories-APPTests.xctest */;
			productType = "com.apple.product-type.bundle.unit-test";
		};
		9716EF3321F6F48D00583DBD /* Burning-calories-APPUITests */ = {
			isa = PBXNativeTarget;
			buildConfigurationList = 9716EF4321F6F48D00583DBD /* Build configuration list for PBXNativeTarget "Burning-calories-APPUITests" */;
			buildPhases = (
				9716EF3021F6F48D00583DBD /* Sources */,
				9716EF3121F6F48D00583DBD /* Frameworks */,
				9716EF3221F6F48D00583DBD /* Resources */,
			);
			buildRules = (
			);
			dependencies = (
				9716EF3621F6F48D00583DBD /* PBXTargetDependency */,
			);
			name = "Burning-calories-APPUITests";
			productName = "Burning-calories-APPUITests";
			productReference = 9716EF3421F6F48D00583DBD /* Burning-calories-APPUITests.xctest */;
			productType = "com.apple.product-type.bundle.ui-testing";
		};
/* End PBXNativeTarget section */

/* Begin PBXProject section */
		9716EF0921F6F48B00583DBD /* Project object */ = {
			isa = PBXProject;
			attributes = {
				LastUpgradeCheck = 0940;
				ORGANIZATIONNAME = "J&Q";
				TargetAttributes = {
					9716EF1021F6F48B00583DBD = {
						CreatedOnToolsVersion = 9.4;
					};
					9716EF2821F6F48D00583DBD = {
						CreatedOnToolsVersion = 9.4;
						TestTargetID = 9716EF1021F6F48B00583DBD;
					};
					9716EF3321F6F48D00583DBD = {
						CreatedOnToolsVersion = 9.4;
						TestTargetID = 9716EF1021F6F48B00583DBD;
					};
				};
			};
			buildConfigurationList = 9716EF0C21F6F48B00583DBD /* Build configuration list for PBXProject "Burning-calories-APP" */;
			compatibilityVersion = "Xcode 9.3";
			developmentRegion = en;
			hasScannedForEncodings = 0;
			knownRegions = (
				en,
				Base,
			);
			mainGroup = 9716EF0821F6F48B00583DBD;
			productRefGroup = 9716EF1221F6F48B00583DBD /* Products */;
			projectDirPath = "";
			projectRoot = "";
			targets = (
				9716EF1021F6F48B00583DBD /* Burning-calories-APP */,
				9716EF2821F6F48D00583DBD /* Burning-calories-APPTests */,
				9716EF3321F6F48D00583DBD /* Burning-calories-APPUITests */,
			);
		};
/* End PBXProject section */

/* Begin PBXResourcesBuildPhase section */
		9716EF0F21F6F48B00583DBD /* Resources */ = {
			isa = PBXResourcesBuildPhase;
			buildActionMask = 2147483647;
			files = (
				9716EF5521F6FDAE00583DBD /* 社区.png in Resources */,
				9796BC0821F8582800294FE6 /* bcl_ic_log_tabBar.png in Resources */,
				043C543B21FDD74700F041D0 /* bcl_ic_soprts_tableView_cellBackgroundImage.png in Resources */,
				97B8F391220084AC00F66B85 /* bcl_bg_log_everyday2.png in Resources */,
				97B8F39322008A6000F66B85 /* bcl_btn_log_everyday_cancel.png in Resources */,
				9796BC1021F8586300294FE6 /* bcl_ic_community_tabBar.png in Resources */,
				043C543D21FDDFE300F041D0 /* QQ20190127-0.png in Resources */,
				9796BC0B21F8585700294FE6 /* bcl_ic_soprts_tabBar.png in Resources */,
				9716EF5621F6FDAE00583DBD /* 运动.png in Resources */,
				9716EF2121F6F48D00583DBD /* LaunchScreen.storyboard in Resources */,
				9716EF1E21F6F48D00583DBD /* Assets.xcassets in Resources */,
				974E6FDD21FCA0CE005E85F2 /* bcl_log_month_arrow.png in Resources */,
				9796BC0C21F8585700294FE6 /* bcl_ic_soprts_tabBar_selected.png in Resources */,
				9716EF5721F6FDAF00583DBD /* 日志.png in Resources */,
				977C89032204846400313CBD /* bcl_ic_log_week_share.png in Resources */,
				9796BC1821F8787900294FE6 /* bcl_ic_log_tabBar_selected.png in Resources */,
				9716EF1C21F6F48C00583DBD /* Main.storyboard in Resources */,
				977C9D9B21FF470E00898615 /* bcl_bg_log_everyday.png in Resources */,
				977C89042204846400313CBD /* bcl_ic_log_week_aixin.png in Resources */,
				97B8F39622008DF100F66B85 /* bcl_bg_log_everyday_food2.png in Resources */,
				9716EF5421F6FDAE00583DBD /* 开机.jpg in Resources */,
				9796BC0E21F8585E00294FE6 /* bcl_ic_community_tabBar_selected.png in Resources */,
				043C543921FDB28B00F041D0 /* bcl_ic_soprts_tableView_bottomAddButton.png in Resources */,
				046496EB21F9A8610093AC4E /* bcl_ic_soprts_segmentedControl_bottomSelected.png in Resources */,
				97B8F39722008DF100F66B85 /* bcl_bg_log_everyday_food1.png in Resources */,
			);
			runOnlyForDeploymentPostprocessing = 0;
		};
		9716EF2721F6F48D00583DBD /* Resources */ = {
			isa = PBXResourcesBuildPhase;
			buildActionMask = 2147483647;
			files = (
			);
			runOnlyForDeploymentPostprocessing = 0;
		};
		9716EF3221F6F48D00583DBD /* Resources */ = {
			isa = PBXResourcesBuildPhase;
			buildActionMask = 2147483647;
			files = (
			);
			runOnlyForDeploymentPostprocessing = 0;
		};
/* End PBXResourcesBuildPhase section */

/* Begin PBXShellScriptBuildPhase section */
		4F958E279E76004C150E80FA /* [CP] Check Pods Manifest.lock */ = {
			isa = PBXShellScriptBuildPhase;
			buildActionMask = 2147483647;
			files = (
			);
			inputPaths = (
				"${PODS_PODFILE_DIR_PATH}/Podfile.lock",
				"${PODS_ROOT}/Manifest.lock",
			);
			name = "[CP] Check Pods Manifest.lock";
			outputPaths = (
				"$(DERIVED_FILE_DIR)/Pods-Burning-calories-APP-checkManifestLockResult.txt",
			);
			runOnlyForDeploymentPostprocessing = 0;
			shellPath = /bin/sh;
			shellScript = "diff \"${PODS_PODFILE_DIR_PATH}/Podfile.lock\" \"${PODS_ROOT}/Manifest.lock\" > /dev/null\nif [ $? != 0 ] ; then\n    # print error to STDERR\n    echo \"error: The sandbox is not in sync with the Podfile.lock. Run 'pod install' or update your CocoaPods installation.\" >&2\n    exit 1\nfi\n# This output is used by Xcode 'outputs' to avoid re-running this script phase.\necho \"SUCCESS\" > \"${SCRIPT_OUTPUT_FILE_0}\"\n";
			showEnvVarsInLog = 0;
		};
/* End PBXShellScriptBuildPhase section */

/* Begin PBXSourcesBuildPhase section */
		9716EF0D21F6F48B00583DBD /* Sources */ = {
			isa = PBXSourcesBuildPhase;
			buildActionMask = 2147483647;
			files = (
				97BE2386220729B400284424 /* BCLMonthOfDayRecordCollectionViewCell.m in Sources */,
				977C88FD2204723A00313CBD /* BCLWeekTimeRecordCollectionViewCell.m in Sources */,
				9716EF6A21F743EB00583DBD /* BCLBaseTabBarController.m in Sources */,
				046496F121FB399F0093AC4E /* BCLSportsDietaryRecordSportsTableViewCell.m in Sources */,
				046496DC21F803B50093AC4E /* BCLSportsDietaryViewController.m in Sources */,
				9716EF2421F6F48D00583DBD /* main.m in Sources */,
				977C9DA121FF48AB00898615 /* BCLDayTimeRecordViewController.m in Sources */,
				97F608DA21F9F506004BC91E /* BCLLogDayWeekTableViewCell.m in Sources */,
				9796BC2721F8A52100294FE6 /* BCLLogHeaderView.m in Sources */,
				977601FB21FDE24D008B9F74 /* BCLLogHistogramView.m in Sources */,
				9716EF1621F6F48C00583DBD /* AppDelegate.m in Sources */,
				97BE238F2207311000284424 /* BCLMonthTimeRecordViewController.m in Sources */,
				9796BC2421F87AFB00294FE6 /* BCLLogModel.m in Sources */,
				9716EF6D21F74B0300583DBD /* BCLBaseTableViewCell.m in Sources */,
				046496DF21F803D70093AC4E /* BCLCommunityViewController.m in Sources */,
				0457FA2322015E6600176341 /* BCLSportsDietaryRecordSportsTableViewCellView.m in Sources */,
				046496F421FB46B50093AC4E /* BCLSportsDietaryRecordSportsHeadView.m in Sources */,
				046496F721FB46DB0093AC4E /* BCLSportsDietaryRecordSportsBottomView.m in Sources */,
				970A718322032A6A00A9C999 /* BCLWeekTimeRecordView.m in Sources */,
				977C9D9E21FF478500898615 /* BCLDayTimeRecordView.m in Sources */,
				977C89072204893100313CBD /* BCLOtherWeekDayRecordCollectionViewCell.m in Sources */,
				977C9D9921FF450800898615 /* BCLDayTimeRecordCollectionViewCell.m in Sources */,
				977C890022047ECA00313CBD /* BCLWeekTimeRecordViewController.m in Sources */,
				046496D921F8038B0093AC4E /* BCLLogViewController.m in Sources */,
				97BE238922072CE800284424 /* BCLMonthAllCaloriesCollectionViewCell.m in Sources */,
				9796BC2021F87ABF00294FE6 /* BCLLogView.m in Sources */,
				046496D621F7F9BE0093AC4E /* BCLBaseViewController.m in Sources */,
				046496E921F9A2580093AC4E /* BCLSportsDietaryRecordView.m in Sources */,
				97BE238C22072E3500284424 /* BCLMonthTimeRecordView.m in Sources */,
				97687AF421FB4DBA00E09F1F /* BCLLogMonthTableViewCell.m in Sources */,
			);
			runOnlyForDeploymentPostprocessing = 0;
		};
		9716EF2521F6F48D00583DBD /* Sources */ = {
			isa = PBXSourcesBuildPhase;
			buildActionMask = 2147483647;
			files = (
				9716EF2E21F6F48D00583DBD /* Burning_calories_APPTests.m in Sources */,
			);
			runOnlyForDeploymentPostprocessing = 0;
		};
		9716EF3021F6F48D00583DBD /* Sources */ = {
			isa = PBXSourcesBuildPhase;
			buildActionMask = 2147483647;
			files = (
				9716EF3921F6F48D00583DBD /* Burning_calories_APPUITests.m in Sources */,
			);
			runOnlyForDeploymentPostprocessing = 0;
		};
/* End PBXSourcesBuildPhase section */

/* Begin PBXTargetDependency section */
		9716EF2B21F6F48D00583DBD /* PBXTargetDependency */ = {
			isa = PBXTargetDependency;
			target = 9716EF1021F6F48B00583DBD /* Burning-calories-APP */;
			targetProxy = 9716EF2A21F6F48D00583DBD /* PBXContainerItemProxy */;
		};
		9716EF3621F6F48D00583DBD /* PBXTargetDependency */ = {
			isa = PBXTargetDependency;
			target = 9716EF1021F6F48B00583DBD /* Burning-calories-APP */;
			targetProxy = 9716EF3521F6F48D00583DBD /* PBXContainerItemProxy */;
		};
/* End PBXTargetDependency section */

/* Begin PBXVariantGroup section */
		9716EF1A21F6F48C00583DBD /* Main.storyboard */ = {
			isa = PBXVariantGroup;
			children = (
				9716EF1B21F6F48C00583DBD /* Base */,
			);
			name = Main.storyboard;
			sourceTree = "<group>";
		};
		9716EF1F21F6F48D00583DBD /* LaunchScreen.storyboard */ = {
			isa = PBXVariantGroup;
			children = (
				9716EF2021F6F48D00583DBD /* Base */,
			);
			name = LaunchScreen.storyboard;
			sourceTree = "<group>";
		};
/* End PBXVariantGroup section */

/* Begin XCBuildConfiguration section */
		9716EF3B21F6F48D00583DBD /* Debug */ = {
			isa = XCBuildConfiguration;
			buildSettings = {
				ALWAYS_SEARCH_USER_PATHS = NO;
				CLANG_ANALYZER_NONNULL = YES;
				CLANG_ANALYZER_NUMBER_OBJECT_CONVERSION = YES_AGGRESSIVE;
				CLANG_CXX_LANGUAGE_STANDARD = "gnu++14";
				CLANG_CXX_LIBRARY = "libc++";
				CLANG_ENABLE_MODULES = YES;
				CLANG_ENABLE_OBJC_ARC = YES;
				CLANG_ENABLE_OBJC_WEAK = YES;
				CLANG_WARN_BLOCK_CAPTURE_AUTORELEASING = YES;
				CLANG_WARN_BOOL_CONVERSION = YES;
				CLANG_WARN_COMMA = YES;
				CLANG_WARN_CONSTANT_CONVERSION = YES;
				CLANG_WARN_DEPRECATED_OBJC_IMPLEMENTATIONS = YES;
				CLANG_WARN_DIRECT_OBJC_ISA_USAGE = YES_ERROR;
				CLANG_WARN_DOCUMENTATION_COMMENTS = YES;
				CLANG_WARN_EMPTY_BODY = YES;
				CLANG_WARN_ENUM_CONVERSION = YES;
				CLANG_WARN_INFINITE_RECURSION = YES;
				CLANG_WARN_INT_CONVERSION = YES;
				CLANG_WARN_NON_LITERAL_NULL_CONVERSION = YES;
				CLANG_WARN_OBJC_IMPLICIT_RETAIN_SELF = YES;
				CLANG_WARN_OBJC_LITERAL_CONVERSION = YES;
				CLANG_WARN_OBJC_ROOT_CLASS = YES_ERROR;
				CLANG_WARN_RANGE_LOOP_ANALYSIS = YES;
				CLANG_WARN_STRICT_PROTOTYPES = YES;
				CLANG_WARN_SUSPICIOUS_MOVE = YES;
				CLANG_WARN_UNGUARDED_AVAILABILITY = YES_AGGRESSIVE;
				CLANG_WARN_UNREACHABLE_CODE = YES;
				CLANG_WARN__DUPLICATE_METHOD_MATCH = YES;
				CODE_SIGN_IDENTITY = "iPhone Developer";
				COPY_PHASE_STRIP = NO;
				DEBUG_INFORMATION_FORMAT = dwarf;
				ENABLE_STRICT_OBJC_MSGSEND = YES;
				ENABLE_TESTABILITY = YES;
				GCC_C_LANGUAGE_STANDARD = gnu11;
				GCC_DYNAMIC_NO_PIC = NO;
				GCC_NO_COMMON_BLOCKS = YES;
				GCC_OPTIMIZATION_LEVEL = 0;
				GCC_PREPROCESSOR_DEFINITIONS = (
					"DEBUG=1",
					"$(inherited)",
				);
				GCC_WARN_64_TO_32_BIT_CONVERSION = YES;
				GCC_WARN_ABOUT_RETURN_TYPE = YES_ERROR;
				GCC_WARN_UNDECLARED_SELECTOR = YES;
				GCC_WARN_UNINITIALIZED_AUTOS = YES_AGGRESSIVE;
				GCC_WARN_UNUSED_FUNCTION = YES;
				GCC_WARN_UNUSED_VARIABLE = YES;
				IPHONEOS_DEPLOYMENT_TARGET = 11.4;
				MTL_ENABLE_DEBUG_INFO = YES;
				ONLY_ACTIVE_ARCH = YES;
				SDKROOT = iphoneos;
			};
			name = Debug;
		};
		9716EF3C21F6F48D00583DBD /* Release */ = {
			isa = XCBuildConfiguration;
			buildSettings = {
				ALWAYS_SEARCH_USER_PATHS = NO;
				CLANG_ANALYZER_NONNULL = YES;
				CLANG_ANALYZER_NUMBER_OBJECT_CONVERSION = YES_AGGRESSIVE;
				CLANG_CXX_LANGUAGE_STANDARD = "gnu++14";
				CLANG_CXX_LIBRARY = "libc++";
				CLANG_ENABLE_MODULES = YES;
				CLANG_ENABLE_OBJC_ARC = YES;
				CLANG_ENABLE_OBJC_WEAK = YES;
				CLANG_WARN_BLOCK_CAPTURE_AUTORELEASING = YES;
				CLANG_WARN_BOOL_CONVERSION = YES;
				CLANG_WARN_COMMA = YES;
				CLANG_WARN_CONSTANT_CONVERSION = YES;
				CLANG_WARN_DEPRECATED_OBJC_IMPLEMENTATIONS = YES;
				CLANG_WARN_DIRECT_OBJC_ISA_USAGE = YES_ERROR;
				CLANG_WARN_DOCUMENTATION_COMMENTS = YES;
				CLANG_WARN_EMPTY_BODY = YES;
				CLANG_WARN_ENUM_CONVERSION = YES;
				CLANG_WARN_INFINITE_RECURSION = YES;
				CLANG_WARN_INT_CONVERSION = YES;
				CLANG_WARN_NON_LITERAL_NULL_CONVERSION = YES;
				CLANG_WARN_OBJC_IMPLICIT_RETAIN_SELF = YES;
				CLANG_WARN_OBJC_LITERAL_CONVERSION = YES;
				CLANG_WARN_OBJC_ROOT_CLASS = YES_ERROR;
				CLANG_WARN_RANGE_LOOP_ANALYSIS = YES;
				CLANG_WARN_STRICT_PROTOTYPES = YES;
				CLANG_WARN_SUSPICIOUS_MOVE = YES;
				CLANG_WARN_UNGUARDED_AVAILABILITY = YES_AGGRESSIVE;
				CLANG_WARN_UNREACHABLE_CODE = YES;
				CLANG_WARN__DUPLICATE_METHOD_MATCH = YES;
				CODE_SIGN_IDENTITY = "iPhone Developer";
				COPY_PHASE_STRIP = NO;
				DEBUG_INFORMATION_FORMAT = "dwarf-with-dsym";
				ENABLE_NS_ASSERTIONS = NO;
				ENABLE_STRICT_OBJC_MSGSEND = YES;
				GCC_C_LANGUAGE_STANDARD = gnu11;
				GCC_NO_COMMON_BLOCKS = YES;
				GCC_WARN_64_TO_32_BIT_CONVERSION = YES;
				GCC_WARN_ABOUT_RETURN_TYPE = YES_ERROR;
				GCC_WARN_UNDECLARED_SELECTOR = YES;
				GCC_WARN_UNINITIALIZED_AUTOS = YES_AGGRESSIVE;
				GCC_WARN_UNUSED_FUNCTION = YES;
				GCC_WARN_UNUSED_VARIABLE = YES;
				IPHONEOS_DEPLOYMENT_TARGET = 11.4;
				MTL_ENABLE_DEBUG_INFO = NO;
				SDKROOT = iphoneos;
				VALIDATE_PRODUCT = YES;
			};
			name = Release;
		};
		9716EF3E21F6F48D00583DBD /* Debug */ = {
			isa = XCBuildConfiguration;
			baseConfigurationReference = A7D2E8A054CB5ACF8B87F104 /* Pods-Burning-calories-APP.debug.xcconfig */;
			buildSettings = {
				ASSETCATALOG_COMPILER_APPICON_NAME = AppIcon;
				CODE_SIGN_STYLE = Automatic;
				INFOPLIST_FILE = "Burning-calories-APP/Info.plist";
				LD_RUNPATH_SEARCH_PATHS = (
					"$(inherited)",
					"@executable_path/Frameworks",
				);
				PRODUCT_BUNDLE_IDENTIFIER = "-.Burning-calories-APP";
				PRODUCT_NAME = "$(TARGET_NAME)";
				TARGETED_DEVICE_FAMILY = "1,2";
			};
			name = Debug;
		};
		9716EF3F21F6F48D00583DBD /* Release */ = {
			isa = XCBuildConfiguration;
			baseConfigurationReference = 3443BCC58C689AE448C1F455 /* Pods-Burning-calories-APP.release.xcconfig */;
			buildSettings = {
				ASSETCATALOG_COMPILER_APPICON_NAME = AppIcon;
				CODE_SIGN_STYLE = Automatic;
				INFOPLIST_FILE = "Burning-calories-APP/Info.plist";
				LD_RUNPATH_SEARCH_PATHS = (
					"$(inherited)",
					"@executable_path/Frameworks",
				);
				PRODUCT_BUNDLE_IDENTIFIER = "-.Burning-calories-APP";
				PRODUCT_NAME = "$(TARGET_NAME)";
				TARGETED_DEVICE_FAMILY = "1,2";
			};
			name = Release;
		};
		9716EF4121F6F48D00583DBD /* Debug */ = {
			isa = XCBuildConfiguration;
			buildSettings = {
				BUNDLE_LOADER = "$(TEST_HOST)";
				CODE_SIGN_STYLE = Automatic;
				INFOPLIST_FILE = "Burning-calories-APPTests/Info.plist";
				LD_RUNPATH_SEARCH_PATHS = (
					"$(inherited)",
					"@executable_path/Frameworks",
					"@loader_path/Frameworks",
				);
				PRODUCT_BUNDLE_IDENTIFIER = "-.Burning-calories-APPTests";
				PRODUCT_NAME = "$(TARGET_NAME)";
				TARGETED_DEVICE_FAMILY = "1,2";
				TEST_HOST = "$(BUILT_PRODUCTS_DIR)/Burning-calories-APP.app/Burning-calories-APP";
			};
			name = Debug;
		};
		9716EF4221F6F48D00583DBD /* Release */ = {
			isa = XCBuildConfiguration;
			buildSettings = {
				BUNDLE_LOADER = "$(TEST_HOST)";
				CODE_SIGN_STYLE = Automatic;
				INFOPLIST_FILE = "Burning-calories-APPTests/Info.plist";
				LD_RUNPATH_SEARCH_PATHS = (
					"$(inherited)",
					"@executable_path/Frameworks",
					"@loader_path/Frameworks",
				);
				PRODUCT_BUNDLE_IDENTIFIER = "-.Burning-calories-APPTests";
				PRODUCT_NAME = "$(TARGET_NAME)";
				TARGETED_DEVICE_FAMILY = "1,2";
				TEST_HOST = "$(BUILT_PRODUCTS_DIR)/Burning-calories-APP.app/Burning-calories-APP";
			};
			name = Release;
		};
		9716EF4421F6F48D00583DBD /* Debug */ = {
			isa = XCBuildConfiguration;
			buildSettings = {
				CODE_SIGN_STYLE = Automatic;
				INFOPLIST_FILE = "Burning-calories-APPUITests/Info.plist";
				LD_RUNPATH_SEARCH_PATHS = (
					"$(inherited)",
					"@executable_path/Frameworks",
					"@loader_path/Frameworks",
				);
				PRODUCT_BUNDLE_IDENTIFIER = "-.Burning-calories-APPUITests";
				PRODUCT_NAME = "$(TARGET_NAME)";
				TARGETED_DEVICE_FAMILY = "1,2";
				TEST_TARGET_NAME = "Burning-calories-APP";
			};
			name = Debug;
		};
		9716EF4521F6F48D00583DBD /* Release */ = {
			isa = XCBuildConfiguration;
			buildSettings = {
				CODE_SIGN_STYLE = Automatic;
				INFOPLIST_FILE = "Burning-calories-APPUITests/Info.plist";
				LD_RUNPATH_SEARCH_PATHS = (
					"$(inherited)",
					"@executable_path/Frameworks",
					"@loader_path/Frameworks",
				);
				PRODUCT_BUNDLE_IDENTIFIER = "-.Burning-calories-APPUITests";
				PRODUCT_NAME = "$(TARGET_NAME)";
				TARGETED_DEVICE_FAMILY = "1,2";
				TEST_TARGET_NAME = "Burning-calories-APP";
			};
			name = Release;
		};
/* End XCBuildConfiguration section */

/* Begin XCConfigurationList section */
		9716EF0C21F6F48B00583DBD /* Build configuration list for PBXProject "Burning-calories-APP" */ = {
			isa = XCConfigurationList;
			buildConfigurations = (
				9716EF3B21F6F48D00583DBD /* Debug */,
				9716EF3C21F6F48D00583DBD /* Release */,
			);
			defaultConfigurationIsVisible = 0;
			defaultConfigurationName = Release;
		};
		9716EF3D21F6F48D00583DBD /* Build configuration list for PBXNativeTarget "Burning-calories-APP" */ = {
			isa = XCConfigurationList;
			buildConfigurations = (
				9716EF3E21F6F48D00583DBD /* Debug */,
				9716EF3F21F6F48D00583DBD /* Release */,
			);
			defaultConfigurationIsVisible = 0;
			defaultConfigurationName = Release;
		};
		9716EF4021F6F48D00583DBD /* Build configuration list for PBXNativeTarget "Burning-calories-APPTests" */ = {
			isa = XCConfigurationList;
			buildConfigurations = (
				9716EF4121F6F48D00583DBD /* Debug */,
				9716EF4221F6F48D00583DBD /* Release */,
			);
			defaultConfigurationIsVisible = 0;
			defaultConfigurationName = Release;
		};
		9716EF4321F6F48D00583DBD /* Build configuration list for PBXNativeTarget "Burning-calories-APPUITests" */ = {
			isa = XCConfigurationList;
			buildConfigurations = (
				9716EF4421F6F48D00583DBD /* Debug */,
				9716EF4521F6F48D00583DBD /* Release */,
			);
			defaultConfigurationIsVisible = 0;
			defaultConfigurationName = Release;
		};
/* End XCConfigurationList section */
	};
	rootObject = 9716EF0921F6F48B00583DBD /* Project object */;
}
